{
  "nodes": {
    "nixpkgs": {
      "locked": {
        "lastModified": 1722185531,
        "narHash": "sha256-veKR07psFoJjINLC8RK4DiLniGGMgF3QMlS4tb74S6k=",
        "rev": "52ec9ac3b12395ad677e8b62106f0b98c1f8569d",
        "revCount": 659698,
        "type": "tarball",
        "url": "https://api.flakehub.com/f/pinned/NixOS/nixpkgs/0.1.659698%2Brev-52ec9ac3b12395ad677e8b62106f0b98c1f8569d/019103cd-3f33-7a4b-afd9-9fc4fe99f751/source.tar.gz"
      },
      "original": {
        "type": "tarball",
        "url": "https://flakehub.com/f/NixOS/nixpkgs/0.1.%2A.tar.gz"
      }
    },
    "root": {
      "inputs": {
        "nixpkgs": "nixpkgs"
      }
    }
  },
  "root": "root",
  "version": 7
}
