lockfileVersion: '6.0'

settings:
  autoInstallPeers: true
  excludeLinksFromLockfile: false

dependencies:
  '@actions/core':
    specifier: ^1.10.0
    version: 1.10.0
  '@aws-sdk/client-s3':
    specifier: ^3.353.0
    version: 3.353.0
  '@aws-sdk/s3-request-presigner':
    specifier: ^3.353.0
    version: 3.353.0
  md5:
    specifier: ^2.3.0
    version: 2.3.0
  mime:
    specifier: ^3.0.0
    version: 3.0.0

devDependencies:
  '@types/dedent':
    specifier: ^0.7.0
    version: 0.7.0
  '@types/md5':
    specifier: ^2.3.2
    version: 2.3.2
  '@types/mime':
    specifier: ^3.0.1
    version: 3.0.1
  '@types/node':
    specifier: ^20.3.2
    version: 20.3.2
  typescript:
    specifier: ^5.1.5
    version: 5.1.5

packages:

  /@actions/core@1.10.0:
    resolution: {integrity: sha512-2aZDDa3zrrZbP5ZYg159sNoLRb61nQ7awl5pSvIq5Qpj81vwDzdMRKzkWJGJuwVvWpvZKx7vspJALyvaaIQyug==}
    dependencies:
      '@actions/http-client': 2.1.0
      uuid: 8.3.2
    dev: false

  /@actions/http-client@2.1.0:
    resolution: {integrity: sha512-BonhODnXr3amchh4qkmjPMUO8mFi/zLaaCeCAJZqch8iQqyDnVIkySjB38VHAC8IJ+bnlgfOqlhpyCUZHlQsqw==}
    dependencies:
      tunnel: 0.0.6
    dev: false

  /@aws-crypto/crc32@3.0.0:
    resolution: {integrity: sha512-IzSgsrxUcsrejQbPVilIKy16kAT52EwB6zSaI+M3xxIhKh5+aldEyvI+z6erM7TCLB2BJsFrtHjp6/4/sr+3dA==}
    dependencies:
      '@aws-crypto/util': 3.0.0
      '@aws-sdk/types': 3.347.0
      tslib: 1.14.1
    dev: false

  /@aws-crypto/crc32c@3.0.0:
    resolution: {integrity: sha512-ENNPPManmnVJ4BTXlOjAgD7URidbAznURqD0KvfREyc4o20DPYdEldU1f5cQ7Jbj0CJJSPaMIk/9ZshdB3210w==}
    dependencies:
      '@aws-crypto/util': 3.0.0
      '@aws-sdk/types': 3.347.0
      tslib: 1.14.1
    dev: false

  /@aws-crypto/ie11-detection@3.0.0:
    resolution: {integrity: sha512-341lBBkiY1DfDNKai/wXM3aujNBkXR7tq1URPQDL9wi3AUbI80NR74uF1TXHMm7po1AcnFk8iu2S2IeU/+/A+Q==}
    dependencies:
      tslib: 1.14.1
    dev: false

  /@aws-crypto/sha1-browser@3.0.0:
    resolution: {integrity: sha512-NJth5c997GLHs6nOYTzFKTbYdMNA6/1XlKVgnZoaZcQ7z7UJlOgj2JdbHE8tiYLS3fzXNCguct77SPGat2raSw==}
    dependencies:
      '@aws-crypto/ie11-detection': 3.0.0
      '@aws-crypto/supports-web-crypto': 3.0.0
      '@aws-crypto/util': 3.0.0
      '@aws-sdk/types': 3.347.0
      '@aws-sdk/util-locate-window': 3.310.0
      '@aws-sdk/util-utf8-browser': 3.259.0
      tslib: 1.14.1
    dev: false

  /@aws-crypto/sha256-browser@3.0.0:
    resolution: {integrity: sha512-8VLmW2B+gjFbU5uMeqtQM6Nj0/F1bro80xQXCW6CQBWgosFWXTx77aeOF5CAIAmbOK64SdMBJdNr6J41yP5mvQ==}
    dependencies:
      '@aws-crypto/ie11-detection': 3.0.0
      '@aws-crypto/sha256-js': 3.0.0
      '@aws-crypto/supports-web-crypto': 3.0.0
      '@aws-crypto/util': 3.0.0
      '@aws-sdk/types': 3.347.0
      '@aws-sdk/util-locate-window': 3.310.0
      '@aws-sdk/util-utf8-browser': 3.259.0
      tslib: 1.14.1
    dev: false

  /@aws-crypto/sha256-js@3.0.0:
    resolution: {integrity: sha512-PnNN7os0+yd1XvXAy23CFOmTbMaDxgxXtTKHybrJ39Y8kGzBATgBFibWJKH6BhytLI/Zyszs87xCOBNyBig6vQ==}
    dependencies:
      '@aws-crypto/util': 3.0.0
      '@aws-sdk/types': 3.347.0
      tslib: 1.14.1
    dev: false

  /@aws-crypto/supports-web-crypto@3.0.0:
    resolution: {integrity: sha512-06hBdMwUAb2WFTuGG73LSC0wfPu93xWwo5vL2et9eymgmu3Id5vFAHBbajVWiGhPO37qcsdCap/FqXvJGJWPIg==}
    dependencies:
      tslib: 1.14.1
    dev: false

  /@aws-crypto/util@3.0.0:
    resolution: {integrity: sha512-2OJlpeJpCR48CC8r+uKVChzs9Iungj9wkZrl8Z041DWEWvyIHILYKCPNzJghKsivj+S3mLo6BVc7mBNzdxA46w==}
    dependencies:
      '@aws-sdk/types': 3.347.0
      '@aws-sdk/util-utf8-browser': 3.259.0
      tslib: 1.14.1
    dev: false

  /@aws-sdk/abort-controller@3.347.0:
    resolution: {integrity: sha512-P/2qE6ntYEmYG4Ez535nJWZbXqgbkJx8CMz7ChEuEg3Gp3dvVYEKg+iEUEvlqQ2U5dWP5J3ehw5po9t86IsVPQ==}
    engines: {node: '>=14.0.0'}
    dependencies:
      '@aws-sdk/types': 3.347.0
      tslib: 2.5.3
    dev: false

  /@aws-sdk/chunked-blob-reader@3.310.0:
    resolution: {integrity: sha512-CrJS3exo4mWaLnWxfCH+w88Ou0IcAZSIkk4QbmxiHl/5Dq705OLoxf4385MVyExpqpeVJYOYQ2WaD8i/pQZ2fg==}
    dependencies:
      tslib: 2.5.3
    dev: false

  /@aws-sdk/client-s3@3.353.0:
    resolution: {integrity: sha512-6ea9hL4Ma+3MVvGNHl8Xfuwojzuvn4P5/CmLqbncdrkC0j/qk+0kYEO/PXaT/V2tOeCUr7fSZg7h8Qq0K/QhIw==}
    engines: {node: '>=14.0.0'}
    dependencies:
      '@aws-crypto/sha1-browser': 3.0.0
      '@aws-crypto/sha256-browser': 3.0.0
      '@aws-crypto/sha256-js': 3.0.0
      '@aws-sdk/client-sts': 3.353.0
      '@aws-sdk/config-resolver': 3.353.0
      '@aws-sdk/credential-provider-node': 3.353.0
      '@aws-sdk/eventstream-serde-browser': 3.347.0
      '@aws-sdk/eventstream-serde-config-resolver': 3.347.0
      '@aws-sdk/eventstream-serde-node': 3.347.0
      '@aws-sdk/fetch-http-handler': 3.353.0
      '@aws-sdk/hash-blob-browser': 3.353.0
      '@aws-sdk/hash-node': 3.347.0
      '@aws-sdk/hash-stream-node': 3.347.0
      '@aws-sdk/invalid-dependency': 3.347.0
      '@aws-sdk/md5-js': 3.347.0
      '@aws-sdk/middleware-bucket-endpoint': 3.353.0
      '@aws-sdk/middleware-content-length': 3.347.0
      '@aws-sdk/middleware-endpoint': 3.347.0
      '@aws-sdk/middleware-expect-continue': 3.347.0
      '@aws-sdk/middleware-flexible-checksums': 3.347.0
      '@aws-sdk/middleware-host-header': 3.347.0
      '@aws-sdk/middleware-location-constraint': 3.347.0
      '@aws-sdk/middleware-logger': 3.347.0
      '@aws-sdk/middleware-recursion-detection': 3.347.0
      '@aws-sdk/middleware-retry': 3.353.0
      '@aws-sdk/middleware-sdk-s3': 3.347.0
      '@aws-sdk/middleware-serde': 3.347.0
      '@aws-sdk/middleware-signing': 3.353.0
      '@aws-sdk/middleware-ssec': 3.347.0
      '@aws-sdk/middleware-stack': 3.347.0
      '@aws-sdk/middleware-user-agent': 3.352.0
      '@aws-sdk/node-config-provider': 3.353.0
      '@aws-sdk/node-http-handler': 3.350.0
      '@aws-sdk/signature-v4-multi-region': 3.347.0
      '@aws-sdk/smithy-client': 3.347.0
      '@aws-sdk/types': 3.347.0
      '@aws-sdk/url-parser': 3.347.0
      '@aws-sdk/util-base64': 3.310.0
      '@aws-sdk/util-body-length-browser': 3.310.0
      '@aws-sdk/util-body-length-node': 3.310.0
      '@aws-sdk/util-defaults-mode-browser': 3.353.0
      '@aws-sdk/util-defaults-mode-node': 3.353.0
      '@aws-sdk/util-endpoints': 3.352.0
      '@aws-sdk/util-retry': 3.347.0
      '@aws-sdk/util-stream-browser': 3.353.0
      '@aws-sdk/util-stream-node': 3.350.0
      '@aws-sdk/util-user-agent-browser': 3.347.0
      '@aws-sdk/util-user-agent-node': 3.353.0
      '@aws-sdk/util-utf8': 3.310.0
      '@aws-sdk/util-waiter': 3.347.0
      '@aws-sdk/xml-builder': 3.310.0
      '@smithy/protocol-http': 1.0.1
      '@smithy/types': 1.0.0
      fast-xml-parser: 4.2.4
      tslib: 2.5.3
    transitivePeerDependencies:
      - '@aws-sdk/signature-v4-crt'
      - aws-crt
    dev: false

  /@aws-sdk/client-sso-oidc@3.353.0:
    resolution: {integrity: sha512-V9g3oIjj3yEadHosyN+rmxtNXSMqqaHguBD1MuWwsW3AQRlkmInPzg052cKzl6Xm7FrpnZaKnadQPWSl/ZVa7w==}
    engines: {node: '>=14.0.0'}
    dependencies:
      '@aws-crypto/sha256-browser': 3.0.0
      '@aws-crypto/sha256-js': 3.0.0
      '@aws-sdk/config-resolver': 3.353.0
      '@aws-sdk/fetch-http-handler': 3.353.0
      '@aws-sdk/hash-node': 3.347.0
      '@aws-sdk/invalid-dependency': 3.347.0
      '@aws-sdk/middleware-content-length': 3.347.0
      '@aws-sdk/middleware-endpoint': 3.347.0
      '@aws-sdk/middleware-host-header': 3.347.0
      '@aws-sdk/middleware-logger': 3.347.0
      '@aws-sdk/middleware-recursion-detection': 3.347.0
      '@aws-sdk/middleware-retry': 3.353.0
      '@aws-sdk/middleware-serde': 3.347.0
      '@aws-sdk/middleware-stack': 3.347.0
      '@aws-sdk/middleware-user-agent': 3.352.0
      '@aws-sdk/node-config-provider': 3.353.0
      '@aws-sdk/node-http-handler': 3.350.0
      '@aws-sdk/smithy-client': 3.347.0
      '@aws-sdk/types': 3.347.0
      '@aws-sdk/url-parser': 3.347.0
      '@aws-sdk/util-base64': 3.310.0
      '@aws-sdk/util-body-length-browser': 3.310.0
      '@aws-sdk/util-body-length-node': 3.310.0
      '@aws-sdk/util-defaults-mode-browser': 3.353.0
      '@aws-sdk/util-defaults-mode-node': 3.353.0
      '@aws-sdk/util-endpoints': 3.352.0
      '@aws-sdk/util-retry': 3.347.0
      '@aws-sdk/util-user-agent-browser': 3.347.0
      '@aws-sdk/util-user-agent-node': 3.353.0
      '@aws-sdk/util-utf8': 3.310.0
      '@smithy/protocol-http': 1.0.1
      '@smithy/types': 1.0.0
      tslib: 2.5.3
    transitivePeerDependencies:
      - aws-crt
    dev: false

  /@aws-sdk/client-sso@3.353.0:
    resolution: {integrity: sha512-/dP5jLvZYskk6eVxI/5uaC1AVEbE7B2yuQ+9O3Z9plPIlZXyZxzXHf06s4gwsS4hAc7TDs3DaB+AnfMVLOPHbQ==}
    engines: {node: '>=14.0.0'}
    dependencies:
      '@aws-crypto/sha256-browser': 3.0.0
      '@aws-crypto/sha256-js': 3.0.0
      '@aws-sdk/config-resolver': 3.353.0
      '@aws-sdk/fetch-http-handler': 3.353.0
      '@aws-sdk/hash-node': 3.347.0
      '@aws-sdk/invalid-dependency': 3.347.0
      '@aws-sdk/middleware-content-length': 3.347.0
      '@aws-sdk/middleware-endpoint': 3.347.0
      '@aws-sdk/middleware-host-header': 3.347.0
      '@aws-sdk/middleware-logger': 3.347.0
      '@aws-sdk/middleware-recursion-detection': 3.347.0
      '@aws-sdk/middleware-retry': 3.353.0
      '@aws-sdk/middleware-serde': 3.347.0
      '@aws-sdk/middleware-stack': 3.347.0
      '@aws-sdk/middleware-user-agent': 3.352.0
      '@aws-sdk/node-config-provider': 3.353.0
      '@aws-sdk/node-http-handler': 3.350.0
      '@aws-sdk/smithy-client': 3.347.0
      '@aws-sdk/types': 3.347.0
      '@aws-sdk/url-parser': 3.347.0
      '@aws-sdk/util-base64': 3.310.0
      '@aws-sdk/util-body-length-browser': 3.310.0
      '@aws-sdk/util-body-length-node': 3.310.0
      '@aws-sdk/util-defaults-mode-browser': 3.353.0
      '@aws-sdk/util-defaults-mode-node': 3.353.0
      '@aws-sdk/util-endpoints': 3.352.0
      '@aws-sdk/util-retry': 3.347.0
      '@aws-sdk/util-user-agent-browser': 3.347.0
      '@aws-sdk/util-user-agent-node': 3.353.0
      '@aws-sdk/util-utf8': 3.310.0
      '@smithy/protocol-http': 1.0.1
      '@smithy/types': 1.0.0
      tslib: 2.5.3
    transitivePeerDependencies:
      - aws-crt
    dev: false

  /@aws-sdk/client-sts@3.353.0:
    resolution: {integrity: sha512-jOnh242TtxG6st60AxLSav0MTgYlJn4c8ZDxk4Wk4+n5bypnXRrqgVXob99lyVnCRfP3OsDl1eilcVp94EXzVw==}
    engines: {node: '>=14.0.0'}
    dependencies:
      '@aws-crypto/sha256-browser': 3.0.0
      '@aws-crypto/sha256-js': 3.0.0
      '@aws-sdk/config-resolver': 3.353.0
      '@aws-sdk/credential-provider-node': 3.353.0
      '@aws-sdk/fetch-http-handler': 3.353.0
      '@aws-sdk/hash-node': 3.347.0
      '@aws-sdk/invalid-dependency': 3.347.0
      '@aws-sdk/middleware-content-length': 3.347.0
      '@aws-sdk/middleware-endpoint': 3.347.0
      '@aws-sdk/middleware-host-header': 3.347.0
      '@aws-sdk/middleware-logger': 3.347.0
      '@aws-sdk/middleware-recursion-detection': 3.347.0
      '@aws-sdk/middleware-retry': 3.353.0
      '@aws-sdk/middleware-sdk-sts': 3.353.0
      '@aws-sdk/middleware-serde': 3.347.0
      '@aws-sdk/middleware-signing': 3.353.0
      '@aws-sdk/middleware-stack': 3.347.0
      '@aws-sdk/middleware-user-agent': 3.352.0
      '@aws-sdk/node-config-provider': 3.353.0
      '@aws-sdk/node-http-handler': 3.350.0
      '@aws-sdk/smithy-client': 3.347.0
      '@aws-sdk/types': 3.347.0
      '@aws-sdk/url-parser': 3.347.0
      '@aws-sdk/util-base64': 3.310.0
      '@aws-sdk/util-body-length-browser': 3.310.0
      '@aws-sdk/util-body-length-node': 3.310.0
      '@aws-sdk/util-defaults-mode-browser': 3.353.0
      '@aws-sdk/util-defaults-mode-node': 3.353.0
      '@aws-sdk/util-endpoints': 3.352.0
      '@aws-sdk/util-retry': 3.347.0
      '@aws-sdk/util-user-agent-browser': 3.347.0
      '@aws-sdk/util-user-agent-node': 3.353.0
      '@aws-sdk/util-utf8': 3.310.0
      '@smithy/protocol-http': 1.0.1
      '@smithy/types': 1.0.0
      fast-xml-parser: 4.2.4
      tslib: 2.5.3
    transitivePeerDependencies:
      - aws-crt
    dev: false

  /@aws-sdk/config-resolver@3.353.0:
    resolution: {integrity: sha512-rJJ1ebb8E4vfdGWym6jql1vodV+NUEATI1QqlwxQ0AZ8MGPIsT3uR52VyX7gp+yIrLZBJZdGYVNwrWSJgZ3B3w==}
    engines: {node: '>=14.0.0'}
    dependencies:
      '@aws-sdk/types': 3.347.0
      '@aws-sdk/util-config-provider': 3.310.0
      '@aws-sdk/util-middleware': 3.347.0
      tslib: 2.5.3
    dev: false

  /@aws-sdk/credential-provider-env@3.353.0:
    resolution: {integrity: sha512-Y4VsNS8O1FAD5J7S5itOhnOghQ5LIXlZ44t35nF8cbcF+JPvY3ToKzYpjYN1jM7DXKqU4shtqgYpzSqxlvEgKQ==}
    engines: {node: '>=14.0.0'}
    dependencies:
      '@aws-sdk/property-provider': 3.353.0
      '@aws-sdk/types': 3.347.0
      tslib: 2.5.3
    dev: false

  /@aws-sdk/credential-provider-imds@3.353.0:
    resolution: {integrity: sha512-n70yvXBN7E6NX7vA/wLTqyVayu/QKYsPvVn8Y+0A/j5oXXlVY+hQvjjEaNo0Zq1U8Z0L/kj3mutDpe57nTLKSg==}
    engines: {node: '>=14.0.0'}
    dependencies:
      '@aws-sdk/node-config-provider': 3.353.0
      '@aws-sdk/property-provider': 3.353.0
      '@aws-sdk/types': 3.347.0
      '@aws-sdk/url-parser': 3.347.0
      tslib: 2.5.3
    dev: false

  /@aws-sdk/credential-provider-ini@3.353.0:
    resolution: {integrity: sha512-qiA9dUAWmH3DLkVDNnR1VW7GTfGa5EazXSeIqXPM3qyf9Dqr4RPRyle8/BJXnAQXR01VEA+ZOmvp1fjs7uKiqw==}
    engines: {node: '>=14.0.0'}
    dependencies:
      '@aws-sdk/credential-provider-env': 3.353.0
      '@aws-sdk/credential-provider-imds': 3.353.0
      '@aws-sdk/credential-provider-process': 3.353.0
      '@aws-sdk/credential-provider-sso': 3.353.0
      '@aws-sdk/credential-provider-web-identity': 3.353.0
      '@aws-sdk/property-provider': 3.353.0
      '@aws-sdk/shared-ini-file-loader': 3.347.0
      '@aws-sdk/types': 3.347.0
      tslib: 2.5.3
    transitivePeerDependencies:
      - aws-crt
    dev: false

  /@aws-sdk/credential-provider-node@3.353.0:
    resolution: {integrity: sha512-OIyZ7OG1OQJ1aQGAu78hggSkK4jiWO1/Sm6wj5wvwylbST8NnR+dHjikZGFB3hoYt1uEe2O2LeGW67bI54VIEQ==}
    engines: {node: '>=14.0.0'}
    dependencies:
      '@aws-sdk/credential-provider-env': 3.353.0
      '@aws-sdk/credential-provider-imds': 3.353.0
      '@aws-sdk/credential-provider-ini': 3.353.0
      '@aws-sdk/credential-provider-process': 3.353.0
      '@aws-sdk/credential-provider-sso': 3.353.0
      '@aws-sdk/credential-provider-web-identity': 3.353.0
      '@aws-sdk/property-provider': 3.353.0
      '@aws-sdk/shared-ini-file-loader': 3.347.0
      '@aws-sdk/types': 3.347.0
      tslib: 2.5.3
    transitivePeerDependencies:
      - aws-crt
    dev: false

  /@aws-sdk/credential-provider-process@3.353.0:
    resolution: {integrity: sha512-IBkuxj3pCdmnTzIcRXhq+5sp1hsWACQLi9fHLK+mDEgaiaO+u2r3Th5tV3rJUfNhZY4qa62QNGsHwsVstVxGvw==}
    engines: {node: '>=14.0.0'}
    dependencies:
      '@aws-sdk/property-provider': 3.353.0
      '@aws-sdk/shared-ini-file-loader': 3.347.0
      '@aws-sdk/types': 3.347.0
      tslib: 2.5.3
    dev: false

  /@aws-sdk/credential-provider-sso@3.353.0:
    resolution: {integrity: sha512-S16tpQ7Zra2O3PNCV4a89wn8wVEgv8oRwjF7p87AM902fXEuag4VHIhaI/TgANQT737JDA/ZCFL2XSilCbHxYQ==}
    engines: {node: '>=14.0.0'}
    dependencies:
      '@aws-sdk/client-sso': 3.353.0
      '@aws-sdk/property-provider': 3.353.0
      '@aws-sdk/shared-ini-file-loader': 3.347.0
      '@aws-sdk/token-providers': 3.353.0
      '@aws-sdk/types': 3.347.0
      tslib: 2.5.3
    transitivePeerDependencies:
      - aws-crt
    dev: false

  /@aws-sdk/credential-provider-web-identity@3.353.0:
    resolution: {integrity: sha512-l3TdZB6tEDhLIl0oLIIy1njlxogpyIXSMW9fpuHBt7LDUwfBdCwVPE6+JpGXra6tJAfRQSv5l0lYx5osSLq98g==}
    engines: {node: '>=14.0.0'}
    dependencies:
      '@aws-sdk/property-provider': 3.353.0
      '@aws-sdk/types': 3.347.0
      tslib: 2.5.3
    dev: false

  /@aws-sdk/eventstream-codec@3.347.0:
    resolution: {integrity: sha512-61q+SyspjsaQ4sdgjizMyRgVph2CiW4aAtfpoH69EJFJfTxTR/OqnZ9Jx/3YiYi0ksrvDenJddYodfWWJqD8/w==}
    dependencies:
      '@aws-crypto/crc32': 3.0.0
      '@aws-sdk/types': 3.347.0
      '@aws-sdk/util-hex-encoding': 3.310.0
      tslib: 2.5.3
    dev: false

  /@aws-sdk/eventstream-serde-browser@3.347.0:
    resolution: {integrity: sha512-9BLVTHWgpiTo/hl+k7qt7E9iYu43zVwJN+4TEwA9ZZB3p12068t1Hay6HgCcgJC3+LWMtw/OhvypV6vQAG4UBg==}
    engines: {node: '>=14.0.0'}
    dependencies:
      '@aws-sdk/eventstream-serde-universal': 3.347.0
      '@aws-sdk/types': 3.347.0
      tslib: 2.5.3
    dev: false

  /@aws-sdk/eventstream-serde-config-resolver@3.347.0:
    resolution: {integrity: sha512-RcXQbNVq0PFmDqfn6+MnjCUWbbobcYVxpimaF6pMDav04o6Mcle+G2Hrefp5NlFr/lZbHW2eUKYsp1sXPaxVlQ==}
    engines: {node: '>=14.0.0'}
    dependencies:
      '@aws-sdk/types': 3.347.0
      tslib: 2.5.3
    dev: false

  /@aws-sdk/eventstream-serde-node@3.347.0:
    resolution: {integrity: sha512-pgQCWH0PkHjcHs04JE7FoGAD3Ww45ffV8Op0MSLUhg9OpGa6EDoO3EOpWi9l/TALtH4f0KRV35PVyUyHJ/wEkA==}
    engines: {node: '>=14.0.0'}
    dependencies:
      '@aws-sdk/eventstream-serde-universal': 3.347.0
      '@aws-sdk/types': 3.347.0
      tslib: 2.5.3
    dev: false

  /@aws-sdk/eventstream-serde-universal@3.347.0:
    resolution: {integrity: sha512-4wWj6bz6lOyDIO/dCCjwaLwRz648xzQQnf89R29sLoEqvAPP5XOB7HL+uFaQ/f5tPNh49gL6huNFSVwDm62n4Q==}
    engines: {node: '>=14.0.0'}
    dependencies:
      '@aws-sdk/eventstream-codec': 3.347.0
      '@aws-sdk/types': 3.347.0
      tslib: 2.5.3
    dev: false

  /@aws-sdk/fetch-http-handler@3.353.0:
    resolution: {integrity: sha512-8ic2+4E6jzfDevd++QS1rOR05QFkAhEFbi5Ja3/Zzp7TkWIS8wv5wwMATjNkbbdsXYuB5Lhl/OsjfZmIv5aqRw==}
    dependencies:
      '@aws-sdk/protocol-http': 3.347.0
      '@aws-sdk/querystring-builder': 3.347.0
      '@aws-sdk/types': 3.347.0
      '@aws-sdk/util-base64': 3.310.0
      tslib: 2.5.3
    dev: false

  /@aws-sdk/hash-blob-browser@3.353.0:
    resolution: {integrity: sha512-YO/38oTbTY5URjmYLU5YDh1VmHndWT7h3a0T5vM9K7AAoqdVbGXP1Di9zpEmteH4rurZNEqLGuLw9/p9dTre6Q==}
    dependencies:
      '@aws-sdk/chunked-blob-reader': 3.310.0
      '@aws-sdk/types': 3.347.0
      tslib: 2.5.3
    dev: false

  /@aws-sdk/hash-node@3.347.0:
    resolution: {integrity: sha512-96+ml/4EaUaVpzBdOLGOxdoXOjkPgkoJp/0i1fxOJEvl8wdAQSwc3IugVK9wZkCxy2DlENtgOe6DfIOhfffm/g==}
    engines: {node: '>=14.0.0'}
    dependencies:
      '@aws-sdk/types': 3.347.0
      '@aws-sdk/util-buffer-from': 3.310.0
      '@aws-sdk/util-utf8': 3.310.0
      tslib: 2.5.3
    dev: false

  /@aws-sdk/hash-stream-node@3.347.0:
    resolution: {integrity: sha512-tOBfcvELyt1GVuAlQ4d0mvm3QxoSSmvhH15SWIubM9RP4JWytBVzaFAn/aC02DBAWyvp0acMZ5J+47mxrWJElg==}
    engines: {node: '>=14.0.0'}
    dependencies:
      '@aws-sdk/types': 3.347.0
      '@aws-sdk/util-utf8': 3.310.0
      tslib: 2.5.3
    dev: false

  /@aws-sdk/invalid-dependency@3.347.0:
    resolution: {integrity: sha512-8imQcwLwqZ/wTJXZqzXT9pGLIksTRckhGLZaXT60tiBOPKuerTsus2L59UstLs5LP8TKaVZKFFSsjRIn9dQdmQ==}
    dependencies:
      '@aws-sdk/types': 3.347.0
      tslib: 2.5.3
    dev: false

  /@aws-sdk/is-array-buffer@3.310.0:
    resolution: {integrity: sha512-urnbcCR+h9NWUnmOtet/s4ghvzsidFmspfhYaHAmSRdy9yDjdjBJMFjjsn85A1ODUktztm+cVncXjQ38WCMjMQ==}
    engines: {node: '>=14.0.0'}
    dependencies:
      tslib: 2.5.3
    dev: false

  /@aws-sdk/md5-js@3.347.0:
    resolution: {integrity: sha512-mChE+7DByTY9H4cQ6fnWp2x5jf8e6OZN+AdLp6WQ+W99z35zBeqBxVmgm8ziJwkMIrkSTv9j3Y7T9Ve3RIcSfg==}
    dependencies:
      '@aws-sdk/types': 3.347.0
      '@aws-sdk/util-utf8': 3.310.0
      tslib: 2.5.3
    dev: false

  /@aws-sdk/middleware-bucket-endpoint@3.353.0:
    resolution: {integrity: sha512-IBw5tmYBG4H/Q0KUnQ8ljtavE01UX1LDR9SjMOm0RbhTIeRUrw+bRTTnRWp2T1IXk29rgAhbGEA1w2pk5k/E8Q==}
    engines: {node: '>=14.0.0'}
    dependencies:
      '@aws-sdk/protocol-http': 3.347.0
      '@aws-sdk/types': 3.347.0
      '@aws-sdk/util-arn-parser': 3.310.0
      '@aws-sdk/util-config-provider': 3.310.0
      tslib: 2.5.3
    dev: false

  /@aws-sdk/middleware-content-length@3.347.0:
    resolution: {integrity: sha512-i4qtWTDImMaDUtwKQPbaZpXsReiwiBomM1cWymCU4bhz81HL01oIxOxOBuiM+3NlDoCSPr3KI6txZSz/8cqXCQ==}
    engines: {node: '>=14.0.0'}
    dependencies:
      '@aws-sdk/protocol-http': 3.347.0
      '@aws-sdk/types': 3.347.0
      tslib: 2.5.3
    dev: false

  /@aws-sdk/middleware-endpoint@3.347.0:
    resolution: {integrity: sha512-unF0c6dMaUL1ffU+37Ugty43DgMnzPWXr/Jup/8GbK5fzzWT5NQq6dj9KHPubMbWeEjQbmczvhv25JuJdK8gNQ==}
    engines: {node: '>=14.0.0'}
    dependencies:
      '@aws-sdk/middleware-serde': 3.347.0
      '@aws-sdk/types': 3.347.0
      '@aws-sdk/url-parser': 3.347.0
      '@aws-sdk/util-middleware': 3.347.0
      tslib: 2.5.3
    dev: false

  /@aws-sdk/middleware-expect-continue@3.347.0:
    resolution: {integrity: sha512-95M1unD1ENL0tx35dfyenSfx0QuXBSKtOi/qJja6LfX5771C5fm5ZTOrsrzPFJvRg/wj8pCOVWRZk+d5+jvfOQ==}
    engines: {node: '>=14.0.0'}
    dependencies:
      '@aws-sdk/protocol-http': 3.347.0
      '@aws-sdk/types': 3.347.0
      tslib: 2.5.3
    dev: false

  /@aws-sdk/middleware-flexible-checksums@3.347.0:
    resolution: {integrity: sha512-Pda7VMAIyeHw9nMp29rxdFft3EF4KP/tz/vLB6bqVoBNbLujo5rxn3SGOgStgIz7fuMLQQfoWIsmvxUm+Fp+Dw==}
    engines: {node: '>=14.0.0'}
    dependencies:
      '@aws-crypto/crc32': 3.0.0
      '@aws-crypto/crc32c': 3.0.0
      '@aws-sdk/is-array-buffer': 3.310.0
      '@aws-sdk/protocol-http': 3.347.0
      '@aws-sdk/types': 3.347.0
      '@aws-sdk/util-utf8': 3.310.0
      tslib: 2.5.3
    dev: false

  /@aws-sdk/middleware-host-header@3.347.0:
    resolution: {integrity: sha512-kpKmR9OvMlnReqp5sKcJkozbj1wmlblbVSbnQAIkzeQj2xD5dnVR3Nn2ogQKxSmU1Fv7dEroBtrruJ1o3fY38A==}
    engines: {node: '>=14.0.0'}
    dependencies:
      '@aws-sdk/protocol-http': 3.347.0
      '@aws-sdk/types': 3.347.0
      tslib: 2.5.3
    dev: false

  /@aws-sdk/middleware-location-constraint@3.347.0:
    resolution: {integrity: sha512-x5fcEV7q8fQ0OmUO+cLhN5iPqGoLWtC3+aKHIfRRb2BpOO1khyc1FKzsIAdeQz2hfktq4j+WsrmcPvFKv51pSg==}
    engines: {node: '>=14.0.0'}
    dependencies:
      '@aws-sdk/types': 3.347.0
      tslib: 2.5.3
    dev: false

  /@aws-sdk/middleware-logger@3.347.0:
    resolution: {integrity: sha512-NYC+Id5UCkVn+3P1t/YtmHt75uED06vwaKyxDy0UmB2K66PZLVtwWbLpVWrhbroaw1bvUHYcRyQ9NIfnVcXQjA==}
    engines: {node: '>=14.0.0'}
    dependencies:
      '@aws-sdk/types': 3.347.0
      tslib: 2.5.3
    dev: false

  /@aws-sdk/middleware-recursion-detection@3.347.0:
    resolution: {integrity: sha512-qfnSvkFKCAMjMHR31NdsT0gv5Sq/ZHTUD4yQsSLpbVQ6iYAS834lrzXt41iyEHt57Y514uG7F/Xfvude3u4icQ==}
    engines: {node: '>=14.0.0'}
    dependencies:
      '@aws-sdk/protocol-http': 3.347.0
      '@aws-sdk/types': 3.347.0
      tslib: 2.5.3
    dev: false

  /@aws-sdk/middleware-retry@3.353.0:
    resolution: {integrity: sha512-v81NEzDGGvnpvFUy388razpicn7STwBA5gItlr3Ukz8ZWWudfQarTBr0nfVyODXb+76du2LwzEQOd6YtfoOZ+w==}
    engines: {node: '>=14.0.0'}
    dependencies:
      '@aws-sdk/protocol-http': 3.347.0
      '@aws-sdk/service-error-classification': 3.347.0
      '@aws-sdk/types': 3.347.0
      '@aws-sdk/util-middleware': 3.347.0
      '@aws-sdk/util-retry': 3.347.0
      tslib: 2.5.3
      uuid: 8.3.2
    dev: false

  /@aws-sdk/middleware-sdk-s3@3.347.0:
    resolution: {integrity: sha512-TLr92+HMvamrhJJ0VDhA/PiUh4rTNQz38B9dB9ikohTaRgm+duP+mRiIv16tNPZPGl8v82Thn7Ogk2qPByNDtg==}
    engines: {node: '>=14.0.0'}
    dependencies:
      '@aws-sdk/protocol-http': 3.347.0
      '@aws-sdk/types': 3.347.0
      '@aws-sdk/util-arn-parser': 3.310.0
      tslib: 2.5.3
    dev: false

  /@aws-sdk/middleware-sdk-sts@3.353.0:
    resolution: {integrity: sha512-GDpjznRBjvCvBfyLEhWb/FSmsnFR+nhBQC0N7d8pqWRqI084sy2ZRyQ6hNDWnImi6AvOabTBSfDm6cB5RexDow==}
    engines: {node: '>=14.0.0'}
    dependencies:
      '@aws-sdk/middleware-signing': 3.353.0
      '@aws-sdk/types': 3.347.0
      tslib: 2.5.3
    dev: false

  /@aws-sdk/middleware-serde@3.347.0:
    resolution: {integrity: sha512-x5Foi7jRbVJXDu9bHfyCbhYDH5pKK+31MmsSJ3k8rY8keXLBxm2XEEg/AIoV9/TUF9EeVvZ7F1/RmMpJnWQsEg==}
    engines: {node: '>=14.0.0'}
    dependencies:
      '@aws-sdk/types': 3.347.0
      tslib: 2.5.3
    dev: false

  /@aws-sdk/middleware-signing@3.353.0:
    resolution: {integrity: sha512-9WHgnIDavv7FRiDL1M7EVzGiTqqLjcCUW3ZX3oLJJvG4MuWpcStl9KmpnHs8RLabvGj6DSkeZRhh6ZC1r1M1gQ==}
    engines: {node: '>=14.0.0'}
    dependencies:
      '@aws-sdk/property-provider': 3.353.0
      '@aws-sdk/protocol-http': 3.347.0
      '@aws-sdk/signature-v4': 3.347.0
      '@aws-sdk/types': 3.347.0
      '@aws-sdk/util-middleware': 3.347.0
      tslib: 2.5.3
    dev: false

  /@aws-sdk/middleware-ssec@3.347.0:
    resolution: {integrity: sha512-467VEi2elPmUGcHAgTmzhguZ3lwTpwK+3s+pk312uZtVsS9rP1MAknYhpS3ZvssiqBUVPx8m29cLcC6Tx5nOJg==}
    engines: {node: '>=14.0.0'}
    dependencies:
      '@aws-sdk/types': 3.347.0
      tslib: 2.5.3
    dev: false

  /@aws-sdk/middleware-stack@3.347.0:
    resolution: {integrity: sha512-Izidg4rqtYMcKuvn2UzgEpPLSmyd8ub9+LQ2oIzG3mpIzCBITq7wp40jN1iNkMg+X6KEnX9vdMJIYZsPYMCYuQ==}
    engines: {node: '>=14.0.0'}
    dependencies:
      tslib: 2.5.3
    dev: false

  /@aws-sdk/middleware-user-agent@3.352.0:
    resolution: {integrity: sha512-QGqblMTsVDqeomy22KPm9LUW8PHZXBA2Hjk9Hcw8U1uFS8IKYJrewInG3ae2+9FAcTyug4LFWDf8CRr9YH2B3Q==}
    engines: {node: '>=14.0.0'}
    dependencies:
      '@aws-sdk/protocol-http': 3.347.0
      '@aws-sdk/types': 3.347.0
      '@aws-sdk/util-endpoints': 3.352.0
      tslib: 2.5.3
    dev: false

  /@aws-sdk/node-config-provider@3.353.0:
    resolution: {integrity: sha512-4j0dFHAIa0NwQOPZ/PgkyfCWRaaLhilGbL/cOHkndtUdV54WtG+9+21pKNtakfxncF0irtZvVOv/CW/5x909ZQ==}
    engines: {node: '>=14.0.0'}
    dependencies:
      '@aws-sdk/property-provider': 3.353.0
      '@aws-sdk/shared-ini-file-loader': 3.347.0
      '@aws-sdk/types': 3.347.0
      tslib: 2.5.3
    dev: false

  /@aws-sdk/node-http-handler@3.350.0:
    resolution: {integrity: sha512-oD96GAlmpzYilCdC8wwyURM5lNfNHZCjm/kxBkQulHKa2kRbIrnD9GfDqdCkWA5cTpjh1NzGLT4D6e6UFDjt9w==}
    engines: {node: '>=14.0.0'}
    dependencies:
      '@aws-sdk/abort-controller': 3.347.0
      '@aws-sdk/protocol-http': 3.347.0
      '@aws-sdk/querystring-builder': 3.347.0
      '@aws-sdk/types': 3.347.0
      tslib: 2.5.3
    dev: false

  /@aws-sdk/property-provider@3.353.0:
    resolution: {integrity: sha512-Iu6J59hncaew7eBKroTcLjZ8cgrom0IWyZZ09rsow3rZDHVtw7LQSrUyuqsSbKGY9eRtL7Wa6ZtYHnXFiAE2kg==}
    engines: {node: '>=14.0.0'}
    dependencies:
      '@aws-sdk/types': 3.347.0
      tslib: 2.5.3
    dev: false

  /@aws-sdk/protocol-http@3.347.0:
    resolution: {integrity: sha512-2YdBhc02Wvy03YjhGwUxF0UQgrPWEy8Iq75pfS42N+/0B/+eWX1aQgfjFxIpLg7YSjT5eKtYOQGlYd4MFTgj9g==}
    engines: {node: '>=14.0.0'}
    dependencies:
      '@aws-sdk/types': 3.347.0
      tslib: 2.5.3
    dev: false

  /@aws-sdk/querystring-builder@3.347.0:
    resolution: {integrity: sha512-phtKTe6FXoV02MoPkIVV6owXI8Mwr5IBN3bPoxhcPvJG2AjEmnetSIrhb8kwc4oNhlwfZwH6Jo5ARW/VEWbZtg==}
    engines: {node: '>=14.0.0'}
    dependencies:
      '@aws-sdk/types': 3.347.0
      '@aws-sdk/util-uri-escape': 3.310.0
      tslib: 2.5.3
    dev: false

  /@aws-sdk/querystring-parser@3.347.0:
    resolution: {integrity: sha512-5VXOhfZz78T2W7SuXf2avfjKglx1VZgZgp9Zfhrt/Rq+MTu2D+PZc5zmJHhYigD7x83jLSLogpuInQpFMA9LgA==}
    engines: {node: '>=14.0.0'}
    dependencies:
      '@aws-sdk/types': 3.347.0
      tslib: 2.5.3
    dev: false

  /@aws-sdk/s3-request-presigner@3.353.0:
    resolution: {integrity: sha512-c0Z0e94yIr4aQubvPEFvu/QnY7X/9wUGmjkqm5CFRHWPDcpoIoqndECsVHf/t+U4Um9R6vGdsq7UQCnHk8ByQQ==}
    engines: {node: '>=14.0.0'}
    dependencies:
      '@aws-sdk/middleware-endpoint': 3.347.0
      '@aws-sdk/protocol-http': 3.347.0
      '@aws-sdk/signature-v4-multi-region': 3.347.0
      '@aws-sdk/smithy-client': 3.347.0
      '@aws-sdk/types': 3.347.0
      '@aws-sdk/util-format-url': 3.347.0
      tslib: 2.5.3
    transitivePeerDependencies:
      - '@aws-sdk/signature-v4-crt'
    dev: false

  /@aws-sdk/service-error-classification@3.347.0:
    resolution: {integrity: sha512-xZ3MqSY81Oy2gh5g0fCtooAbahqh9VhsF8vcKjVX8+XPbGC8y+kej82+MsMg4gYL8gRFB9u4hgYbNgIS6JTAvg==}
    engines: {node: '>=14.0.0'}
    dev: false

  /@aws-sdk/shared-ini-file-loader@3.347.0:
    resolution: {integrity: sha512-Xw+zAZQVLb+xMNHChXQ29tzzLqm3AEHsD8JJnlkeFjeMnWQtXdUfOARl5s8NzAppcKQNlVe2gPzjaKjoy2jz1Q==}
    engines: {node: '>=14.0.0'}
    dependencies:
      '@aws-sdk/types': 3.347.0
      tslib: 2.5.3
    dev: false

  /@aws-sdk/signature-v4-multi-region@3.347.0:
    resolution: {integrity: sha512-838h7pbRCVYWlTl8W+r5+Z5ld7uoBObgAn7/RB1MQ4JjlkfLdN7emiITG6ueVL+7gWZNZc/4dXR/FJSzCgrkxQ==}
    engines: {node: '>=14.0.0'}
    peerDependencies:
      '@aws-sdk/signature-v4-crt': ^3.118.0
    peerDependenciesMeta:
      '@aws-sdk/signature-v4-crt':
        optional: true
    dependencies:
      '@aws-sdk/protocol-http': 3.347.0
      '@aws-sdk/signature-v4': 3.347.0
      '@aws-sdk/types': 3.347.0
      tslib: 2.5.3
    dev: false

  /@aws-sdk/signature-v4@3.347.0:
    resolution: {integrity: sha512-58Uq1do+VsTHYkP11dTK+DF53fguoNNJL9rHRWhzP+OcYv3/mBMLoS2WPz/x9FO5mBg4ESFsug0I6mXbd36tjw==}
    engines: {node: '>=14.0.0'}
    dependencies:
      '@aws-sdk/eventstream-codec': 3.347.0
      '@aws-sdk/is-array-buffer': 3.310.0
      '@aws-sdk/types': 3.347.0
      '@aws-sdk/util-hex-encoding': 3.310.0
      '@aws-sdk/util-middleware': 3.347.0
      '@aws-sdk/util-uri-escape': 3.310.0
      '@aws-sdk/util-utf8': 3.310.0
      tslib: 2.5.3
    dev: false

  /@aws-sdk/smithy-client@3.347.0:
    resolution: {integrity: sha512-PaGTDsJLGK0sTjA6YdYQzILRlPRN3uVFyqeBUkfltXssvUzkm8z2t1lz2H4VyJLAhwnG5ZuZTNEV/2mcWrU7JQ==}
    engines: {node: '>=14.0.0'}
    dependencies:
      '@aws-sdk/middleware-stack': 3.347.0
      '@aws-sdk/types': 3.347.0
      tslib: 2.5.3
    dev: false

  /@aws-sdk/token-providers@3.353.0:
    resolution: {integrity: sha512-tGW36o1tVRf1FtT8HvQ7oCHuoV24XMsEnfErTZik19BZrfakDBeFvZUZ67av6/TBonHdbpBb7dDCJ+nqoG7XCg==}
    engines: {node: '>=14.0.0'}
    dependencies:
      '@aws-sdk/client-sso-oidc': 3.353.0
      '@aws-sdk/property-provider': 3.353.0
      '@aws-sdk/shared-ini-file-loader': 3.347.0
      '@aws-sdk/types': 3.347.0
      tslib: 2.5.3
    transitivePeerDependencies:
      - aws-crt
    dev: false

  /@aws-sdk/types@3.347.0:
    resolution: {integrity: sha512-GkCMy79mdjU9OTIe5KT58fI/6uqdf8UmMdWqVHmFJ+UpEzOci7L/uw4sOXWo7xpPzLs6cJ7s5ouGZW4GRPmHFA==}
    engines: {node: '>=14.0.0'}
    dependencies:
      tslib: 2.5.3
    dev: false

  /@aws-sdk/url-parser@3.347.0:
    resolution: {integrity: sha512-lhrnVjxdV7hl+yCnJfDZOaVLSqKjxN20MIOiijRiqaWGLGEAiSqBreMhL89X1WKCifxAs4zZf9YB9SbdziRpAA==}
    dependencies:
      '@aws-sdk/querystring-parser': 3.347.0
      '@aws-sdk/types': 3.347.0
      tslib: 2.5.3
    dev: false

  /@aws-sdk/util-arn-parser@3.310.0:
    resolution: {integrity: sha512-jL8509owp/xB9+Or0pvn3Fe+b94qfklc2yPowZZIFAkFcCSIdkIglz18cPDWnYAcy9JGewpMS1COXKIUhZkJsA==}
    engines: {node: '>=14.0.0'}
    dependencies:
      tslib: 2.5.3
    dev: false

  /@aws-sdk/util-base64@3.310.0:
    resolution: {integrity: sha512-v3+HBKQvqgdzcbL+pFswlx5HQsd9L6ZTlyPVL2LS9nNXnCcR3XgGz9jRskikRUuUvUXtkSG1J88GAOnJ/apTPg==}
    engines: {node: '>=14.0.0'}
    dependencies:
      '@aws-sdk/util-buffer-from': 3.310.0
      tslib: 2.5.3
    dev: false

  /@aws-sdk/util-body-length-browser@3.310.0:
    resolution: {integrity: sha512-sxsC3lPBGfpHtNTUoGXMQXLwjmR0zVpx0rSvzTPAuoVILVsp5AU/w5FphNPxD5OVIjNbZv9KsKTuvNTiZjDp9g==}
    dependencies:
      tslib: 2.5.3
    dev: false

  /@aws-sdk/util-body-length-node@3.310.0:
    resolution: {integrity: sha512-2tqGXdyKhyA6w4zz7UPoS8Ip+7sayOg9BwHNidiGm2ikbDxm1YrCfYXvCBdwaJxa4hJfRVz+aL9e+d3GqPI9pQ==}
    engines: {node: '>=14.0.0'}
    dependencies:
      tslib: 2.5.3
    dev: false

  /@aws-sdk/util-buffer-from@3.310.0:
    resolution: {integrity: sha512-i6LVeXFtGih5Zs8enLrt+ExXY92QV25jtEnTKHsmlFqFAuL3VBeod6boeMXkN2p9lbSVVQ1sAOOYZOHYbYkntw==}
    engines: {node: '>=14.0.0'}
    dependencies:
      '@aws-sdk/is-array-buffer': 3.310.0
      tslib: 2.5.3
    dev: false

  /@aws-sdk/util-config-provider@3.310.0:
    resolution: {integrity: sha512-xIBaYo8dwiojCw8vnUcIL4Z5tyfb1v3yjqyJKJWV/dqKUFOOS0U591plmXbM+M/QkXyML3ypon1f8+BoaDExrg==}
    engines: {node: '>=14.0.0'}
    dependencies:
      tslib: 2.5.3
    dev: false

  /@aws-sdk/util-defaults-mode-browser@3.353.0:
    resolution: {integrity: sha512-ushvOQKJIH7S6E//xMDPyf2/Bbu0K2A0GJRB88qQV6VKRBo4PEbeHTb6BbzPhYVX0IbY3uR/X7+Xwk4FeEkMWg==}
    engines: {node: '>= 10.0.0'}
    dependencies:
      '@aws-sdk/property-provider': 3.353.0
      '@aws-sdk/types': 3.347.0
      bowser: 2.11.0
      tslib: 2.5.3
    dev: false

  /@aws-sdk/util-defaults-mode-node@3.353.0:
    resolution: {integrity: sha512-wUmv1qr19kjjLwKoc/hVTrZCGTVNssnMWdq7cu6dQoz06kOpYrxLpdQEsj71Lh0+XYFBYUU5c3NRMasnFnl1DQ==}
    engines: {node: '>= 10.0.0'}
    dependencies:
      '@aws-sdk/config-resolver': 3.353.0
      '@aws-sdk/credential-provider-imds': 3.353.0
      '@aws-sdk/node-config-provider': 3.353.0
      '@aws-sdk/property-provider': 3.353.0
      '@aws-sdk/types': 3.347.0
      tslib: 2.5.3
    dev: false

  /@aws-sdk/util-endpoints@3.352.0:
    resolution: {integrity: sha512-PjWMPdoIUWfBPgAWLyOrWFbdSS/3DJtc0OmFb/JrE8C8rKFYl+VGW5f1p0cVdRWiDR0xCGr0s67p8itAakVqjw==}
    engines: {node: '>=14.0.0'}
    dependencies:
      '@aws-sdk/types': 3.347.0
      tslib: 2.5.3
    dev: false

  /@aws-sdk/util-format-url@3.347.0:
    resolution: {integrity: sha512-y9UUEmWu0IBoMZ25NVjCCOwvAEa+xJ54WfiCsgwKeFyTHWYY2wZqJfARJtme/ezqrRa8neOcBJSVxjfJJegW+w==}
    engines: {node: '>=14.0.0'}
    dependencies:
      '@aws-sdk/querystring-builder': 3.347.0
      '@aws-sdk/types': 3.347.0
      tslib: 2.5.3
    dev: false

  /@aws-sdk/util-hex-encoding@3.310.0:
    resolution: {integrity: sha512-sVN7mcCCDSJ67pI1ZMtk84SKGqyix6/0A1Ab163YKn+lFBQRMKexleZzpYzNGxYzmQS6VanP/cfU7NiLQOaSfA==}
    engines: {node: '>=14.0.0'}
    dependencies:
      tslib: 2.5.3
    dev: false

  /@aws-sdk/util-locate-window@3.310.0:
    resolution: {integrity: sha512-qo2t/vBTnoXpjKxlsC2e1gBrRm80M3bId27r0BRB2VniSSe7bL1mmzM+/HFtujm0iAxtPM+aLEflLJlJeDPg0w==}
    engines: {node: '>=14.0.0'}
    dependencies:
      tslib: 2.5.3
    dev: false

  /@aws-sdk/util-middleware@3.347.0:
    resolution: {integrity: sha512-8owqUA3ePufeYTUvlzdJ7Z0miLorTwx+rNol5lourGQZ9JXsVMo23+yGA7nOlFuXSGkoKpMOtn6S0BT2bcfeiw==}
    engines: {node: '>=14.0.0'}
    dependencies:
      tslib: 2.5.3
    dev: false

  /@aws-sdk/util-retry@3.347.0:
    resolution: {integrity: sha512-NxnQA0/FHFxriQAeEgBonA43Q9/VPFQa8cfJDuT2A1YZruMasgjcltoZszi1dvoIRWSZsFTW42eY2gdOd0nffQ==}
    engines: {node: '>= 14.0.0'}
    dependencies:
      '@aws-sdk/service-error-classification': 3.347.0
      tslib: 2.5.3
    dev: false

  /@aws-sdk/util-stream-browser@3.353.0:
    resolution: {integrity: sha512-2EBLrnjdBiMwupdPlztUjTk7T/6LX//8ppudPJvaFDyXuPYV6pDR4L5CDvrPZQTdzfbzAJKb5MVG1OxTn+aF8g==}
    dependencies:
      '@aws-sdk/fetch-http-handler': 3.353.0
      '@aws-sdk/types': 3.347.0
      '@aws-sdk/util-base64': 3.310.0
      '@aws-sdk/util-hex-encoding': 3.310.0
      '@aws-sdk/util-utf8': 3.310.0
      tslib: 2.5.3
    dev: false

  /@aws-sdk/util-stream-node@3.350.0:
    resolution: {integrity: sha512-qhcmYEAVMJPjCepog3WTFBaeP3XCkLBbUrM5/+LaB/FASKk+JeV8qBQyjYUd8EVb6Gsk7+y9SE3Tj+ChyHB4WA==}
    engines: {node: '>=14.0.0'}
    dependencies:
      '@aws-sdk/node-http-handler': 3.350.0
      '@aws-sdk/types': 3.347.0
      '@aws-sdk/util-buffer-from': 3.310.0
      tslib: 2.5.3
    dev: false

  /@aws-sdk/util-uri-escape@3.310.0:
    resolution: {integrity: sha512-drzt+aB2qo2LgtDoiy/3sVG8w63cgLkqFIa2NFlGpUgHFWTXkqtbgf4L5QdjRGKWhmZsnqkbtL7vkSWEcYDJ4Q==}
    engines: {node: '>=14.0.0'}
    dependencies:
      tslib: 2.5.3
    dev: false

  /@aws-sdk/util-user-agent-browser@3.347.0:
    resolution: {integrity: sha512-ydxtsKVtQefgbk1Dku1q7pMkjDYThauG9/8mQkZUAVik55OUZw71Zzr3XO8J8RKvQG8lmhPXuAQ0FKAyycc0RA==}
    dependencies:
      '@aws-sdk/types': 3.347.0
      bowser: 2.11.0
      tslib: 2.5.3
    dev: false

  /@aws-sdk/util-user-agent-node@3.353.0:
    resolution: {integrity: sha512-wAviGE0NFqGnaBi6JdjCjp/3DA4AprXQayg9fGphRmP6ncOHNHGonPj/60l+Itu+m78V2CbIS76jqCdUtyAZEQ==}
    engines: {node: '>=14.0.0'}
    peerDependencies:
      aws-crt: '>=1.0.0'
    peerDependenciesMeta:
      aws-crt:
        optional: true
    dependencies:
      '@aws-sdk/node-config-provider': 3.353.0
      '@aws-sdk/types': 3.347.0
      tslib: 2.5.3
    dev: false

  /@aws-sdk/util-utf8-browser@3.259.0:
    resolution: {integrity: sha512-UvFa/vR+e19XookZF8RzFZBrw2EUkQWxiBW0yYQAhvk3C+QVGl0H3ouca8LDBlBfQKXwmW3huo/59H8rwb1wJw==}
    dependencies:
      tslib: 2.5.3
    dev: false

  /@aws-sdk/util-utf8@3.310.0:
    resolution: {integrity: sha512-DnLfFT8uCO22uOJc0pt0DsSNau1GTisngBCDw8jQuWT5CqogMJu4b/uXmwEqfj8B3GX6Xsz8zOd6JpRlPftQoA==}
    engines: {node: '>=14.0.0'}
    dependencies:
      '@aws-sdk/util-buffer-from': 3.310.0
      tslib: 2.5.3
    dev: false

  /@aws-sdk/util-waiter@3.347.0:
    resolution: {integrity: sha512-3ze/0PkwkzUzLncukx93tZgGL0JX9NaP8DxTi6WzflnL/TEul5Z63PCruRNK0om17iZYAWKrf8q2mFoHYb4grA==}
    engines: {node: '>=14.0.0'}
    dependencies:
      '@aws-sdk/abort-controller': 3.347.0
      '@aws-sdk/types': 3.347.0
      tslib: 2.5.3
    dev: false

  /@aws-sdk/xml-builder@3.310.0:
    resolution: {integrity: sha512-TqELu4mOuSIKQCqj63fGVs86Yh+vBx5nHRpWKNUNhB2nPTpfbziTs5c1X358be3peVWA4wPxW7Nt53KIg1tnNw==}
    engines: {node: '>=14.0.0'}
    dependencies:
      tslib: 2.5.3
    dev: false

  /@smithy/protocol-http@1.0.1:
    resolution: {integrity: sha512-9OrEn0WfOVtBNYJUjUAn9AOiJ4lzERCJJ/JeZs8E6yajTGxBaFRxUnNBHiNqoDJVg076hY36UmEnPx7xXrvUSg==}
    engines: {node: '>=14.0.0'}
    dependencies:
      '@smithy/types': 1.0.0
      tslib: 2.5.3
    dev: false

  /@smithy/types@1.0.0:
    resolution: {integrity: sha512-kc1m5wPBHQCTixwuaOh9vnak/iJm21DrSf9UK6yDE5S3mQQ4u11pqAUiKWnlrZnYkeLfAI9UEHj9OaMT1v5Umg==}
    engines: {node: '>=14.0.0'}
    dependencies:
      tslib: 2.5.3
    dev: false

  /@types/dedent@0.7.0:
    resolution: {integrity: sha512-EGlKlgMhnLt/cM4DbUSafFdrkeJoC9Mvnj0PUCU7tFmTjMjNRT957kXCx0wYm3JuEq4o4ZsS5vG+NlkM2DMd2A==}
    dev: true

  /@types/md5@2.3.2:
    resolution: {integrity: sha512-v+JFDu96+UYJ3/UWzB0mEglIS//MZXgRaJ4ubUPwOM0gvLc/kcQ3TWNYwENEK7/EcXGQVrW8h/XqednSjBd/Og==}
    dev: true

  /@types/mime@3.0.1:
    resolution: {integrity: sha512-Y4XFY5VJAuw0FgAqPNd6NNoV44jbq9Bz2L7Rh/J6jLTiHBSBJa9fxqQIvkIld4GsoDOcCbvzOUAbLPsSKKg+uA==}
    dev: true

  /@types/node@20.3.2:
    resolution: {integrity: sha512-vOBLVQeCQfIcF/2Y7eKFTqrMnizK5lRNQ7ykML/5RuwVXVWxYkgwS7xbt4B6fKCUPgbSL5FSsjHQpaGQP/dQmw==}
    dev: true

  /bowser@2.11.0:
    resolution: {integrity: sha512-AlcaJBi/pqqJBIQ8U9Mcpc9i8Aqxn88Skv5d+xBX006BY5u8N3mGLHa5Lgppa7L/HfwgwLgZ6NYs+Ag6uUmJRA==}
    dev: false

  /charenc@0.0.2:
    resolution: {integrity: sha512-yrLQ/yVUFXkzg7EDQsPieE/53+0RlaWTs+wBrvW36cyilJ2SaDWfl4Yj7MtLTXleV9uEKefbAGUPv2/iWSooRA==}
    dev: false

  /crypt@0.0.2:
    resolution: {integrity: sha512-mCxBlsHFYh9C+HVpiEacem8FEBnMXgU9gy4zmNC+SXAZNB/1idgp/aulFJ4FgCi7GPEVbfyng092GqL2k2rmow==}
    dev: false

  /fast-xml-parser@4.2.4:
    resolution: {integrity: sha512-fbfMDvgBNIdDJLdLOwacjFAPYt67tr31H9ZhWSm45CDAxvd0I6WTlSOUo7K2P/K5sA5JgMKG64PI3DMcaFdWpQ==}
    hasBin: true
    dependencies:
      strnum: 1.0.5
    dev: false

  /is-buffer@1.1.6:
    resolution: {integrity: sha512-NcdALwpXkTm5Zvvbk7owOUSvVvBKDgKP5/ewfXEznmQFfs4ZRmanOeKBTjRVjka3QFoN6XJ+9F3USqfHqTaU5w==}
    dev: false

  /md5@2.3.0:
    resolution: {integrity: sha512-T1GITYmFaKuO91vxyoQMFETst+O71VUPEU3ze5GNzDm0OWdP8v1ziTaAEPUr/3kLsY3Sftgz242A1SetQiDL7g==}
    dependencies:
      charenc: 0.0.2
      crypt: 0.0.2
      is-buffer: 1.1.6
    dev: false

  /mime@3.0.0:
    resolution: {integrity: sha512-jSCU7/VB1loIWBZe14aEYHU/+1UMEHoaO7qxCOVJOw9GgH72VAWppxNcjU+x9a2k3GSIBXNKxXQFqRvvZ7vr3A==}
    engines: {node: '>=10.0.0'}
    hasBin: true
    dev: false

  /strnum@1.0.5:
    resolution: {integrity: sha512-J8bbNyKKXl5qYcR36TIO8W3mVGVHrmmxsd5PAItGkmyzwJvybiw2IVq5nqd0i4LSNSkB/sx9VHllbfFdr9k1JA==}
    dev: false

  /tslib@1.14.1:
    resolution: {integrity: sha512-Xni35NKzjgMrwevysHTCArtLDpPvye8zV/0E4EyYn43P7/7qvQwPh9BGkHewbMulVntbigmcT7rdX3BNo9wRJg==}
    dev: false

  /tslib@2.5.3:
    resolution: {integrity: sha512-mSxlJJwl3BMEQCUNnxXBU9jP4JBktcEGhURcPR6VQVlnP0FdDEsIaz0C35dXNGLyRfrATNofF0F5p2KPxQgB+w==}
    dev: false

  /tunnel@0.0.6:
    resolution: {integrity: sha512-1h/Lnq9yajKY2PEbBadPXj3VxsDDu844OnaAo52UVmIzIvwwtBPIuNvkjuzBlTWpfJyUbG3ez0KSBibQkj4ojg==}
    engines: {node: '>=0.6.11 <=0.7.0 || >=0.7.3'}
    dev: false

  /typescript@5.1.5:
    resolution: {integrity: sha512-FOH+WN/DQjUvN6WgW+c4Ml3yi0PH+a/8q+kNIfRehv1wLhWONedw85iu+vQ39Wp49IzTJEsZ2lyLXpBF7mkF1g==}
    engines: {node: '>=14.17'}
    hasBin: true
    dev: true

  /uuid@8.3.2:
    resolution: {integrity: sha512-+NYs2QeMWy+GWFOEm9xnn6HCDp0l7QBD7ml8zLUmJ+93Q5NF0NocErnwkTkXVFNiX3/fpC6afS8Dhb/gz7R7eg==}
    hasBin: true
    dev: false
