lockfileVersion: '6.0'

settings:
  autoInstallPeers: true
  excludeLinksFromLockfile: false

dependencies:
  '@actions/core':
    specifier: ^1.10.0
    version: 1.10.0
  '@aws-sdk/client-s3':
    specifier: ^3.386.0
    version: 3.386.0
  '@aws-sdk/s3-request-presigner':
    specifier: ^3.373.0
    version: 3.373.0
  md5:
    specifier: ^2.3.0
    version: 2.3.0
  mime:
    specifier: ^3.0.0
    version: 3.0.0

devDependencies:
  '@types/dedent':
    specifier: ^0.7.0
    version: 0.7.0
  '@types/md5':
    specifier: ^2.3.2
    version: 2.3.2
  '@types/mime':
    specifier: ^3.0.1
    version: 3.0.1
  '@types/node':
    specifier: ^20.4.2
    version: 20.4.2
  typescript:
    specifier: ^5.0.4
    version: 5.0.4

packages:

  /@actions/core@1.10.0:
    resolution: {integrity: sha512-2aZDDa3zrrZbP5ZYg159sNoLRb61nQ7awl5pSvIq5Qpj81vwDzdMRKzkWJGJuwVvWpvZKx7vspJALyvaaIQyug==}
    dependencies:
      '@actions/http-client': 2.1.0
      uuid: 8.3.2
    dev: false

  /@actions/http-client@2.1.0:
    resolution: {integrity: sha512-BonhODnXr3amchh4qkmjPMUO8mFi/zLaaCeCAJZqch8iQqyDnVIkySjB38VHAC8IJ+bnlgfOqlhpyCUZHlQsqw==}
    dependencies:
      tunnel: 0.0.6
    dev: false

  /@aws-crypto/crc32@3.0.0:
    resolution: {integrity: sha512-IzSgsrxUcsrejQbPVilIKy16kAT52EwB6zSaI+M3xxIhKh5+aldEyvI+z6erM7TCLB2BJsFrtHjp6/4/sr+3dA==}
    dependencies:
      '@aws-crypto/util': 3.0.0
      '@aws-sdk/types': 3.378.0
      tslib: 1.14.1
    dev: false

  /@aws-crypto/crc32c@3.0.0:
    resolution: {integrity: sha512-ENNPPManmnVJ4BTXlOjAgD7URidbAznURqD0KvfREyc4o20DPYdEldU1f5cQ7Jbj0CJJSPaMIk/9ZshdB3210w==}
    dependencies:
      '@aws-crypto/util': 3.0.0
      '@aws-sdk/types': 3.378.0
      tslib: 1.14.1
    dev: false

  /@aws-crypto/ie11-detection@3.0.0:
    resolution: {integrity: sha512-341lBBkiY1DfDNKai/wXM3aujNBkXR7tq1URPQDL9wi3AUbI80NR74uF1TXHMm7po1AcnFk8iu2S2IeU/+/A+Q==}
    dependencies:
      tslib: 1.14.1
    dev: false

  /@aws-crypto/sha1-browser@3.0.0:
    resolution: {integrity: sha512-NJth5c997GLHs6nOYTzFKTbYdMNA6/1XlKVgnZoaZcQ7z7UJlOgj2JdbHE8tiYLS3fzXNCguct77SPGat2raSw==}
    dependencies:
      '@aws-crypto/ie11-detection': 3.0.0
      '@aws-crypto/supports-web-crypto': 3.0.0
      '@aws-crypto/util': 3.0.0
      '@aws-sdk/types': 3.378.0
      '@aws-sdk/util-locate-window': 3.310.0
      '@aws-sdk/util-utf8-browser': 3.259.0
      tslib: 1.14.1
    dev: false

  /@aws-crypto/sha256-browser@3.0.0:
    resolution: {integrity: sha512-8VLmW2B+gjFbU5uMeqtQM6Nj0/F1bro80xQXCW6CQBWgosFWXTx77aeOF5CAIAmbOK64SdMBJdNr6J41yP5mvQ==}
    dependencies:
      '@aws-crypto/ie11-detection': 3.0.0
      '@aws-crypto/sha256-js': 3.0.0
      '@aws-crypto/supports-web-crypto': 3.0.0
      '@aws-crypto/util': 3.0.0
      '@aws-sdk/types': 3.378.0
      '@aws-sdk/util-locate-window': 3.310.0
      '@aws-sdk/util-utf8-browser': 3.259.0
      tslib: 1.14.1
    dev: false

  /@aws-crypto/sha256-js@3.0.0:
    resolution: {integrity: sha512-PnNN7os0+yd1XvXAy23CFOmTbMaDxgxXtTKHybrJ39Y8kGzBATgBFibWJKH6BhytLI/Zyszs87xCOBNyBig6vQ==}
    dependencies:
      '@aws-crypto/util': 3.0.0
      '@aws-sdk/types': 3.378.0
      tslib: 1.14.1
    dev: false

  /@aws-crypto/supports-web-crypto@3.0.0:
    resolution: {integrity: sha512-06hBdMwUAb2WFTuGG73LSC0wfPu93xWwo5vL2et9eymgmu3Id5vFAHBbajVWiGhPO37qcsdCap/FqXvJGJWPIg==}
    dependencies:
      tslib: 1.14.1
    dev: false

  /@aws-crypto/util@3.0.0:
    resolution: {integrity: sha512-2OJlpeJpCR48CC8r+uKVChzs9Iungj9wkZrl8Z041DWEWvyIHILYKCPNzJghKsivj+S3mLo6BVc7mBNzdxA46w==}
    dependencies:
      '@aws-sdk/types': 3.378.0
      '@aws-sdk/util-utf8-browser': 3.259.0
      tslib: 1.14.1
    dev: false

  /@aws-sdk/client-s3@3.386.0:
    resolution: {integrity: sha512-c9c7bm3fsZwvl8pffl6OXUtxlLD1FVr8GM+0Pu+J2R76B5NkDsIvvVUa2fTcNjc0jVkvB6EkvUE4WfOCdKqEDQ==}
    engines: {node: '>=14.0.0'}
    dependencies:
      '@aws-crypto/sha1-browser': 3.0.0
      '@aws-crypto/sha256-browser': 3.0.0
      '@aws-crypto/sha256-js': 3.0.0
      '@aws-sdk/client-sts': 3.386.0
      '@aws-sdk/credential-provider-node': 3.386.0
      '@aws-sdk/middleware-bucket-endpoint': 3.378.0
      '@aws-sdk/middleware-expect-continue': 3.378.0
      '@aws-sdk/middleware-flexible-checksums': 3.383.0
      '@aws-sdk/middleware-host-header': 3.379.1
      '@aws-sdk/middleware-location-constraint': 3.379.1
      '@aws-sdk/middleware-logger': 3.378.0
      '@aws-sdk/middleware-recursion-detection': 3.378.0
      '@aws-sdk/middleware-sdk-s3': 3.379.1
      '@aws-sdk/middleware-signing': 3.379.1
      '@aws-sdk/middleware-ssec': 3.378.0
      '@aws-sdk/middleware-user-agent': 3.386.0
      '@aws-sdk/signature-v4-multi-region': 3.378.0
      '@aws-sdk/types': 3.378.0
      '@aws-sdk/util-endpoints': 3.386.0
      '@aws-sdk/util-user-agent-browser': 3.378.0
      '@aws-sdk/util-user-agent-node': 3.378.0
      '@aws-sdk/xml-builder': 3.310.0
      '@smithy/config-resolver': 2.0.1
      '@smithy/eventstream-serde-browser': 2.0.1
      '@smithy/eventstream-serde-config-resolver': 2.0.1
      '@smithy/eventstream-serde-node': 2.0.1
      '@smithy/fetch-http-handler': 2.0.1
      '@smithy/hash-blob-browser': 2.0.1
      '@smithy/hash-node': 2.0.1
      '@smithy/hash-stream-node': 2.0.1
      '@smithy/invalid-dependency': 2.0.1
      '@smithy/md5-js': 2.0.1
      '@smithy/middleware-content-length': 2.0.1
      '@smithy/middleware-endpoint': 2.0.1
      '@smithy/middleware-retry': 2.0.1
      '@smithy/middleware-serde': 2.0.1
      '@smithy/middleware-stack': 2.0.0
      '@smithy/node-config-provider': 2.0.1
      '@smithy/node-http-handler': 2.0.1
      '@smithy/protocol-http': 2.0.1
      '@smithy/smithy-client': 2.0.1
      '@smithy/types': 2.0.2
      '@smithy/url-parser': 2.0.1
      '@smithy/util-base64': 2.0.0
      '@smithy/util-body-length-browser': 2.0.0
      '@smithy/util-body-length-node': 2.0.0
      '@smithy/util-defaults-mode-browser': 2.0.1
      '@smithy/util-defaults-mode-node': 2.0.1
      '@smithy/util-retry': 2.0.0
      '@smithy/util-stream': 2.0.1
      '@smithy/util-utf8': 2.0.0
      '@smithy/util-waiter': 2.0.1
      fast-xml-parser: 4.2.5
      tslib: 2.6.0
    transitivePeerDependencies:
      - '@aws-sdk/signature-v4-crt'
      - aws-crt
    dev: false

  /@aws-sdk/client-sso@3.386.0:
    resolution: {integrity: sha512-UBgRo0q/XSle9CHCpoFhzq9wCfdc4kJw40cpPoHJPbb5m3JMcDu0mq4LTY7Nwnoy9jBThfRVYf3EF2BMF8fo6A==}
    engines: {node: '>=14.0.0'}
    dependencies:
      '@aws-crypto/sha256-browser': 3.0.0
      '@aws-crypto/sha256-js': 3.0.0
      '@aws-sdk/middleware-host-header': 3.379.1
      '@aws-sdk/middleware-logger': 3.378.0
      '@aws-sdk/middleware-recursion-detection': 3.378.0
      '@aws-sdk/middleware-user-agent': 3.386.0
      '@aws-sdk/types': 3.378.0
      '@aws-sdk/util-endpoints': 3.386.0
      '@aws-sdk/util-user-agent-browser': 3.378.0
      '@aws-sdk/util-user-agent-node': 3.378.0
      '@smithy/config-resolver': 2.0.1
      '@smithy/fetch-http-handler': 2.0.1
      '@smithy/hash-node': 2.0.1
      '@smithy/invalid-dependency': 2.0.1
      '@smithy/middleware-content-length': 2.0.1
      '@smithy/middleware-endpoint': 2.0.1
      '@smithy/middleware-retry': 2.0.1
      '@smithy/middleware-serde': 2.0.1
      '@smithy/middleware-stack': 2.0.0
      '@smithy/node-config-provider': 2.0.1
      '@smithy/node-http-handler': 2.0.1
      '@smithy/protocol-http': 2.0.1
      '@smithy/smithy-client': 2.0.1
      '@smithy/types': 2.0.2
      '@smithy/url-parser': 2.0.1
      '@smithy/util-base64': 2.0.0
      '@smithy/util-body-length-browser': 2.0.0
      '@smithy/util-body-length-node': 2.0.0
      '@smithy/util-defaults-mode-browser': 2.0.1
      '@smithy/util-defaults-mode-node': 2.0.1
      '@smithy/util-retry': 2.0.0
      '@smithy/util-utf8': 2.0.0
      tslib: 2.6.0
    transitivePeerDependencies:
      - aws-crt
    dev: false

  /@aws-sdk/client-sts@3.386.0:
    resolution: {integrity: sha512-VK+tdZaI971IDP/1WqpYNorf+Q5uoJTqcp3y/bQY4Hr5bf8N3aztDrX7a2GaA07zgSdUa82VkScMKzW31jhsxw==}
    engines: {node: '>=14.0.0'}
    dependencies:
      '@aws-crypto/sha256-browser': 3.0.0
      '@aws-crypto/sha256-js': 3.0.0
      '@aws-sdk/credential-provider-node': 3.386.0
      '@aws-sdk/middleware-host-header': 3.379.1
      '@aws-sdk/middleware-logger': 3.378.0
      '@aws-sdk/middleware-recursion-detection': 3.378.0
      '@aws-sdk/middleware-sdk-sts': 3.379.1
      '@aws-sdk/middleware-signing': 3.379.1
      '@aws-sdk/middleware-user-agent': 3.386.0
      '@aws-sdk/types': 3.378.0
      '@aws-sdk/util-endpoints': 3.386.0
      '@aws-sdk/util-user-agent-browser': 3.378.0
      '@aws-sdk/util-user-agent-node': 3.378.0
      '@smithy/config-resolver': 2.0.1
      '@smithy/fetch-http-handler': 2.0.1
      '@smithy/hash-node': 2.0.1
      '@smithy/invalid-dependency': 2.0.1
      '@smithy/middleware-content-length': 2.0.1
      '@smithy/middleware-endpoint': 2.0.1
      '@smithy/middleware-retry': 2.0.1
      '@smithy/middleware-serde': 2.0.1
      '@smithy/middleware-stack': 2.0.0
      '@smithy/node-config-provider': 2.0.1
      '@smithy/node-http-handler': 2.0.1
      '@smithy/protocol-http': 2.0.1
      '@smithy/smithy-client': 2.0.1
      '@smithy/types': 2.0.2
      '@smithy/url-parser': 2.0.1
      '@smithy/util-base64': 2.0.0
      '@smithy/util-body-length-browser': 2.0.0
      '@smithy/util-body-length-node': 2.0.0
      '@smithy/util-defaults-mode-browser': 2.0.1
      '@smithy/util-defaults-mode-node': 2.0.1
      '@smithy/util-retry': 2.0.0
      '@smithy/util-utf8': 2.0.0
      fast-xml-parser: 4.2.5
      tslib: 2.6.0
    transitivePeerDependencies:
      - aws-crt
    dev: false

  /@aws-sdk/credential-provider-env@3.378.0:
    resolution: {integrity: sha512-B2OVdO9kBClDwGgWTBLAQwFV8qYTYGyVujg++1FZFSFMt8ORFdZ5fNpErvJtiSjYiOOQMzyBeSNhKyYNXCiJjQ==}
    engines: {node: '>=14.0.0'}
    dependencies:
      '@aws-sdk/types': 3.378.0
      '@smithy/property-provider': 2.0.1
      '@smithy/types': 2.0.2
      tslib: 2.6.0
    dev: false

  /@aws-sdk/credential-provider-ini@3.386.0:
    resolution: {integrity: sha512-TDeOFwCq6Ri58OP4CvVIAbc+iJPld7TpOFB+YYQ+q0ut+92zaVTNrNoWZkygPCXKmeHUGZcwC9Mjt/4L+fBAkg==}
    engines: {node: '>=14.0.0'}
    dependencies:
      '@aws-sdk/credential-provider-env': 3.378.0
      '@aws-sdk/credential-provider-process': 3.378.0
      '@aws-sdk/credential-provider-sso': 3.386.0
      '@aws-sdk/credential-provider-web-identity': 3.378.0
      '@aws-sdk/types': 3.378.0
      '@smithy/credential-provider-imds': 2.0.1
      '@smithy/property-provider': 2.0.1
      '@smithy/shared-ini-file-loader': 2.0.1
      '@smithy/types': 2.0.2
      tslib: 2.6.0
    transitivePeerDependencies:
      - aws-crt
    dev: false

  /@aws-sdk/credential-provider-node@3.386.0:
    resolution: {integrity: sha512-dvYSN+T1B96TqiZE5tBV8bHCNU6TKq5meeI06AdClHz3VPvPKDN/EL0undXpl/GnlvuhKUftmVwdUBefG3otZA==}
    engines: {node: '>=14.0.0'}
    dependencies:
      '@aws-sdk/credential-provider-env': 3.378.0
      '@aws-sdk/credential-provider-ini': 3.386.0
      '@aws-sdk/credential-provider-process': 3.378.0
      '@aws-sdk/credential-provider-sso': 3.386.0
      '@aws-sdk/credential-provider-web-identity': 3.378.0
      '@aws-sdk/types': 3.378.0
      '@smithy/credential-provider-imds': 2.0.1
      '@smithy/property-provider': 2.0.1
      '@smithy/shared-ini-file-loader': 2.0.1
      '@smithy/types': 2.0.2
      tslib: 2.6.0
    transitivePeerDependencies:
      - aws-crt
    dev: false

  /@aws-sdk/credential-provider-process@3.378.0:
    resolution: {integrity: sha512-KFTIy7u+wXj3eDua4rgS0tODzMnXtXhAm1RxzCW9FL5JLBBrd82ymCj1Dp72217Sw5Do6NjCnDTTNkCHZMA77w==}
    engines: {node: '>=14.0.0'}
    dependencies:
      '@aws-sdk/types': 3.378.0
      '@smithy/property-provider': 2.0.1
      '@smithy/shared-ini-file-loader': 2.0.1
      '@smithy/types': 2.0.2
      tslib: 2.6.0
    dev: false

  /@aws-sdk/credential-provider-sso@3.386.0:
    resolution: {integrity: sha512-7PvtrxMFpphQP8D5Zu5WpqZ/p7FBWiOQ2UQhzGKEry/9JIyTKiIZWsCu7OIWcfEx8RqSnLu3pDydc6HSTNs+lw==}
    engines: {node: '>=14.0.0'}
    dependencies:
      '@aws-sdk/client-sso': 3.386.0
      '@aws-sdk/token-providers': 3.386.0
      '@aws-sdk/types': 3.378.0
      '@smithy/property-provider': 2.0.1
      '@smithy/shared-ini-file-loader': 2.0.1
      '@smithy/types': 2.0.2
      tslib: 2.6.0
    transitivePeerDependencies:
      - aws-crt
    dev: false

  /@aws-sdk/credential-provider-web-identity@3.378.0:
    resolution: {integrity: sha512-GWjydOszhc4xDF8xuPtBvboglXQr0gwCW1oHAvmLcOT38+Hd6qnKywnMSeoXYRPgoKfF9TkWQgW1jxplzCG0UA==}
    engines: {node: '>=14.0.0'}
    dependencies:
      '@aws-sdk/types': 3.378.0
      '@smithy/property-provider': 2.0.1
      '@smithy/types': 2.0.2
      tslib: 2.6.0
    dev: false

  /@aws-sdk/middleware-bucket-endpoint@3.378.0:
    resolution: {integrity: sha512-3o+AYU6JWUsPM49bWglCUOgNvySiHkbIma0J6F9a68e30vEDD0FUQtKzyHPZkF7iYDyesEl166gYjwVNAmASzw==}
    engines: {node: '>=14.0.0'}
    dependencies:
      '@aws-sdk/types': 3.378.0
      '@aws-sdk/util-arn-parser': 3.310.0
      '@smithy/protocol-http': 2.0.1
      '@smithy/types': 2.0.2
      '@smithy/util-config-provider': 2.0.0
      tslib: 2.6.0
    dev: false

  /@aws-sdk/middleware-expect-continue@3.378.0:
    resolution: {integrity: sha512-8maaNQvza3/IGDbIyVQkUbGlo+Oc6SY1gVG50UMcTUX8nwZrD1/ko+ft+pd2EDb2n+0JritoDj4bjr6pdesNBg==}
    engines: {node: '>=14.0.0'}
    dependencies:
      '@aws-sdk/types': 3.378.0
      '@smithy/protocol-http': 2.0.1
      '@smithy/types': 2.0.2
      tslib: 2.6.0
    dev: false

  /@aws-sdk/middleware-flexible-checksums@3.383.0:
    resolution: {integrity: sha512-RxIuby6Nz4pgKqNtt9Rdr2gWtOLrl9shZrteVuPh42n/dSOtCIhsG0fffKqy247I6oUghicoVJK9v0mxfINu/w==}
    engines: {node: '>=14.0.0'}
    dependencies:
      '@aws-crypto/crc32': 3.0.0
      '@aws-crypto/crc32c': 3.0.0
      '@aws-sdk/types': 3.378.0
      '@smithy/is-array-buffer': 2.0.0
      '@smithy/protocol-http': 2.0.1
      '@smithy/types': 2.0.2
      '@smithy/util-utf8': 2.0.0
      tslib: 2.6.0
    dev: false

  /@aws-sdk/middleware-host-header@3.379.1:
    resolution: {integrity: sha512-LI4KpAFWNWVr2aH2vRVblr0Y8tvDz23lj8LOmbDmCrzd5M21nxuocI/8nEAQj55LiTIf9Zs+dHCdsyegnFXdrA==}
    engines: {node: '>=14.0.0'}
    dependencies:
      '@aws-sdk/types': 3.378.0
      '@smithy/protocol-http': 2.0.1
      '@smithy/types': 2.0.2
      tslib: 2.6.0
    dev: false

  /@aws-sdk/middleware-location-constraint@3.379.1:
    resolution: {integrity: sha512-+bmy8DjX9jtqJk8WiDaHoP9M5ZcqjHSJf4mkv8IUZ/FNTUl9j6Dll//bG/JxuAw5e5shtCDjmZ027W5d9ITp0g==}
    engines: {node: '>=14.0.0'}
    dependencies:
      '@aws-sdk/types': 3.378.0
      '@smithy/types': 2.0.2
      tslib: 2.6.0
    dev: false

  /@aws-sdk/middleware-logger@3.378.0:
    resolution: {integrity: sha512-l1DyaDLm3KeBMNMuANI3scWh8Xvu248x+vw6Z7ExWOhGXFmQ1MW7YvASg/SdxWkhlF9HmkkTif1LdMB22x6QDA==}
    engines: {node: '>=14.0.0'}
    dependencies:
      '@aws-sdk/types': 3.378.0
      '@smithy/types': 2.0.2
      tslib: 2.6.0
    dev: false

  /@aws-sdk/middleware-recursion-detection@3.378.0:
    resolution: {integrity: sha512-mUMfHAz0oGNIWiTZHTVJb+I515Hqs2zx1j36Le4MMiiaMkPW1SRUF1FIwGuc1wh6E8jB5q+XfEMriDjRi4TZRA==}
    engines: {node: '>=14.0.0'}
    dependencies:
      '@aws-sdk/types': 3.378.0
      '@smithy/protocol-http': 2.0.1
      '@smithy/types': 2.0.2
      tslib: 2.6.0
    dev: false

  /@aws-sdk/middleware-sdk-s3@3.379.1:
    resolution: {integrity: sha512-NVHRpNLfkHCqr3CE1Bmlf8Fhys8lL78kDX7UONnTZXvSiSXmCS7EbNtGDghZ8IKi+V9S/ifB4sLsX3tfzY0i6Q==}
    engines: {node: '>=14.0.0'}
    dependencies:
      '@aws-sdk/types': 3.378.0
      '@aws-sdk/util-arn-parser': 3.310.0
      '@smithy/protocol-http': 2.0.1
      '@smithy/types': 2.0.2
      tslib: 2.6.0
    dev: false

  /@aws-sdk/middleware-sdk-sts@3.379.1:
    resolution: {integrity: sha512-SK3gSyT0XbLiY12+AjLFYL9YngxOXHnZF3Z33Cdd4a+AUYrVBV7JBEEGD1Nlwrcmko+3XgaKlmgUaR5s91MYvg==}
    engines: {node: '>=14.0.0'}
    dependencies:
      '@aws-sdk/middleware-signing': 3.379.1
      '@aws-sdk/types': 3.378.0
      '@smithy/types': 2.0.2
      tslib: 2.6.0
    dev: false

  /@aws-sdk/middleware-signing@3.379.1:
    resolution: {integrity: sha512-kBk2ZUvR84EM4fICjr8K+Ykpf8SI1UzzPp2/UVYZ0X+4H/ZCjfSqohGRwHykMqeplne9qHSL7/rGJs1H3l3gPg==}
    engines: {node: '>=14.0.0'}
    dependencies:
      '@aws-sdk/types': 3.378.0
      '@smithy/property-provider': 2.0.1
      '@smithy/protocol-http': 2.0.1
      '@smithy/signature-v4': 2.0.1
      '@smithy/types': 2.0.2
      '@smithy/util-middleware': 2.0.0
      tslib: 2.6.0
    dev: false

  /@aws-sdk/middleware-ssec@3.378.0:
    resolution: {integrity: sha512-WDT2LOd6OxlY1zkrRG9ZtW2vFms/dsqMg9VyE88RKG2oATxSXEhkr5zLbNVh3TyuUKnV9jydate56d/ECwHOHg==}
    engines: {node: '>=14.0.0'}
    dependencies:
      '@aws-sdk/types': 3.378.0
      '@smithy/types': 2.0.2
      tslib: 2.6.0
    dev: false

  /@aws-sdk/middleware-user-agent@3.386.0:
    resolution: {integrity: sha512-h6nVr5dvzrSLM+5BGbyqISh1p2NoTNv0+IZkMcGyig2jpdhbkMOPvvoOGMg16/cmelUQCguT26Jr7WYpLFDsTg==}
    engines: {node: '>=14.0.0'}
    dependencies:
      '@aws-sdk/types': 3.378.0
      '@aws-sdk/util-endpoints': 3.386.0
      '@smithy/protocol-http': 2.0.1
      '@smithy/types': 2.0.2
      tslib: 2.6.0
    dev: false

  /@aws-sdk/s3-request-presigner@3.373.0:
    resolution: {integrity: sha512-5z0Hqzf01+L2Bxbg38A4ZRzyIhLGrwbmRkLRyqOm5hhPJQ6VDbGCtjpYQ95cTnYidJqmkRy8bhyBIcnaVfUaMw==}
    engines: {node: '>=14.0.0'}
    dependencies:
      '@aws-sdk/signature-v4-multi-region': 3.370.0
      '@aws-sdk/types': 3.370.0
      '@aws-sdk/util-format-url': 3.370.0
      '@smithy/middleware-endpoint': 1.0.3
      '@smithy/protocol-http': 1.1.1
      '@smithy/smithy-client': 1.0.4
      '@smithy/types': 1.1.1
      tslib: 2.6.0
    transitivePeerDependencies:
      - '@aws-sdk/signature-v4-crt'
    dev: false

  /@aws-sdk/signature-v4-multi-region@3.370.0:
    resolution: {integrity: sha512-Q3NQopPDnHbJXMhtYl0Mfy5U2o76K6tzhdnYRcrYImY0ze/zOkCQI7KPC4588PuyvAXCdQ02cmCPPjYD55UeNg==}
    engines: {node: '>=14.0.0'}
    peerDependencies:
      '@aws-sdk/signature-v4-crt': ^3.118.0
    peerDependenciesMeta:
      '@aws-sdk/signature-v4-crt':
        optional: true
    dependencies:
      '@aws-sdk/types': 3.370.0
      '@smithy/protocol-http': 1.1.1
      '@smithy/signature-v4': 1.0.2
      '@smithy/types': 1.1.1
      tslib: 2.6.0
    dev: false

  /@aws-sdk/signature-v4-multi-region@3.378.0:
    resolution: {integrity: sha512-gtuABS7EeYZQeNzTrabY3Ruv4wWmoz4u8OMSGl47gYPDWA70WYEZ0aoi4zSGuKhXiqtVvTsO9wGEMIInwV5phQ==}
    engines: {node: '>=14.0.0'}
    peerDependencies:
      '@aws-sdk/signature-v4-crt': ^3.118.0
    peerDependenciesMeta:
      '@aws-sdk/signature-v4-crt':
        optional: true
    dependencies:
      '@aws-sdk/types': 3.378.0
      '@smithy/protocol-http': 2.0.1
      '@smithy/signature-v4': 2.0.1
      '@smithy/types': 2.0.2
      tslib: 2.6.0
    dev: false

  /@aws-sdk/token-providers@3.386.0:
    resolution: {integrity: sha512-DStdqBtpO0FRC4mDCIPtrpLCFMnYJFo4cYlUyr9CKvKvh2IzPMU4rsKQjUhtmzdjLEvPTAcdfRx2Q9/sJkfe9Q==}
    engines: {node: '>=14.0.0'}
    dependencies:
      '@aws-sdk/types': 3.378.0
      '@smithy/property-provider': 2.0.1
      '@smithy/shared-ini-file-loader': 2.0.1
      '@smithy/types': 2.0.2
      tslib: 2.6.0
    dev: false

  /@aws-sdk/types@3.370.0:
    resolution: {integrity: sha512-8PGMKklSkRKjunFhzM2y5Jm0H2TBu7YRNISdYzXLUHKSP9zlMEYagseKVdmox0zKHf1LXVNuSlUV2b6SRrieCQ==}
    engines: {node: '>=14.0.0'}
    dependencies:
      '@smithy/types': 1.1.1
      tslib: 2.6.0
    dev: false

  /@aws-sdk/types@3.378.0:
    resolution: {integrity: sha512-qP0CvR/ItgktmN8YXpGQglzzR/6s0nrsQ4zIfx3HMwpsBTwuouYahcCtF1Vr82P4NFcoDA412EJahJ2pIqEd+w==}
    engines: {node: '>=14.0.0'}
    dependencies:
      '@smithy/types': 2.0.2
      tslib: 2.6.0
    dev: false

  /@aws-sdk/util-arn-parser@3.310.0:
    resolution: {integrity: sha512-jL8509owp/xB9+Or0pvn3Fe+b94qfklc2yPowZZIFAkFcCSIdkIglz18cPDWnYAcy9JGewpMS1COXKIUhZkJsA==}
    engines: {node: '>=14.0.0'}
    dependencies:
      tslib: 2.6.0
    dev: false

  /@aws-sdk/util-endpoints@3.386.0:
    resolution: {integrity: sha512-FDQRC9f78Kx12KsR43MukLRfqF3BNz5VfFdKP9ZYx3KK+bMjU1czjmjOS8bNMJWYM1Sn+nobBpPS3e2uupBtpg==}
    engines: {node: '>=14.0.0'}
    dependencies:
      '@aws-sdk/types': 3.378.0
      tslib: 2.6.0
    dev: false

  /@aws-sdk/util-format-url@3.370.0:
    resolution: {integrity: sha512-6ik8UTT5hNlMnATrqWiQWnIZ0EFW8wVsRGyYUYw/geB3lQ+WAWflpJg+gZiJnc5EY4R0aOzRVm02W8EUeH8f5g==}
    engines: {node: '>=14.0.0'}
    dependencies:
      '@aws-sdk/types': 3.370.0
      '@smithy/querystring-builder': 1.0.2
      '@smithy/types': 1.1.1
      tslib: 2.6.0
    dev: false

  /@aws-sdk/util-locate-window@3.310.0:
    resolution: {integrity: sha512-qo2t/vBTnoXpjKxlsC2e1gBrRm80M3bId27r0BRB2VniSSe7bL1mmzM+/HFtujm0iAxtPM+aLEflLJlJeDPg0w==}
    engines: {node: '>=14.0.0'}
    dependencies:
      tslib: 2.6.0
    dev: false

  /@aws-sdk/util-user-agent-browser@3.378.0:
    resolution: {integrity: sha512-FSCpagzftK1W+m7Ar6lpX7/Gr9y5P56nhFYz8U4EYQ4PkufS6czWX9YW+/FA5OYV0vlQ/SvPqMnzoHIPUNhZrQ==}
    dependencies:
      '@aws-sdk/types': 3.378.0
      '@smithy/types': 2.0.2
      bowser: 2.11.0
      tslib: 2.6.0
    dev: false

  /@aws-sdk/util-user-agent-node@3.378.0:
    resolution: {integrity: sha512-IdwVJV0E96MkJeFte4dlWqvB+oiqCiZ5lOlheY3W9NynTuuX0GGYNC8Y9yIsV8Oava1+ujpJq0ww6qXdYxmO4A==}
    engines: {node: '>=14.0.0'}
    peerDependencies:
      aws-crt: '>=1.0.0'
    peerDependenciesMeta:
      aws-crt:
        optional: true
    dependencies:
      '@aws-sdk/types': 3.378.0
      '@smithy/node-config-provider': 2.0.1
      '@smithy/types': 2.0.2
      tslib: 2.6.0
    dev: false

  /@aws-sdk/util-utf8-browser@3.259.0:
    resolution: {integrity: sha512-UvFa/vR+e19XookZF8RzFZBrw2EUkQWxiBW0yYQAhvk3C+QVGl0H3ouca8LDBlBfQKXwmW3huo/59H8rwb1wJw==}
    dependencies:
      tslib: 2.6.0
    dev: false

  /@aws-sdk/xml-builder@3.310.0:
    resolution: {integrity: sha512-TqELu4mOuSIKQCqj63fGVs86Yh+vBx5nHRpWKNUNhB2nPTpfbziTs5c1X358be3peVWA4wPxW7Nt53KIg1tnNw==}
    engines: {node: '>=14.0.0'}
    dependencies:
      tslib: 2.6.0
    dev: false

  /@smithy/abort-controller@1.0.2:
    resolution: {integrity: sha512-tb2h0b+JvMee+eAxTmhnyqyNk51UXIK949HnE14lFeezKsVJTB30maan+CO2IMwnig2wVYQH84B5qk6ylmKCuA==}
    engines: {node: '>=14.0.0'}
    dependencies:
      '@smithy/types': 1.1.1
      tslib: 2.6.0
    dev: false

  /@smithy/abort-controller@2.0.1:
    resolution: {integrity: sha512-0s7XjIbsTwZyUW9OwXQ8J6x1UiA1TNCh60Vaw56nHahL7kUZsLhmTlWiaxfLkFtO2Utkj8YewcpHTYpxaTzO+w==}
    engines: {node: '>=14.0.0'}
    dependencies:
      '@smithy/types': 2.0.2
      tslib: 2.6.0
    dev: false

  /@smithy/chunked-blob-reader-native@2.0.0:
    resolution: {integrity: sha512-HM8V2Rp1y8+1343tkZUKZllFhEQPNmpNdgFAncbTsxkZ18/gqjk23XXv3qGyXWp412f3o43ZZ1UZHVcHrpRnCQ==}
    dependencies:
      '@smithy/util-base64': 2.0.0
      tslib: 2.6.0
    dev: false

  /@smithy/chunked-blob-reader@2.0.0:
    resolution: {integrity: sha512-k+J4GHJsMSAIQPChGBrjEmGS+WbPonCXesoqP9fynIqjn7rdOThdH8FAeCmokP9mxTYKQAKoHCLPzNlm6gh7Wg==}
    dependencies:
      tslib: 2.6.0
    dev: false

  /@smithy/config-resolver@2.0.1:
    resolution: {integrity: sha512-l83Pm7hV+8CBQOCmBRopWDtF+CURUJol7NsuPYvimiDhkC2F8Ba9T1imSFE+pD1UIJ9jlsDPAnZfPJT5cjnuEw==}
    engines: {node: '>=14.0.0'}
    dependencies:
      '@smithy/types': 2.0.2
      '@smithy/util-config-provider': 2.0.0
      '@smithy/util-middleware': 2.0.0
      tslib: 2.6.0
    dev: false

  /@smithy/credential-provider-imds@2.0.1:
    resolution: {integrity: sha512-8VxriuRINNEfVZjEFKBY75y9ZWAx73DZ5K/u+3LmB6r8WR2h3NaFxFKMlwlq0uzNdGhD1ouKBn9XWEGYHKiPLw==}
    engines: {node: '>=14.0.0'}
    dependencies:
      '@smithy/node-config-provider': 2.0.1
      '@smithy/property-provider': 2.0.1
      '@smithy/types': 2.0.2
      '@smithy/url-parser': 2.0.1
      tslib: 2.6.0
    dev: false

  /@smithy/eventstream-codec@1.0.2:
    resolution: {integrity: sha512-eW/XPiLauR1VAgHKxhVvgvHzLROUgTtqat2lgljztbH8uIYWugv7Nz+SgCavB+hWRazv2iYgqrSy74GvxXq/rg==}
    dependencies:
      '@aws-crypto/crc32': 3.0.0
      '@smithy/types': 1.1.1
      '@smithy/util-hex-encoding': 1.0.2
      tslib: 2.6.0
    dev: false

  /@smithy/eventstream-codec@2.0.1:
    resolution: {integrity: sha512-/IiNB7gQM2y2ZC/GAWOWDa8+iXfhr1g9Xe5979cQEOdCWDISvrAiv18cn3OtIQUhbYOR3gm7QtCpkq1to2takQ==}
    dependencies:
      '@aws-crypto/crc32': 3.0.0
      '@smithy/types': 2.0.2
      '@smithy/util-hex-encoding': 2.0.0
      tslib: 2.6.0
    dev: false

  /@smithy/eventstream-serde-browser@2.0.1:
    resolution: {integrity: sha512-9E1/6ZGF7nB/Td3G1kcatU7VjjP8eZ/p/Q+0KsZc1AUPyv4lR15pmWnWj3iGBEGYI9qZBJ/7a/wPEPayabmA3Q==}
    engines: {node: '>=14.0.0'}
    dependencies:
      '@smithy/eventstream-serde-universal': 2.0.1
      '@smithy/types': 2.0.2
      tslib: 2.6.0
    dev: false

  /@smithy/eventstream-serde-config-resolver@2.0.1:
    resolution: {integrity: sha512-J8a+8HH8oDPIgq8Px/nPLfu9vpIjQ7XUPtP3orbs8KUh0GznNthSTy1xZP5RXjRqGQEkxPvsHf1po2+QOsgNFw==}
    engines: {node: '>=14.0.0'}
    dependencies:
      '@smithy/types': 2.0.2
      tslib: 2.6.0
    dev: false

  /@smithy/eventstream-serde-node@2.0.1:
    resolution: {integrity: sha512-wklowUz0zXJuqC7FMpriz66J8OAko3z6INTg+iMJWYB1bWv4pc5V7q36PxlZ0RKRbj0u+EThlozWgzE7Stz2Sw==}
    engines: {node: '>=14.0.0'}
    dependencies:
      '@smithy/eventstream-serde-universal': 2.0.1
      '@smithy/types': 2.0.2
      tslib: 2.6.0
    dev: false

  /@smithy/eventstream-serde-universal@2.0.1:
    resolution: {integrity: sha512-WPPylIgVZ6wOYVgpF0Rs1LlocYyj248MRtKEEehnDvC+0tV7wmGt7H/SchCh10W4y4YUxuzPlW+mUvVMGmLSVg==}
    engines: {node: '>=14.0.0'}
    dependencies:
      '@smithy/eventstream-codec': 2.0.1
      '@smithy/types': 2.0.2
      tslib: 2.6.0
    dev: false

  /@smithy/fetch-http-handler@1.0.2:
    resolution: {integrity: sha512-kynyofLf62LvR8yYphPPdyHb8fWG3LepFinM/vWUTG2Q1pVpmPCM530ppagp3+q2p+7Ox0UvSqldbKqV/d1BpA==}
    dependencies:
      '@smithy/protocol-http': 1.1.1
      '@smithy/querystring-builder': 1.0.2
      '@smithy/types': 1.1.1
      '@smithy/util-base64': 1.0.2
      tslib: 2.6.0
    dev: false

  /@smithy/fetch-http-handler@2.0.1:
    resolution: {integrity: sha512-/SoU/ClazgcdOxgE4zA7RX8euiELwpsrKCSvulVQvu9zpmqJRyEJn8ZTWYFV17/eHOBdHTs9kqodhNhsNT+cUw==}
    dependencies:
      '@smithy/protocol-http': 2.0.1
      '@smithy/querystring-builder': 2.0.1
      '@smithy/types': 2.0.2
      '@smithy/util-base64': 2.0.0
      tslib: 2.6.0
    dev: false

  /@smithy/hash-blob-browser@2.0.1:
    resolution: {integrity: sha512-i/o2+sHb4jDRz5nf2ilTTbC0nVmm4LO//FbODCAB7pbzMdywxbZ6z+q56FmEa8R+aFbtApxQ1SJ3umEiNz6IPg==}
    dependencies:
      '@smithy/chunked-blob-reader': 2.0.0
      '@smithy/chunked-blob-reader-native': 2.0.0
      '@smithy/types': 2.0.2
      tslib: 2.6.0
    dev: false

  /@smithy/hash-node@2.0.1:
    resolution: {integrity: sha512-oTKYimQdF4psX54ZonpcIE+MXjMUWFxLCNosjPkJPFQ9whRX0K/PFX/+JZGRQh3zO9RlEOEUIbhy9NO+Wha6hw==}
    engines: {node: '>=14.0.0'}
    dependencies:
      '@smithy/types': 2.0.2
      '@smithy/util-buffer-from': 2.0.0
      '@smithy/util-utf8': 2.0.0
      tslib: 2.6.0
    dev: false

  /@smithy/hash-stream-node@2.0.1:
    resolution: {integrity: sha512-AequnQdPRuXf4AuvvFlSjnkWI460xxhAd6y362gFtOE4jjJLLXblbMAXVFrkV8/pDMGNjpVegVSpRmHXZsbKhg==}
    engines: {node: '>=14.0.0'}
    dependencies:
      '@smithy/types': 2.0.2
      '@smithy/util-utf8': 2.0.0
      tslib: 2.6.0
    dev: false

  /@smithy/invalid-dependency@2.0.1:
    resolution: {integrity: sha512-2q/Eb0AE662zwyMV+z+TL7deBwcHCgaZZGc0RItamBE8kak3MzCi/EZCNoFWoBfxgQ4jfR12wm8KKsSXhJzJtQ==}
    dependencies:
      '@smithy/types': 2.0.2
      tslib: 2.6.0
    dev: false

  /@smithy/is-array-buffer@1.0.2:
    resolution: {integrity: sha512-pkyBnsBRpe+c/6ASavqIMRBdRtZNJEVJOEzhpxZ9JoAXiZYbkfaSMRA/O1dUxGdJ653GHONunnZ4xMo/LJ7utQ==}
    engines: {node: '>=14.0.0'}
    dependencies:
      tslib: 2.6.0
    dev: false

  /@smithy/is-array-buffer@2.0.0:
    resolution: {integrity: sha512-z3PjFjMyZNI98JFRJi/U0nGoLWMSJlDjAW4QUX2WNZLas5C0CmVV6LJ01JI0k90l7FvpmixjWxPFmENSClQ7ug==}
    engines: {node: '>=14.0.0'}
    dependencies:
      tslib: 2.6.0
    dev: false

  /@smithy/md5-js@2.0.1:
    resolution: {integrity: sha512-8WWOtwWMmIDgTkRv1o3opy3ABsRXs4/XunETK53ckxQRAiOML1PlnqLBK9Uwk9bvOD6cpmsC6dioIfmKGpJ25w==}
    dependencies:
      '@smithy/types': 2.0.2
      '@smithy/util-utf8': 2.0.0
      tslib: 2.6.0
    dev: false

  /@smithy/middleware-content-length@2.0.1:
    resolution: {integrity: sha512-IZhRSk5GkVBcrKaqPXddBS2uKhaqwBgaSgbBb1OJyGsKe7SxRFbclWS0LqOR9fKUkDl+3lL8E2ffpo6EQg0igw==}
    engines: {node: '>=14.0.0'}
    dependencies:
      '@smithy/protocol-http': 2.0.1
      '@smithy/types': 2.0.2
      tslib: 2.6.0
    dev: false

  /@smithy/middleware-endpoint@1.0.3:
    resolution: {integrity: sha512-GsWvTXMFjSgl617PCE2km//kIjjtvMRrR2GAuRDIS9sHiLwmkS46VWaVYy+XE7ubEsEtzZ5yK2e8TKDR6Qr5Lw==}
    engines: {node: '>=14.0.0'}
    dependencies:
      '@smithy/middleware-serde': 1.0.2
      '@smithy/types': 1.1.1
      '@smithy/url-parser': 1.0.2
      '@smithy/util-middleware': 1.0.2
      tslib: 2.6.0
    dev: false

  /@smithy/middleware-endpoint@2.0.1:
    resolution: {integrity: sha512-uz/KI1MBd9WHrrkVFZO4L4Wyv24raf0oR4EsOYEeG5jPJO5U+C7MZGLcMxX8gWERDn1sycBDqmGv8fjUMLxT6w==}
    engines: {node: '>=14.0.0'}
    dependencies:
      '@smithy/middleware-serde': 2.0.1
      '@smithy/types': 2.0.2
      '@smithy/url-parser': 2.0.1
      '@smithy/util-middleware': 2.0.0
      tslib: 2.6.0
    dev: false

  /@smithy/middleware-retry@2.0.1:
    resolution: {integrity: sha512-NKHF4i0gjSyjO6C0ZyjEpNqzGgIu7s8HOK6oT/1Jqws2Q1GynR1xV8XTUs1gKXeaNRzbzKQRewHHmfPwZjOtHA==}
    engines: {node: '>=14.0.0'}
    dependencies:
      '@smithy/protocol-http': 2.0.1
      '@smithy/service-error-classification': 2.0.0
      '@smithy/types': 2.0.2
      '@smithy/util-middleware': 2.0.0
      '@smithy/util-retry': 2.0.0
      tslib: 2.6.0
      uuid: 8.3.2
    dev: false

  /@smithy/middleware-serde@1.0.2:
    resolution: {integrity: sha512-T4PcdMZF4xme6koUNfjmSZ1MLi7eoFeYCtodQNQpBNsS77TuJt1A6kt5kP/qxrTvfZHyFlj0AubACoaUqgzPeg==}
    engines: {node: '>=14.0.0'}
    dependencies:
      '@smithy/types': 1.1.1
      tslib: 2.6.0
    dev: false

  /@smithy/middleware-serde@2.0.1:
    resolution: {integrity: sha512-uKxPaC6ItH9ZXdpdqNtf8sda7GcU4SPMp0tomq/5lUg9oiMa/Q7+kD35MUrpKaX3IVXVrwEtkjCU9dogZ/RAUA==}
    engines: {node: '>=14.0.0'}
    dependencies:
      '@smithy/types': 2.0.2
      tslib: 2.6.0
    dev: false

  /@smithy/middleware-stack@1.0.2:
    resolution: {integrity: sha512-H7/uAQEcmO+eDqweEFMJ5YrIpsBwmrXSP6HIIbtxKJSQpAcMGY7KrR2FZgZBi1FMnSUOh+rQrbOyj5HQmSeUBA==}
    engines: {node: '>=14.0.0'}
    dependencies:
      tslib: 2.6.0
    dev: false

  /@smithy/middleware-stack@2.0.0:
    resolution: {integrity: sha512-31XC1xNF65nlbc16yuh3wwTudmqs6qy4EseQUGF8A/p2m/5wdd/cnXJqpniy/XvXVwkHPz/GwV36HqzHtIKATQ==}
    engines: {node: '>=14.0.0'}
    dependencies:
      tslib: 2.6.0
    dev: false

  /@smithy/node-config-provider@2.0.1:
    resolution: {integrity: sha512-Zoel4CPkKRTQ2XxmozZUfqBYqjPKL53/SvTDhJHj+VBSiJy6MXRav1iDCyFPS92t40Uh+Yi+Km5Ch3hQ+c/zSA==}
    engines: {node: '>=14.0.0'}
    dependencies:
      '@smithy/property-provider': 2.0.1
      '@smithy/shared-ini-file-loader': 2.0.1
      '@smithy/types': 2.0.2
      tslib: 2.6.0
    dev: false

  /@smithy/node-http-handler@1.0.3:
    resolution: {integrity: sha512-PcPUSzTbIb60VCJCiH0PU0E6bwIekttsIEf5Aoo/M0oTfiqsxHTn0Rcij6QoH6qJy6piGKXzLSegspXg5+Kq6g==}
    engines: {node: '>=14.0.0'}
    dependencies:
      '@smithy/abort-controller': 1.0.2
      '@smithy/protocol-http': 1.1.1
      '@smithy/querystring-builder': 1.0.2
      '@smithy/types': 1.1.1
      tslib: 2.6.0
    dev: false

  /@smithy/node-http-handler@2.0.1:
    resolution: {integrity: sha512-Zv3fxk3p9tsmPT2CKMsbuwbbxnq2gzLDIulxv+yI6aE+02WPYorObbbe9gh7SW3weadMODL1vTfOoJ9yFypDzg==}
    engines: {node: '>=14.0.0'}
    dependencies:
      '@smithy/abort-controller': 2.0.1
      '@smithy/protocol-http': 2.0.1
      '@smithy/querystring-builder': 2.0.1
      '@smithy/types': 2.0.2
      tslib: 2.6.0
    dev: false

  /@smithy/property-provider@2.0.1:
    resolution: {integrity: sha512-pmJRyY9SF6sutWIktIhe+bUdSQDxv/qZ4mYr3/u+u45riTPN7nmRxPo+e4sjWVoM0caKFjRSlj3tf5teRFy0Vg==}
    engines: {node: '>=14.0.0'}
    dependencies:
      '@smithy/types': 2.0.2
      tslib: 2.6.0
    dev: false

  /@smithy/protocol-http@1.1.1:
    resolution: {integrity: sha512-mFLFa2sSvlUxm55U7B4YCIsJJIMkA6lHxwwqOaBkral1qxFz97rGffP/mmd4JDuin1EnygiO5eNJGgudiUgmDQ==}
    engines: {node: '>=14.0.0'}
    dependencies:
      '@smithy/types': 1.1.1
      tslib: 2.6.0
    dev: false

  /@smithy/protocol-http@2.0.1:
    resolution: {integrity: sha512-mrkMAp0wtaDEIkgRObWYxI1Kun1tm6Iu6rK+X4utb6Ah7Uc3Kk4VIWwK/rBHdYGReiLIrxFCB1rq4a2gyZnSgg==}
    engines: {node: '>=14.0.0'}
    dependencies:
      '@smithy/types': 2.0.2
      tslib: 2.6.0
    dev: false

  /@smithy/querystring-builder@1.0.2:
    resolution: {integrity: sha512-6P/xANWrtJhMzTPUR87AbXwSBuz1SDHIfL44TFd/GT3hj6rA+IEv7rftEpPjayUiWRocaNnrCPLvmP31mobOyA==}
    engines: {node: '>=14.0.0'}
    dependencies:
      '@smithy/types': 1.1.1
      '@smithy/util-uri-escape': 1.0.2
      tslib: 2.6.0
    dev: false

  /@smithy/querystring-builder@2.0.1:
    resolution: {integrity: sha512-bp+93WFzx1FojVEIeFPtG0A1pKsFdCUcZvVdZdRlmNooOUrz9Mm9bneRd8hDwAQ37pxiZkCOxopSXXRQN10mYw==}
    engines: {node: '>=14.0.0'}
    dependencies:
      '@smithy/types': 2.0.2
      '@smithy/util-uri-escape': 2.0.0
      tslib: 2.6.0
    dev: false

  /@smithy/querystring-parser@1.0.2:
    resolution: {integrity: sha512-IWxwxjn+KHWRRRB+K2Ngl+plTwo2WSgc2w+DvLy0DQZJh9UGOpw40d6q97/63GBlXIt4TEt5NbcFrO30CKlrsA==}
    engines: {node: '>=14.0.0'}
    dependencies:
      '@smithy/types': 1.1.1
      tslib: 2.6.0
    dev: false

  /@smithy/querystring-parser@2.0.1:
    resolution: {integrity: sha512-h+e7k1z+IvI2sSbUBG9Aq46JsgLl4UqIUl6aigAlRBj+P6ocNXpM6Yn1vMBw5ijtXeZbYpd1YvCxwDgdw3jhmg==}
    engines: {node: '>=14.0.0'}
    dependencies:
      '@smithy/types': 2.0.2
      tslib: 2.6.0
    dev: false

  /@smithy/service-error-classification@2.0.0:
    resolution: {integrity: sha512-2z5Nafy1O0cTf69wKyNjGW/sNVMiqDnb4jgwfMG8ye8KnFJ5qmJpDccwIbJNhXIfbsxTg9SEec2oe1cexhMJvw==}
    engines: {node: '>=14.0.0'}
    dev: false

  /@smithy/shared-ini-file-loader@2.0.1:
    resolution: {integrity: sha512-a463YiZrPGvM+F336rIF8pLfQsHAdCRAn/BiI/EWzg5xLoxbC7GSxIgliDDXrOu0z8gT3nhVsif85eU6jyct3A==}
    engines: {node: '>=14.0.0'}
    dependencies:
      '@smithy/types': 2.0.2
      tslib: 2.6.0
    dev: false

  /@smithy/signature-v4@1.0.2:
    resolution: {integrity: sha512-rpKUhmCuPmpV5dloUkOb9w1oBnJatvKQEjIHGmkjRGZnC3437MTdzWej9TxkagcZ8NRRJavYnEUixzxM1amFig==}
    engines: {node: '>=14.0.0'}
    dependencies:
      '@smithy/eventstream-codec': 1.0.2
      '@smithy/is-array-buffer': 1.0.2
      '@smithy/types': 1.1.1
      '@smithy/util-hex-encoding': 1.0.2
      '@smithy/util-middleware': 1.0.2
      '@smithy/util-uri-escape': 1.0.2
      '@smithy/util-utf8': 1.0.2
      tslib: 2.6.0
    dev: false

  /@smithy/signature-v4@2.0.1:
    resolution: {integrity: sha512-jztv5Mirca42ilxmMDjzLdXcoAmRhZskGafGL49sRo5u7swEZcToEFrq6vtX5YMbSyTVrE9Teog5EFexY5Ff2Q==}
    engines: {node: '>=14.0.0'}
    dependencies:
      '@smithy/eventstream-codec': 2.0.1
      '@smithy/is-array-buffer': 2.0.0
      '@smithy/types': 2.0.2
      '@smithy/util-hex-encoding': 2.0.0
      '@smithy/util-middleware': 2.0.0
      '@smithy/util-uri-escape': 2.0.0
      '@smithy/util-utf8': 2.0.0
      tslib: 2.6.0
    dev: false

  /@smithy/smithy-client@1.0.4:
    resolution: {integrity: sha512-gpo0Xl5Nyp9sgymEfpt7oa9P2q/GlM3VmQIdm+FeH0QEdYOQx3OtvwVmBYAMv2FIPWxkMZlsPYRTnEiBTK5TYg==}
    engines: {node: '>=14.0.0'}
    dependencies:
      '@smithy/middleware-stack': 1.0.2
      '@smithy/types': 1.1.1
      '@smithy/util-stream': 1.0.2
      tslib: 2.6.0
    dev: false

  /@smithy/smithy-client@2.0.1:
    resolution: {integrity: sha512-LHC5m6tYpEu1iNbONfvMbwtErboyTZJfEIPoD78Ei5MVr36vZQCaCla5mvo36+q/a2NAk2//fA5Rx3I1Kf7+lQ==}
    engines: {node: '>=14.0.0'}
    dependencies:
      '@smithy/middleware-stack': 2.0.0
      '@smithy/types': 2.0.2
      '@smithy/util-stream': 2.0.1
      tslib: 2.6.0
    dev: false

  /@smithy/types@1.1.1:
    resolution: {integrity: sha512-tMpkreknl2gRrniHeBtdgQwaOlo39df8RxSrwsHVNIGXULy5XP6KqgScUw2m12D15wnJCKWxVhCX+wbrBW/y7g==}
    engines: {node: '>=14.0.0'}
    dependencies:
      tslib: 2.6.0
    dev: false

  /@smithy/types@2.0.2:
    resolution: {integrity: sha512-wcymEjIXQ9+NEfE5Yt5TInAqe1o4n+Nh+rh00AwoazppmUt8tdo6URhc5gkDcOYrcvlDVAZE7uG69nDpEGUKxw==}
    engines: {node: '>=14.0.0'}
    dependencies:
      tslib: 2.6.0
    dev: false

  /@smithy/url-parser@1.0.2:
    resolution: {integrity: sha512-0JRsDMQe53F6EHRWksdcavKDRjyqp8vrjakg8EcCUOa7PaFRRB1SO/xGZdzSlW1RSTWQDEksFMTCEcVEKmAoqA==}
    dependencies:
      '@smithy/querystring-parser': 1.0.2
      '@smithy/types': 1.1.1
      tslib: 2.6.0
    dev: false

  /@smithy/url-parser@2.0.1:
    resolution: {integrity: sha512-NpHVOAwddo+OyyIoujDL9zGL96piHWrTNXqltWmBvlUoWgt1HPyBuKs6oHjioyFnNZXUqveTOkEEq0U5w6Uv8A==}
    dependencies:
      '@smithy/querystring-parser': 2.0.1
      '@smithy/types': 2.0.2
      tslib: 2.6.0
    dev: false

  /@smithy/util-base64@1.0.2:
    resolution: {integrity: sha512-BCm15WILJ3SL93nusoxvJGMVfAMWHZhdeDZPtpAaskozuexd0eF6szdz4kbXaKp38bFCSenA6bkUHqaE3KK0dA==}
    engines: {node: '>=14.0.0'}
    dependencies:
      '@smithy/util-buffer-from': 1.0.2
      tslib: 2.6.0
    dev: false

  /@smithy/util-base64@2.0.0:
    resolution: {integrity: sha512-Zb1E4xx+m5Lud8bbeYi5FkcMJMnn+1WUnJF3qD7rAdXpaL7UjkFQLdmW5fHadoKbdHpwH9vSR8EyTJFHJs++tA==}
    engines: {node: '>=14.0.0'}
    dependencies:
      '@smithy/util-buffer-from': 2.0.0
      tslib: 2.6.0
    dev: false

  /@smithy/util-body-length-browser@2.0.0:
    resolution: {integrity: sha512-JdDuS4ircJt+FDnaQj88TzZY3+njZ6O+D3uakS32f2VNnDo3vyEuNdBOh/oFd8Df1zSZOuH1HEChk2AOYDezZg==}
    dependencies:
      tslib: 2.6.0
    dev: false

  /@smithy/util-body-length-node@2.0.0:
    resolution: {integrity: sha512-ZV7Z/WHTMxHJe/xL/56qZwSUcl63/5aaPAGjkfynJm4poILjdD4GmFI+V+YWabh2WJIjwTKZ5PNsuvPQKt93Mg==}
    engines: {node: '>=14.0.0'}
    dependencies:
      tslib: 2.6.0
    dev: false

  /@smithy/util-buffer-from@1.0.2:
    resolution: {integrity: sha512-lHAYIyrBO9RANrPvccnPjU03MJnWZ66wWuC5GjWWQVfsmPwU6m00aakZkzHdUT6tGCkGacXSgArP5wgTgA+oCw==}
    engines: {node: '>=14.0.0'}
    dependencies:
      '@smithy/is-array-buffer': 1.0.2
      tslib: 2.6.0
    dev: false

  /@smithy/util-buffer-from@2.0.0:
    resolution: {integrity: sha512-/YNnLoHsR+4W4Vf2wL5lGv0ksg8Bmk3GEGxn2vEQt52AQaPSCuaO5PM5VM7lP1K9qHRKHwrPGktqVoAHKWHxzw==}
    engines: {node: '>=14.0.0'}
    dependencies:
      '@smithy/is-array-buffer': 2.0.0
      tslib: 2.6.0
    dev: false

  /@smithy/util-config-provider@2.0.0:
    resolution: {integrity: sha512-xCQ6UapcIWKxXHEU4Mcs2s7LcFQRiU3XEluM2WcCjjBtQkUN71Tb+ydGmJFPxMUrW/GWMgQEEGipLym4XG0jZg==}
    engines: {node: '>=14.0.0'}
    dependencies:
      tslib: 2.6.0
    dev: false

  /@smithy/util-defaults-mode-browser@2.0.1:
    resolution: {integrity: sha512-w72Qwsb+IaEYEFtYICn0Do42eFju78hTaBzzJfT107lFOPdbjWjKnFutV+6GL/nZd5HWXY7ccAKka++C3NrjHw==}
    engines: {node: '>= 10.0.0'}
    dependencies:
      '@smithy/property-provider': 2.0.1
      '@smithy/types': 2.0.2
      bowser: 2.11.0
      tslib: 2.6.0
    dev: false

  /@smithy/util-defaults-mode-node@2.0.1:
    resolution: {integrity: sha512-dNF45caelEBambo0SgkzQ0v76m4YM+aFKZNTtSafy7P5dVF8TbjZuR2UX1A5gJABD9XK6lzN+v/9Yfzj/EDgGg==}
    engines: {node: '>= 10.0.0'}
    dependencies:
      '@smithy/config-resolver': 2.0.1
      '@smithy/credential-provider-imds': 2.0.1
      '@smithy/node-config-provider': 2.0.1
      '@smithy/property-provider': 2.0.1
      '@smithy/types': 2.0.2
      tslib: 2.6.0
    dev: false

  /@smithy/util-hex-encoding@1.0.2:
    resolution: {integrity: sha512-Bxydb5rMJorMV6AuDDMOxro3BMDdIwtbQKHpwvQFASkmr52BnpDsWlxgpJi8Iq7nk1Bt4E40oE1Isy/7ubHGzg==}
    engines: {node: '>=14.0.0'}
    dependencies:
      tslib: 2.6.0
    dev: false

  /@smithy/util-hex-encoding@2.0.0:
    resolution: {integrity: sha512-c5xY+NUnFqG6d7HFh1IFfrm3mGl29lC+vF+geHv4ToiuJCBmIfzx6IeHLg+OgRdPFKDXIw6pvi+p3CsscaMcMA==}
    engines: {node: '>=14.0.0'}
    dependencies:
      tslib: 2.6.0
    dev: false

  /@smithy/util-middleware@1.0.2:
    resolution: {integrity: sha512-vtXK7GOR2BoseCX8NCGe9SaiZrm9M2lm/RVexFGyPuafTtry9Vyv7hq/vw8ifd/G/pSJ+msByfJVb1642oQHKw==}
    engines: {node: '>=14.0.0'}
    dependencies:
      tslib: 2.6.0
    dev: false

  /@smithy/util-middleware@2.0.0:
    resolution: {integrity: sha512-eCWX4ECuDHn1wuyyDdGdUWnT4OGyIzV0LN1xRttBFMPI9Ff/4heSHVxneyiMtOB//zpXWCha1/SWHJOZstG7kA==}
    engines: {node: '>=14.0.0'}
    dependencies:
      tslib: 2.6.0
    dev: false

  /@smithy/util-retry@2.0.0:
    resolution: {integrity: sha512-/dvJ8afrElasuiiIttRJeoS2sy8YXpksQwiM/TcepqdRVp7u4ejd9C4IQURHNjlfPUT7Y6lCDSa2zQJbdHhVTg==}
    engines: {node: '>= 14.0.0'}
    dependencies:
      '@smithy/service-error-classification': 2.0.0
      tslib: 2.6.0
    dev: false

  /@smithy/util-stream@1.0.2:
    resolution: {integrity: sha512-qyN2M9QFMTz4UCHi6GnBfLOGYKxQZD01Ga6nzaXFFC51HP/QmArU72e4kY50Z/EtW8binPxspP2TAsGbwy9l3A==}
    engines: {node: '>=14.0.0'}
    dependencies:
      '@smithy/fetch-http-handler': 1.0.2
      '@smithy/node-http-handler': 1.0.3
      '@smithy/types': 1.1.1
      '@smithy/util-base64': 1.0.2
      '@smithy/util-buffer-from': 1.0.2
      '@smithy/util-hex-encoding': 1.0.2
      '@smithy/util-utf8': 1.0.2
      tslib: 2.6.0
    dev: false

  /@smithy/util-stream@2.0.1:
    resolution: {integrity: sha512-2a0IOtwIKC46EEo7E7cxDN8u2jwOiYYJqcFKA6rd5rdXqKakHT2Gc+AqHWngr0IEHUfW92zX12wRQKwyoqZf2Q==}
    engines: {node: '>=14.0.0'}
    dependencies:
      '@smithy/fetch-http-handler': 2.0.1
      '@smithy/node-http-handler': 2.0.1
      '@smithy/types': 2.0.2
      '@smithy/util-base64': 2.0.0
      '@smithy/util-buffer-from': 2.0.0
      '@smithy/util-hex-encoding': 2.0.0
      '@smithy/util-utf8': 2.0.0
      tslib: 2.6.0
    dev: false

  /@smithy/util-uri-escape@1.0.2:
    resolution: {integrity: sha512-k8C0BFNS9HpBMHSgUDnWb1JlCQcFG+PPlVBq9keP4Nfwv6a9Q0yAfASWqUCtzjuMj1hXeLhn/5ADP6JxnID1Pg==}
    engines: {node: '>=14.0.0'}
    dependencies:
      tslib: 2.6.0
    dev: false

  /@smithy/util-uri-escape@2.0.0:
    resolution: {integrity: sha512-ebkxsqinSdEooQduuk9CbKcI+wheijxEb3utGXkCoYQkJnwTnLbH1JXGimJtUkQwNQbsbuYwG2+aFVyZf5TLaw==}
    engines: {node: '>=14.0.0'}
    dependencies:
      tslib: 2.6.0
    dev: false

  /@smithy/util-utf8@1.0.2:
    resolution: {integrity: sha512-V4cyjKfJlARui0dMBfWJMQAmJzoW77i4N3EjkH/bwnE2Ngbl4tqD2Y0C/xzpzY/J1BdxeCKxAebVFk8aFCaSCw==}
    engines: {node: '>=14.0.0'}
    dependencies:
      '@smithy/util-buffer-from': 1.0.2
      tslib: 2.6.0
    dev: false

  /@smithy/util-utf8@2.0.0:
    resolution: {integrity: sha512-rctU1VkziY84n5OXe3bPNpKR001ZCME2JCaBBFgtiM2hfKbHFudc/BkMuPab8hRbLd0j3vbnBTTZ1igBf0wgiQ==}
    engines: {node: '>=14.0.0'}
    dependencies:
      '@smithy/util-buffer-from': 2.0.0
      tslib: 2.6.0
    dev: false

  /@smithy/util-waiter@2.0.1:
    resolution: {integrity: sha512-bSyGFicPRYuGFFWAr72UvYI7tE7KmEeFJJ5iaLuTTdo8RGaNBZ2kE25coGtzrejYh9AhwSfckBvbxgEDxIxhlA==}
    engines: {node: '>=14.0.0'}
    dependencies:
      '@smithy/abort-controller': 2.0.1
      '@smithy/types': 2.0.2
      tslib: 2.6.0
    dev: false

  /@types/dedent@0.7.0:
    resolution: {integrity: sha512-EGlKlgMhnLt/cM4DbUSafFdrkeJoC9Mvnj0PUCU7tFmTjMjNRT957kXCx0wYm3JuEq4o4ZsS5vG+NlkM2DMd2A==}
    dev: true

  /@types/md5@2.3.2:
    resolution: {integrity: sha512-v+JFDu96+UYJ3/UWzB0mEglIS//MZXgRaJ4ubUPwOM0gvLc/kcQ3TWNYwENEK7/EcXGQVrW8h/XqednSjBd/Og==}
    dev: true

  /@types/mime@3.0.1:
    resolution: {integrity: sha512-Y4XFY5VJAuw0FgAqPNd6NNoV44jbq9Bz2L7Rh/J6jLTiHBSBJa9fxqQIvkIld4GsoDOcCbvzOUAbLPsSKKg+uA==}
    dev: true

  /@types/node@20.4.2:
    resolution: {integrity: sha512-Dd0BYtWgnWJKwO1jkmTrzofjK2QXXcai0dmtzvIBhcA+RsG5h8R3xlyta0kGOZRNfL9GuRtb1knmPEhQrePCEw==}
    dev: true

  /bowser@2.11.0:
    resolution: {integrity: sha512-AlcaJBi/pqqJBIQ8U9Mcpc9i8Aqxn88Skv5d+xBX006BY5u8N3mGLHa5Lgppa7L/HfwgwLgZ6NYs+Ag6uUmJRA==}
    dev: false

  /charenc@0.0.2:
    resolution: {integrity: sha512-yrLQ/yVUFXkzg7EDQsPieE/53+0RlaWTs+wBrvW36cyilJ2SaDWfl4Yj7MtLTXleV9uEKefbAGUPv2/iWSooRA==}
    dev: false

  /crypt@0.0.2:
    resolution: {integrity: sha512-mCxBlsHFYh9C+HVpiEacem8FEBnMXgU9gy4zmNC+SXAZNB/1idgp/aulFJ4FgCi7GPEVbfyng092GqL2k2rmow==}
    dev: false

  /fast-xml-parser@4.2.5:
    resolution: {integrity: sha512-B9/wizE4WngqQftFPmdaMYlXoJlJOYxGQOanC77fq9k8+Z0v5dDSVh+3glErdIROP//s/jgb7ZuxKfB8nVyo0g==}
    hasBin: true
    dependencies:
      strnum: 1.0.5
    dev: false

  /is-buffer@1.1.6:
    resolution: {integrity: sha512-NcdALwpXkTm5Zvvbk7owOUSvVvBKDgKP5/ewfXEznmQFfs4ZRmanOeKBTjRVjka3QFoN6XJ+9F3USqfHqTaU5w==}
    dev: false

  /md5@2.3.0:
    resolution: {integrity: sha512-T1GITYmFaKuO91vxyoQMFETst+O71VUPEU3ze5GNzDm0OWdP8v1ziTaAEPUr/3kLsY3Sftgz242A1SetQiDL7g==}
    dependencies:
      charenc: 0.0.2
      crypt: 0.0.2
      is-buffer: 1.1.6
    dev: false

  /mime@3.0.0:
    resolution: {integrity: sha512-jSCU7/VB1loIWBZe14aEYHU/+1UMEHoaO7qxCOVJOw9GgH72VAWppxNcjU+x9a2k3GSIBXNKxXQFqRvvZ7vr3A==}
    engines: {node: '>=10.0.0'}
    hasBin: true
    dev: false

  /strnum@1.0.5:
    resolution: {integrity: sha512-J8bbNyKKXl5qYcR36TIO8W3mVGVHrmmxsd5PAItGkmyzwJvybiw2IVq5nqd0i4LSNSkB/sx9VHllbfFdr9k1JA==}
    dev: false

  /tslib@1.14.1:
    resolution: {integrity: sha512-Xni35NKzjgMrwevysHTCArtLDpPvye8zV/0E4EyYn43P7/7qvQwPh9BGkHewbMulVntbigmcT7rdX3BNo9wRJg==}
    dev: false

  /tslib@2.6.0:
    resolution: {integrity: sha512-7At1WUettjcSRHXCyYtTselblcHl9PJFFVKiCAy/bY97+BPZXSQ2wbq0P9s8tK2G7dFQfNnlJnPAiArVBVBsfA==}
    dev: false

  /tunnel@0.0.6:
    resolution: {integrity: sha512-1h/Lnq9yajKY2PEbBadPXj3VxsDDu844OnaAo52UVmIzIvwwtBPIuNvkjuzBlTWpfJyUbG3ez0KSBibQkj4ojg==}
    engines: {node: '>=0.6.11 <=0.7.0 || >=0.7.3'}
    dev: false

  /typescript@5.0.4:
    resolution: {integrity: sha512-cW9T5W9xY37cc+jfEnaUvX91foxtHkza3Nw3wkoF4sSlKn0MONdkdEndig/qPBWXNkmplh3NzayQzCiHM4/hqw==}
    engines: {node: '>=12.20'}
    hasBin: true
    dev: true

  /uuid@8.3.2:
    resolution: {integrity: sha512-+NYs2QeMWy+GWFOEm9xnn6HCDp0l7QBD7ml8zLUmJ+93Q5NF0NocErnwkTkXVFNiX3/fpC6afS8Dhb/gz7R7eg==}
    hasBin: true
    dev: false
