lockfileVersion: '6.0'

settings:
  autoInstallPeers: true
  excludeLinksFromLockfile: false

dependencies:
  '@actions/core':
    specifier: ^1.10.0
    version: 1.10.0
  '@aws-sdk/client-s3':
    specifier: ^3.388.0
    version: 3.388.0
  '@aws-sdk/s3-request-presigner':
    specifier: ^3.386.0
    version: 3.386.0
  md5:
    specifier: ^2.3.0
    version: 2.3.0
  mime:
    specifier: ^3.0.0
    version: 3.0.0

devDependencies:
  '@types/dedent':
    specifier: ^0.7.0
    version: 0.7.0
  '@types/md5':
    specifier: ^2.3.2
    version: 2.3.2
  '@types/mime':
    specifier: ^3.0.1
    version: 3.0.1
  '@types/node':
    specifier: ^20.4.8
    version: 20.4.8
  typescript:
    specifier: ^5.0.4
    version: 5.0.4

packages:

  /@actions/core@1.10.0:
    resolution: {integrity: sha512-2aZDDa3zrrZbP5ZYg159sNoLRb61nQ7awl5pSvIq5Qpj81vwDzdMRKzkWJGJuwVvWpvZKx7vspJALyvaaIQyug==}
    dependencies:
      '@actions/http-client': 2.1.0
      uuid: 8.3.2
    dev: false

  /@actions/http-client@2.1.0:
    resolution: {integrity: sha512-BonhODnXr3amchh4qkmjPMUO8mFi/zLaaCeCAJZqch8iQqyDnVIkySjB38VHAC8IJ+bnlgfOqlhpyCUZHlQsqw==}
    dependencies:
      tunnel: 0.0.6
    dev: false

  /@aws-crypto/crc32@3.0.0:
    resolution: {integrity: sha512-IzSgsrxUcsrejQbPVilIKy16kAT52EwB6zSaI+M3xxIhKh5+aldEyvI+z6erM7TCLB2BJsFrtHjp6/4/sr+3dA==}
    dependencies:
      '@aws-crypto/util': 3.0.0
      '@aws-sdk/types': 3.387.0
      tslib: 1.14.1
    dev: false

  /@aws-crypto/crc32c@3.0.0:
    resolution: {integrity: sha512-ENNPPManmnVJ4BTXlOjAgD7URidbAznURqD0KvfREyc4o20DPYdEldU1f5cQ7Jbj0CJJSPaMIk/9ZshdB3210w==}
    dependencies:
      '@aws-crypto/util': 3.0.0
      '@aws-sdk/types': 3.387.0
      tslib: 1.14.1
    dev: false

  /@aws-crypto/ie11-detection@3.0.0:
    resolution: {integrity: sha512-341lBBkiY1DfDNKai/wXM3aujNBkXR7tq1URPQDL9wi3AUbI80NR74uF1TXHMm7po1AcnFk8iu2S2IeU/+/A+Q==}
    dependencies:
      tslib: 1.14.1
    dev: false

  /@aws-crypto/sha1-browser@3.0.0:
    resolution: {integrity: sha512-NJth5c997GLHs6nOYTzFKTbYdMNA6/1XlKVgnZoaZcQ7z7UJlOgj2JdbHE8tiYLS3fzXNCguct77SPGat2raSw==}
    dependencies:
      '@aws-crypto/ie11-detection': 3.0.0
      '@aws-crypto/supports-web-crypto': 3.0.0
      '@aws-crypto/util': 3.0.0
      '@aws-sdk/types': 3.387.0
      '@aws-sdk/util-locate-window': 3.310.0
      '@aws-sdk/util-utf8-browser': 3.259.0
      tslib: 1.14.1
    dev: false

  /@aws-crypto/sha256-browser@3.0.0:
    resolution: {integrity: sha512-8VLmW2B+gjFbU5uMeqtQM6Nj0/F1bro80xQXCW6CQBWgosFWXTx77aeOF5CAIAmbOK64SdMBJdNr6J41yP5mvQ==}
    dependencies:
      '@aws-crypto/ie11-detection': 3.0.0
      '@aws-crypto/sha256-js': 3.0.0
      '@aws-crypto/supports-web-crypto': 3.0.0
      '@aws-crypto/util': 3.0.0
      '@aws-sdk/types': 3.387.0
      '@aws-sdk/util-locate-window': 3.310.0
      '@aws-sdk/util-utf8-browser': 3.259.0
      tslib: 1.14.1
    dev: false

  /@aws-crypto/sha256-js@3.0.0:
    resolution: {integrity: sha512-PnNN7os0+yd1XvXAy23CFOmTbMaDxgxXtTKHybrJ39Y8kGzBATgBFibWJKH6BhytLI/Zyszs87xCOBNyBig6vQ==}
    dependencies:
      '@aws-crypto/util': 3.0.0
      '@aws-sdk/types': 3.387.0
      tslib: 1.14.1
    dev: false

  /@aws-crypto/supports-web-crypto@3.0.0:
    resolution: {integrity: sha512-06hBdMwUAb2WFTuGG73LSC0wfPu93xWwo5vL2et9eymgmu3Id5vFAHBbajVWiGhPO37qcsdCap/FqXvJGJWPIg==}
    dependencies:
      tslib: 1.14.1
    dev: false

  /@aws-crypto/util@3.0.0:
    resolution: {integrity: sha512-2OJlpeJpCR48CC8r+uKVChzs9Iungj9wkZrl8Z041DWEWvyIHILYKCPNzJghKsivj+S3mLo6BVc7mBNzdxA46w==}
    dependencies:
      '@aws-sdk/types': 3.387.0
      '@aws-sdk/util-utf8-browser': 3.259.0
      tslib: 1.14.1
    dev: false

  /@aws-sdk/client-s3@3.388.0:
    resolution: {integrity: sha512-9UN8gtr/4e4YnHb3Kb4VsxGTDe6olkL90ivK09jKwG2SX8m5OY2fIHSjtyqUHDuFb67JOk3WVEMbZEfxfx46+w==}
    engines: {node: '>=14.0.0'}
    dependencies:
      '@aws-crypto/sha1-browser': 3.0.0
      '@aws-crypto/sha256-browser': 3.0.0
      '@aws-crypto/sha256-js': 3.0.0
      '@aws-sdk/client-sts': 3.388.0
      '@aws-sdk/credential-provider-node': 3.388.0
      '@aws-sdk/middleware-bucket-endpoint': 3.387.0
      '@aws-sdk/middleware-expect-continue': 3.387.0
      '@aws-sdk/middleware-flexible-checksums': 3.387.0
      '@aws-sdk/middleware-host-header': 3.387.0
      '@aws-sdk/middleware-location-constraint': 3.387.0
      '@aws-sdk/middleware-logger': 3.387.0
      '@aws-sdk/middleware-recursion-detection': 3.387.0
      '@aws-sdk/middleware-sdk-s3': 3.387.0
      '@aws-sdk/middleware-signing': 3.387.0
      '@aws-sdk/middleware-ssec': 3.387.0
      '@aws-sdk/middleware-user-agent': 3.387.0
      '@aws-sdk/signature-v4-multi-region': 3.387.0
      '@aws-sdk/types': 3.387.0
      '@aws-sdk/util-endpoints': 3.387.0
      '@aws-sdk/util-user-agent-browser': 3.387.0
      '@aws-sdk/util-user-agent-node': 3.387.0
      '@aws-sdk/xml-builder': 3.310.0
      '@smithy/config-resolver': 2.0.2
      '@smithy/eventstream-serde-browser': 2.0.2
      '@smithy/eventstream-serde-config-resolver': 2.0.2
      '@smithy/eventstream-serde-node': 2.0.2
      '@smithy/fetch-http-handler': 2.0.2
      '@smithy/hash-blob-browser': 2.0.2
      '@smithy/hash-node': 2.0.2
      '@smithy/hash-stream-node': 2.0.2
      '@smithy/invalid-dependency': 2.0.2
      '@smithy/md5-js': 2.0.2
      '@smithy/middleware-content-length': 2.0.2
      '@smithy/middleware-endpoint': 2.0.2
      '@smithy/middleware-retry': 2.0.2
      '@smithy/middleware-serde': 2.0.2
      '@smithy/middleware-stack': 2.0.0
      '@smithy/node-config-provider': 2.0.2
      '@smithy/node-http-handler': 2.0.2
      '@smithy/protocol-http': 2.0.2
      '@smithy/smithy-client': 2.0.2
      '@smithy/types': 2.1.0
      '@smithy/url-parser': 2.0.2
      '@smithy/util-base64': 2.0.0
      '@smithy/util-body-length-browser': 2.0.0
      '@smithy/util-body-length-node': 2.0.0
      '@smithy/util-defaults-mode-browser': 2.0.2
      '@smithy/util-defaults-mode-node': 2.0.2
      '@smithy/util-retry': 2.0.0
      '@smithy/util-stream': 2.0.2
      '@smithy/util-utf8': 2.0.0
      '@smithy/util-waiter': 2.0.2
      fast-xml-parser: 4.2.5
      tslib: 2.6.0
    transitivePeerDependencies:
      - '@aws-sdk/signature-v4-crt'
      - aws-crt
    dev: false

  /@aws-sdk/client-sso@3.387.0:
    resolution: {integrity: sha512-E7uKSvbA0XMKSN5KLInf52hmMpe9/OKo6N9OPffGXdn3fNEQlvyQq3meUkqG7Is0ldgsQMz5EUBNtNybXzr3tQ==}
    engines: {node: '>=14.0.0'}
    dependencies:
      '@aws-crypto/sha256-browser': 3.0.0
      '@aws-crypto/sha256-js': 3.0.0
      '@aws-sdk/middleware-host-header': 3.387.0
      '@aws-sdk/middleware-logger': 3.387.0
      '@aws-sdk/middleware-recursion-detection': 3.387.0
      '@aws-sdk/middleware-user-agent': 3.387.0
      '@aws-sdk/types': 3.387.0
      '@aws-sdk/util-endpoints': 3.387.0
      '@aws-sdk/util-user-agent-browser': 3.387.0
      '@aws-sdk/util-user-agent-node': 3.387.0
      '@smithy/config-resolver': 2.0.2
      '@smithy/fetch-http-handler': 2.0.2
      '@smithy/hash-node': 2.0.2
      '@smithy/invalid-dependency': 2.0.2
      '@smithy/middleware-content-length': 2.0.2
      '@smithy/middleware-endpoint': 2.0.2
      '@smithy/middleware-retry': 2.0.2
      '@smithy/middleware-serde': 2.0.2
      '@smithy/middleware-stack': 2.0.0
      '@smithy/node-config-provider': 2.0.2
      '@smithy/node-http-handler': 2.0.2
      '@smithy/protocol-http': 2.0.2
      '@smithy/smithy-client': 2.0.2
      '@smithy/types': 2.1.0
      '@smithy/url-parser': 2.0.2
      '@smithy/util-base64': 2.0.0
      '@smithy/util-body-length-browser': 2.0.0
      '@smithy/util-body-length-node': 2.0.0
      '@smithy/util-defaults-mode-browser': 2.0.2
      '@smithy/util-defaults-mode-node': 2.0.2
      '@smithy/util-retry': 2.0.0
      '@smithy/util-utf8': 2.0.0
      tslib: 2.6.0
    transitivePeerDependencies:
      - aws-crt
    dev: false

  /@aws-sdk/client-sts@3.388.0:
    resolution: {integrity: sha512-y9FAcAYHT8O6T/jqhgsIQUb4gLiSTKD3xtzudDvjmFi8gl0oRIY1npbeckSiK6k07VQugm2s64I0nDnDxtWsBg==}
    engines: {node: '>=14.0.0'}
    dependencies:
      '@aws-crypto/sha256-browser': 3.0.0
      '@aws-crypto/sha256-js': 3.0.0
      '@aws-sdk/credential-provider-node': 3.388.0
      '@aws-sdk/middleware-host-header': 3.387.0
      '@aws-sdk/middleware-logger': 3.387.0
      '@aws-sdk/middleware-recursion-detection': 3.387.0
      '@aws-sdk/middleware-sdk-sts': 3.387.0
      '@aws-sdk/middleware-signing': 3.387.0
      '@aws-sdk/middleware-user-agent': 3.387.0
      '@aws-sdk/types': 3.387.0
      '@aws-sdk/util-endpoints': 3.387.0
      '@aws-sdk/util-user-agent-browser': 3.387.0
      '@aws-sdk/util-user-agent-node': 3.387.0
      '@smithy/config-resolver': 2.0.2
      '@smithy/fetch-http-handler': 2.0.2
      '@smithy/hash-node': 2.0.2
      '@smithy/invalid-dependency': 2.0.2
      '@smithy/middleware-content-length': 2.0.2
      '@smithy/middleware-endpoint': 2.0.2
      '@smithy/middleware-retry': 2.0.2
      '@smithy/middleware-serde': 2.0.2
      '@smithy/middleware-stack': 2.0.0
      '@smithy/node-config-provider': 2.0.2
      '@smithy/node-http-handler': 2.0.2
      '@smithy/protocol-http': 2.0.2
      '@smithy/smithy-client': 2.0.2
      '@smithy/types': 2.1.0
      '@smithy/url-parser': 2.0.2
      '@smithy/util-base64': 2.0.0
      '@smithy/util-body-length-browser': 2.0.0
      '@smithy/util-body-length-node': 2.0.0
      '@smithy/util-defaults-mode-browser': 2.0.2
      '@smithy/util-defaults-mode-node': 2.0.2
      '@smithy/util-retry': 2.0.0
      '@smithy/util-utf8': 2.0.0
      fast-xml-parser: 4.2.5
      tslib: 2.6.0
    transitivePeerDependencies:
      - aws-crt
    dev: false

  /@aws-sdk/credential-provider-env@3.387.0:
    resolution: {integrity: sha512-PVqNk7XPIYe5CMYNvELkcALtkl/pIM8/uPtqEtTg+mgnZBeL4fAmgXZiZMahQo1DxP5t/JaK384f6JG+A0qDjA==}
    engines: {node: '>=14.0.0'}
    dependencies:
      '@aws-sdk/types': 3.387.0
      '@smithy/property-provider': 2.0.1
      '@smithy/types': 2.1.0
      tslib: 2.6.0
    dev: false

  /@aws-sdk/credential-provider-ini@3.388.0:
    resolution: {integrity: sha512-3dg3A8AiZ5vXkSAYyyI3V/AW3Eo6KQJyE/glA+Nr2M0oAjT4z3vHhS3pf2B+hfKGZBTuKKgxusrrhrQABd/Diw==}
    engines: {node: '>=14.0.0'}
    dependencies:
      '@aws-sdk/credential-provider-env': 3.387.0
      '@aws-sdk/credential-provider-process': 3.387.0
      '@aws-sdk/credential-provider-sso': 3.388.0
      '@aws-sdk/credential-provider-web-identity': 3.387.0
      '@aws-sdk/types': 3.387.0
      '@smithy/credential-provider-imds': 2.0.1
      '@smithy/property-provider': 2.0.1
      '@smithy/shared-ini-file-loader': 2.0.1
      '@smithy/types': 2.1.0
      tslib: 2.6.0
    transitivePeerDependencies:
      - aws-crt
    dev: false

  /@aws-sdk/credential-provider-node@3.388.0:
    resolution: {integrity: sha512-BqWAkIG08gj/wevpesaZhAjALjfUNVjseHQRk+DNUoHIfyibW7Ahf3q/GIPs11dA2o8ECwR9/fo68Sq+sK799A==}
    engines: {node: '>=14.0.0'}
    dependencies:
      '@aws-sdk/credential-provider-env': 3.387.0
      '@aws-sdk/credential-provider-ini': 3.388.0
      '@aws-sdk/credential-provider-process': 3.387.0
      '@aws-sdk/credential-provider-sso': 3.388.0
      '@aws-sdk/credential-provider-web-identity': 3.387.0
      '@aws-sdk/types': 3.387.0
      '@smithy/credential-provider-imds': 2.0.1
      '@smithy/property-provider': 2.0.1
      '@smithy/shared-ini-file-loader': 2.0.1
      '@smithy/types': 2.1.0
      tslib: 2.6.0
    transitivePeerDependencies:
      - aws-crt
    dev: false

  /@aws-sdk/credential-provider-process@3.387.0:
    resolution: {integrity: sha512-tQScLHmDlqkQN+mqw4s3cxepEUeHYDhFl5eH+J8puvPqWjXMYpCEdY79SAtWs6SZd4CWiZ0VLeYU6xQBZengbQ==}
    engines: {node: '>=14.0.0'}
    dependencies:
      '@aws-sdk/types': 3.387.0
      '@smithy/property-provider': 2.0.1
      '@smithy/shared-ini-file-loader': 2.0.1
      '@smithy/types': 2.1.0
      tslib: 2.6.0
    dev: false

  /@aws-sdk/credential-provider-sso@3.388.0:
    resolution: {integrity: sha512-RH02+rntaO0UhnSBr42n+7q8HOztc+Dets/hh6cWovf3Yi9s9ghLgYLN9FXpSosfot3XkmT/HOCa+CphAmGN9A==}
    engines: {node: '>=14.0.0'}
    dependencies:
      '@aws-sdk/client-sso': 3.387.0
      '@aws-sdk/token-providers': 3.388.0
      '@aws-sdk/types': 3.387.0
      '@smithy/property-provider': 2.0.1
      '@smithy/shared-ini-file-loader': 2.0.1
      '@smithy/types': 2.1.0
      tslib: 2.6.0
    transitivePeerDependencies:
      - aws-crt
    dev: false

  /@aws-sdk/credential-provider-web-identity@3.387.0:
    resolution: {integrity: sha512-6ueMPl+J3KWv6ZaAWF4Z138QCuBVFZRVAgwbtP3BNqWrrs4Q6TPksOQJ79lRDMpv0EUoyVl04B6lldNlhN8RdA==}
    engines: {node: '>=14.0.0'}
    dependencies:
      '@aws-sdk/types': 3.387.0
      '@smithy/property-provider': 2.0.1
      '@smithy/types': 2.1.0
      tslib: 2.6.0
    dev: false

  /@aws-sdk/middleware-bucket-endpoint@3.387.0:
    resolution: {integrity: sha512-o7Dsq0YTUHFcKXD6+30/fXv/Wzdxqz9WonhCu3ZFPwTDLZgOM4QDDKW8EcC1SplKP1IUyaEli8Affodag9T1cQ==}
    engines: {node: '>=14.0.0'}
    dependencies:
      '@aws-sdk/types': 3.387.0
      '@aws-sdk/util-arn-parser': 3.310.0
      '@smithy/protocol-http': 2.0.2
      '@smithy/types': 2.1.0
      '@smithy/util-config-provider': 2.0.0
      tslib: 2.6.0
    dev: false

  /@aws-sdk/middleware-expect-continue@3.387.0:
    resolution: {integrity: sha512-w415a4tjQc6a7isq0AEDWFBC0HWUCHXEDjDl94UACxfMmS9bVabuf04t9CQ+nBBVs6HdiNdfdc/pBR2pRwx2Yg==}
    engines: {node: '>=14.0.0'}
    dependencies:
      '@aws-sdk/types': 3.387.0
      '@smithy/protocol-http': 2.0.2
      '@smithy/types': 2.1.0
      tslib: 2.6.0
    dev: false

  /@aws-sdk/middleware-flexible-checksums@3.387.0:
    resolution: {integrity: sha512-QlH97rrKlcMyLG+2ps7+DtBHfPyRIpi7sD3y0iko2u3PGXk+PoLPK8wWyGql9sFopOYTl6/Jh2Rb1b6z6NbjEA==}
    engines: {node: '>=14.0.0'}
    dependencies:
      '@aws-crypto/crc32': 3.0.0
      '@aws-crypto/crc32c': 3.0.0
      '@aws-sdk/types': 3.387.0
      '@smithy/is-array-buffer': 2.0.0
      '@smithy/protocol-http': 2.0.2
      '@smithy/types': 2.1.0
      '@smithy/util-utf8': 2.0.0
      tslib: 2.6.0
    dev: false

  /@aws-sdk/middleware-host-header@3.387.0:
    resolution: {integrity: sha512-EWm9PXSr8dSp7hnRth1U7OfelXQp9dLf1yS1kUL+UhppYDJpjhdP7ql3NI4xJKw8e76sP2FuJYEuzWnJHuWoyQ==}
    engines: {node: '>=14.0.0'}
    dependencies:
      '@aws-sdk/types': 3.387.0
      '@smithy/protocol-http': 2.0.2
      '@smithy/types': 2.1.0
      tslib: 2.6.0
    dev: false

  /@aws-sdk/middleware-location-constraint@3.387.0:
    resolution: {integrity: sha512-Ipdry2V58CpDcWD0ZTz6yFtpTASEBxbuWdqUUYW7pOkZ/5GPGH8NhBky7M38iGqAO6FNysvWEVCUpIqNGkI1lw==}
    engines: {node: '>=14.0.0'}
    dependencies:
      '@aws-sdk/types': 3.387.0
      '@smithy/types': 2.1.0
      tslib: 2.6.0
    dev: false

  /@aws-sdk/middleware-logger@3.387.0:
    resolution: {integrity: sha512-FjAvJr1XyaInT81RxUwgifnbXoFJrRBFc64XeFJgFanGIQCWLYxRrK2HV9eBpao/AycbmuoHgLd/f0sa4hZFoQ==}
    engines: {node: '>=14.0.0'}
    dependencies:
      '@aws-sdk/types': 3.387.0
      '@smithy/types': 2.1.0
      tslib: 2.6.0
    dev: false

  /@aws-sdk/middleware-recursion-detection@3.387.0:
    resolution: {integrity: sha512-ZF45T785ru8OwvYZw6awD9Z76OwSMM1eZzj2eY+FDz1cHfkpLjxEiti2iIH1FxbyK7n9ZqDUx29lVlCv238YyQ==}
    engines: {node: '>=14.0.0'}
    dependencies:
      '@aws-sdk/types': 3.387.0
      '@smithy/protocol-http': 2.0.2
      '@smithy/types': 2.1.0
      tslib: 2.6.0
    dev: false

  /@aws-sdk/middleware-sdk-s3@3.387.0:
    resolution: {integrity: sha512-OIUBDzGhglI6KjXVwPLh7hRbrfCpSTwWRkbXbLrPgZZuzWMoJJ3q59RVkpLnAV9Mdkg6+YA6JTw4k4hcmJblVw==}
    engines: {node: '>=14.0.0'}
    dependencies:
      '@aws-sdk/types': 3.387.0
      '@aws-sdk/util-arn-parser': 3.310.0
      '@smithy/protocol-http': 2.0.2
      '@smithy/types': 2.1.0
      tslib: 2.6.0
    dev: false

  /@aws-sdk/middleware-sdk-sts@3.387.0:
    resolution: {integrity: sha512-7ZzRKOJ4V/JDQmKz9z+FjZqw59mrMATEMLR6ff0H0JHMX0Uk5IX8TQB058ss+ar14qeJ4UcteYzCqHNI0O1BHw==}
    engines: {node: '>=14.0.0'}
    dependencies:
      '@aws-sdk/middleware-signing': 3.387.0
      '@aws-sdk/types': 3.387.0
      '@smithy/types': 2.1.0
      tslib: 2.6.0
    dev: false

  /@aws-sdk/middleware-signing@3.387.0:
    resolution: {integrity: sha512-oJXlE0MES8gxNLo137PPNNiOICQGOaETTvq3kBSJgb/gtEAxQajMIlaNT7s1wsjOAruFHt4975nCXuY4lpx7GQ==}
    engines: {node: '>=14.0.0'}
    dependencies:
      '@aws-sdk/types': 3.387.0
      '@smithy/property-provider': 2.0.1
      '@smithy/protocol-http': 2.0.2
      '@smithy/signature-v4': 2.0.1
      '@smithy/types': 2.1.0
      '@smithy/util-middleware': 2.0.0
      tslib: 2.6.0
    dev: false

  /@aws-sdk/middleware-ssec@3.387.0:
    resolution: {integrity: sha512-Jtie1gqqcs7ZuYDlz/kuI3CKCXoCL5Ov/Gj5X8/XmwrQJEpuB6z0KY5H1qY0xo+jtAhC8nDPv0GnuLoOfn85hw==}
    engines: {node: '>=14.0.0'}
    dependencies:
      '@aws-sdk/types': 3.387.0
      '@smithy/types': 2.1.0
      tslib: 2.6.0
    dev: false

  /@aws-sdk/middleware-user-agent@3.387.0:
    resolution: {integrity: sha512-hTfFTwDtp86xS98BKa+RFuLfcvGftxwzrbZeisZV8hdb4ZhvNXjSxnvM3vetW0GUEnY9xHPSGyp2ERRTinPKFQ==}
    engines: {node: '>=14.0.0'}
    dependencies:
      '@aws-sdk/types': 3.387.0
      '@aws-sdk/util-endpoints': 3.387.0
      '@smithy/protocol-http': 2.0.2
      '@smithy/types': 2.1.0
      tslib: 2.6.0
    dev: false

  /@aws-sdk/s3-request-presigner@3.386.0:
    resolution: {integrity: sha512-23fLLrcv7yaHrf7AXuJy0Rfw/YRaKetoQ7fA3rief6Bm6ZBZ2foDz3ROzBUdX/imSPJDQDq6vMDVKZ+Dloei4Q==}
    engines: {node: '>=14.0.0'}
    dependencies:
      '@aws-sdk/signature-v4-multi-region': 3.378.0
      '@aws-sdk/types': 3.378.0
      '@aws-sdk/util-format-url': 3.378.0
      '@smithy/middleware-endpoint': 2.0.1
      '@smithy/protocol-http': 2.0.1
      '@smithy/smithy-client': 2.0.1
      '@smithy/types': 2.0.2
      tslib: 2.6.0
    transitivePeerDependencies:
      - '@aws-sdk/signature-v4-crt'
    dev: false

  /@aws-sdk/signature-v4-multi-region@3.378.0:
    resolution: {integrity: sha512-gtuABS7EeYZQeNzTrabY3Ruv4wWmoz4u8OMSGl47gYPDWA70WYEZ0aoi4zSGuKhXiqtVvTsO9wGEMIInwV5phQ==}
    engines: {node: '>=14.0.0'}
    peerDependencies:
      '@aws-sdk/signature-v4-crt': ^3.118.0
    peerDependenciesMeta:
      '@aws-sdk/signature-v4-crt':
        optional: true
    dependencies:
      '@aws-sdk/types': 3.378.0
      '@smithy/protocol-http': 2.0.1
      '@smithy/signature-v4': 2.0.1
      '@smithy/types': 2.0.2
      tslib: 2.6.0
    dev: false

  /@aws-sdk/signature-v4-multi-region@3.387.0:
    resolution: {integrity: sha512-SGuUbEFi8BXYVv4M7Hc0488I7uZbTVBW19j/B7bnyfbKFrndBXM366s/mChx4iELtESQ61AAstyafx5nGj5tIg==}
    engines: {node: '>=14.0.0'}
    peerDependencies:
      '@aws-sdk/signature-v4-crt': ^3.118.0
    peerDependenciesMeta:
      '@aws-sdk/signature-v4-crt':
        optional: true
    dependencies:
      '@aws-sdk/types': 3.387.0
      '@smithy/protocol-http': 2.0.2
      '@smithy/signature-v4': 2.0.1
      '@smithy/types': 2.1.0
      tslib: 2.6.0
    dev: false

  /@aws-sdk/token-providers@3.388.0:
    resolution: {integrity: sha512-2lo1gFJl624kfjo/YdU6zW+k6dEwhoqjNkDNbOZEFgS1KDofHe9GX8W4/ReKb0Ggho5/EcjzZ53/1CjkzUq4tA==}
    engines: {node: '>=14.0.0'}
    dependencies:
      '@aws-crypto/sha256-browser': 3.0.0
      '@aws-crypto/sha256-js': 3.0.0
      '@aws-sdk/middleware-host-header': 3.387.0
      '@aws-sdk/middleware-logger': 3.387.0
      '@aws-sdk/middleware-recursion-detection': 3.387.0
      '@aws-sdk/middleware-user-agent': 3.387.0
      '@aws-sdk/types': 3.387.0
      '@aws-sdk/util-endpoints': 3.387.0
      '@aws-sdk/util-user-agent-browser': 3.387.0
      '@aws-sdk/util-user-agent-node': 3.387.0
      '@smithy/config-resolver': 2.0.2
      '@smithy/fetch-http-handler': 2.0.2
      '@smithy/hash-node': 2.0.2
      '@smithy/invalid-dependency': 2.0.2
      '@smithy/middleware-content-length': 2.0.2
      '@smithy/middleware-endpoint': 2.0.2
      '@smithy/middleware-retry': 2.0.2
      '@smithy/middleware-serde': 2.0.2
      '@smithy/middleware-stack': 2.0.0
      '@smithy/node-config-provider': 2.0.2
      '@smithy/node-http-handler': 2.0.2
      '@smithy/property-provider': 2.0.1
      '@smithy/protocol-http': 2.0.2
      '@smithy/shared-ini-file-loader': 2.0.1
      '@smithy/smithy-client': 2.0.2
      '@smithy/types': 2.1.0
      '@smithy/url-parser': 2.0.2
      '@smithy/util-base64': 2.0.0
      '@smithy/util-body-length-browser': 2.0.0
      '@smithy/util-body-length-node': 2.0.0
      '@smithy/util-defaults-mode-browser': 2.0.2
      '@smithy/util-defaults-mode-node': 2.0.2
      '@smithy/util-retry': 2.0.0
      '@smithy/util-utf8': 2.0.0
      tslib: 2.6.0
    transitivePeerDependencies:
      - aws-crt
    dev: false

  /@aws-sdk/types@3.378.0:
    resolution: {integrity: sha512-qP0CvR/ItgktmN8YXpGQglzzR/6s0nrsQ4zIfx3HMwpsBTwuouYahcCtF1Vr82P4NFcoDA412EJahJ2pIqEd+w==}
    engines: {node: '>=14.0.0'}
    dependencies:
      '@smithy/types': 2.0.2
      tslib: 2.6.0
    dev: false

  /@aws-sdk/types@3.387.0:
    resolution: {integrity: sha512-YTjFabNwjTF+6yl88f0/tWff018qmmgMmjlw45s6sdVKueWxdxV68U7gepNLF2nhaQPZa6FDOBoA51NaviVs0Q==}
    engines: {node: '>=14.0.0'}
    dependencies:
      '@smithy/types': 2.1.0
      tslib: 2.6.0
    dev: false

  /@aws-sdk/util-arn-parser@3.310.0:
    resolution: {integrity: sha512-jL8509owp/xB9+Or0pvn3Fe+b94qfklc2yPowZZIFAkFcCSIdkIglz18cPDWnYAcy9JGewpMS1COXKIUhZkJsA==}
    engines: {node: '>=14.0.0'}
    dependencies:
      tslib: 2.6.0
    dev: false

  /@aws-sdk/util-endpoints@3.387.0:
    resolution: {integrity: sha512-g7kvuCXehGXHHBw9PkSQdwVyDFmNUZLmfrRmqMyrMDG9QLQrxr4pyWcSaYgTE16yUzhQQOR+QSey+BL6W9/N6g==}
    engines: {node: '>=14.0.0'}
    dependencies:
      '@aws-sdk/types': 3.387.0
      tslib: 2.6.0
    dev: false

  /@aws-sdk/util-format-url@3.378.0:
    resolution: {integrity: sha512-CtW2HnCq08ildVD7B5OPn1zOxBAMBjkDxqzOcLw3Rk9F6OKuMM9hawulU62tMtouJPC0QSS6eLoNOrYGch5ehQ==}
    engines: {node: '>=14.0.0'}
    dependencies:
      '@aws-sdk/types': 3.378.0
      '@smithy/querystring-builder': 2.0.1
      '@smithy/types': 2.0.2
      tslib: 2.6.0
    dev: false

  /@aws-sdk/util-locate-window@3.310.0:
    resolution: {integrity: sha512-qo2t/vBTnoXpjKxlsC2e1gBrRm80M3bId27r0BRB2VniSSe7bL1mmzM+/HFtujm0iAxtPM+aLEflLJlJeDPg0w==}
    engines: {node: '>=14.0.0'}
    dependencies:
      tslib: 2.6.0
    dev: false

  /@aws-sdk/util-user-agent-browser@3.387.0:
    resolution: {integrity: sha512-lpgSVvDqx+JjHZCTYs/yQSS7J71dPlJeAlvxc7bmx5m+vfwKe07HAnIs+929DngS0QbAp/VaXbTiMFsInLkO4Q==}
    dependencies:
      '@aws-sdk/types': 3.387.0
      '@smithy/types': 2.1.0
      bowser: 2.11.0
      tslib: 2.6.0
    dev: false

  /@aws-sdk/util-user-agent-node@3.387.0:
    resolution: {integrity: sha512-r9OVkcWpRYatjLhJacuHFgvO2T5s/Nu5DDbScMrkUD8b4aGIIqsrdZji0vZy9FCjsUFQMM92t9nt4SejrGjChA==}
    engines: {node: '>=14.0.0'}
    peerDependencies:
      aws-crt: '>=1.0.0'
    peerDependenciesMeta:
      aws-crt:
        optional: true
    dependencies:
      '@aws-sdk/types': 3.387.0
      '@smithy/node-config-provider': 2.0.2
      '@smithy/types': 2.1.0
      tslib: 2.6.0
    dev: false

  /@aws-sdk/util-utf8-browser@3.259.0:
    resolution: {integrity: sha512-UvFa/vR+e19XookZF8RzFZBrw2EUkQWxiBW0yYQAhvk3C+QVGl0H3ouca8LDBlBfQKXwmW3huo/59H8rwb1wJw==}
    dependencies:
      tslib: 2.6.0
    dev: false

  /@aws-sdk/xml-builder@3.310.0:
    resolution: {integrity: sha512-TqELu4mOuSIKQCqj63fGVs86Yh+vBx5nHRpWKNUNhB2nPTpfbziTs5c1X358be3peVWA4wPxW7Nt53KIg1tnNw==}
    engines: {node: '>=14.0.0'}
    dependencies:
      tslib: 2.6.0
    dev: false

  /@smithy/abort-controller@2.0.1:
    resolution: {integrity: sha512-0s7XjIbsTwZyUW9OwXQ8J6x1UiA1TNCh60Vaw56nHahL7kUZsLhmTlWiaxfLkFtO2Utkj8YewcpHTYpxaTzO+w==}
    engines: {node: '>=14.0.0'}
    dependencies:
      '@smithy/types': 2.0.2
      tslib: 2.6.0
    dev: false

  /@smithy/abort-controller@2.0.2:
    resolution: {integrity: sha512-ln5Cob0mksym62sLr7NiPOSqJ0jKao4qjfcNLDdgINM1lQI12hXrZBlKdPHbXJqpKhKiECDgonMoqCM8bigq4g==}
    engines: {node: '>=14.0.0'}
    dependencies:
      '@smithy/types': 2.1.0
      tslib: 2.6.0
    dev: false

  /@smithy/chunked-blob-reader-native@2.0.0:
    resolution: {integrity: sha512-HM8V2Rp1y8+1343tkZUKZllFhEQPNmpNdgFAncbTsxkZ18/gqjk23XXv3qGyXWp412f3o43ZZ1UZHVcHrpRnCQ==}
    dependencies:
      '@smithy/util-base64': 2.0.0
      tslib: 2.6.0
    dev: false

  /@smithy/chunked-blob-reader@2.0.0:
    resolution: {integrity: sha512-k+J4GHJsMSAIQPChGBrjEmGS+WbPonCXesoqP9fynIqjn7rdOThdH8FAeCmokP9mxTYKQAKoHCLPzNlm6gh7Wg==}
    dependencies:
      tslib: 2.6.0
    dev: false

  /@smithy/config-resolver@2.0.2:
    resolution: {integrity: sha512-0kdsqBL6BdmSbdU6YaDkodVBMua5MuQQluC3nocJ7OJ6PnOuM7i2FEQHE46LBadLqT+CimlDSM+6j91uHNL1ng==}
    engines: {node: '>=14.0.0'}
    dependencies:
      '@smithy/types': 2.1.0
      '@smithy/util-config-provider': 2.0.0
      '@smithy/util-middleware': 2.0.0
      tslib: 2.6.0
    dev: false

  /@smithy/credential-provider-imds@2.0.1:
    resolution: {integrity: sha512-8VxriuRINNEfVZjEFKBY75y9ZWAx73DZ5K/u+3LmB6r8WR2h3NaFxFKMlwlq0uzNdGhD1ouKBn9XWEGYHKiPLw==}
    engines: {node: '>=14.0.0'}
    dependencies:
      '@smithy/node-config-provider': 2.0.2
      '@smithy/property-provider': 2.0.1
      '@smithy/types': 2.1.0
      '@smithy/url-parser': 2.0.2
      tslib: 2.6.0
    dev: false

  /@smithy/credential-provider-imds@2.0.2:
    resolution: {integrity: sha512-mbWFYEZ00LBRDk3WvcXViwpdpkJQcfrM3seuKzFxZnF6wIBLMwrcWcsj+OUC/1L+86m8aQY9imXMAaQsAoGxow==}
    engines: {node: '>=14.0.0'}
    dependencies:
      '@smithy/node-config-provider': 2.0.2
      '@smithy/property-provider': 2.0.2
      '@smithy/types': 2.1.0
      '@smithy/url-parser': 2.0.2
      tslib: 2.6.0
    dev: false

  /@smithy/eventstream-codec@2.0.1:
    resolution: {integrity: sha512-/IiNB7gQM2y2ZC/GAWOWDa8+iXfhr1g9Xe5979cQEOdCWDISvrAiv18cn3OtIQUhbYOR3gm7QtCpkq1to2takQ==}
    dependencies:
      '@aws-crypto/crc32': 3.0.0
      '@smithy/types': 2.1.0
      '@smithy/util-hex-encoding': 2.0.0
      tslib: 2.6.0
    dev: false

  /@smithy/eventstream-codec@2.0.2:
    resolution: {integrity: sha512-PQZiKx7fMnNwx4zxcUCm82VjnqK6wV4MEHSmMy3taj5dKfXV782IjRGyaDT+8TsmNqVdZIkve5zLRAzh+7kOhA==}
    dependencies:
      '@aws-crypto/crc32': 3.0.0
      '@smithy/types': 2.1.0
      '@smithy/util-hex-encoding': 2.0.0
      tslib: 2.6.0
    dev: false

  /@smithy/eventstream-serde-browser@2.0.2:
    resolution: {integrity: sha512-qaHlcFI+ILE+gZV2B/aZMVXc9LG4v1Owa20dHlP0dLOiJ9WByOjtD2qZmYA/HO4qkkDZHEL/0baWc63aqLCHKQ==}
    engines: {node: '>=14.0.0'}
    dependencies:
      '@smithy/eventstream-serde-universal': 2.0.2
      '@smithy/types': 2.1.0
      tslib: 2.6.0
    dev: false

  /@smithy/eventstream-serde-config-resolver@2.0.2:
    resolution: {integrity: sha512-iVC7/NFNWfSXllAxFNUuC4QlREdZjMmAOdISb6fwny/4mUDt1EtYLCrXq7gN1mIzhRPwMpL9YvQ8jpgvfA0Jdw==}
    engines: {node: '>=14.0.0'}
    dependencies:
      '@smithy/types': 2.1.0
      tslib: 2.6.0
    dev: false

  /@smithy/eventstream-serde-node@2.0.2:
    resolution: {integrity: sha512-p7py8jDpIS1bRewskwgEgJx1OkFvockA2bJnXtOAPJib42DtyRpp8oV14s2ZpjMq57r9KMCQy2j02g554DNavg==}
    engines: {node: '>=14.0.0'}
    dependencies:
      '@smithy/eventstream-serde-universal': 2.0.2
      '@smithy/types': 2.1.0
      tslib: 2.6.0
    dev: false

  /@smithy/eventstream-serde-universal@2.0.2:
    resolution: {integrity: sha512-zf/hm5VIDsvl+XpI1rop4xwXLKiBUe5pxgjRFdHi7AC1p6Zc8uJfyCExLiMUP/QspoIrVV1xGwFFxRCeddDH3g==}
    engines: {node: '>=14.0.0'}
    dependencies:
      '@smithy/eventstream-codec': 2.0.2
      '@smithy/types': 2.1.0
      tslib: 2.6.0
    dev: false

  /@smithy/fetch-http-handler@2.0.1:
    resolution: {integrity: sha512-/SoU/ClazgcdOxgE4zA7RX8euiELwpsrKCSvulVQvu9zpmqJRyEJn8ZTWYFV17/eHOBdHTs9kqodhNhsNT+cUw==}
    dependencies:
      '@smithy/protocol-http': 2.0.1
      '@smithy/querystring-builder': 2.0.1
      '@smithy/types': 2.0.2
      '@smithy/util-base64': 2.0.0
      tslib: 2.6.0
    dev: false

  /@smithy/fetch-http-handler@2.0.2:
    resolution: {integrity: sha512-Wo2m1RaiXNSLF4J3D62LpdSoj/YYb+6tn0H8is1tSrzr7eXAdiYVBc0wIa23N0wT4zmN0iG/yNY6gTCDQ6799A==}
    dependencies:
      '@smithy/protocol-http': 2.0.2
      '@smithy/querystring-builder': 2.0.2
      '@smithy/types': 2.1.0
      '@smithy/util-base64': 2.0.0
      tslib: 2.6.0
    dev: false

  /@smithy/hash-blob-browser@2.0.2:
    resolution: {integrity: sha512-CmVGWbiyiEySGDRg3o2C3DLZYW+mH8fMoIEZrmwnBM8bQsepZGOME40tbpvv12BIhZIInJV8srMMHpQ6aKObLA==}
    dependencies:
      '@smithy/chunked-blob-reader': 2.0.0
      '@smithy/chunked-blob-reader-native': 2.0.0
      '@smithy/types': 2.1.0
      tslib: 2.6.0
    dev: false

  /@smithy/hash-node@2.0.2:
    resolution: {integrity: sha512-JKDzZ1YVR7JzOBaJoWy3ToJCE86OQE6D4kOBvvVsu93a3lcF9kv6KYTKBYEWAjwOn/CpK4NH7mKB01OQ8H+aiA==}
    engines: {node: '>=14.0.0'}
    dependencies:
      '@smithy/types': 2.1.0
      '@smithy/util-buffer-from': 2.0.0
      '@smithy/util-utf8': 2.0.0
      tslib: 2.6.0
    dev: false

  /@smithy/hash-stream-node@2.0.2:
    resolution: {integrity: sha512-cDfGE81BbykXKZ50+eLU5Yat8WGiDFQpNa+5S3AfDIzz5h4D73DpxWwcwV4qYB7GoAw2chFqTCAGWgU/MgRS9g==}
    engines: {node: '>=14.0.0'}
    dependencies:
      '@smithy/types': 2.1.0
      '@smithy/util-utf8': 2.0.0
      tslib: 2.6.0
    dev: false

  /@smithy/invalid-dependency@2.0.2:
    resolution: {integrity: sha512-inQZQ5gCO3WRWuXpsc1YJ4KBjsvj2qsoU32yTIKznBWTCQe/D5Dp+sSaysqBqxe0VTZ+8nFEHdUMWUX2BxQThw==}
    dependencies:
      '@smithy/types': 2.1.0
      tslib: 2.6.0
    dev: false

  /@smithy/is-array-buffer@2.0.0:
    resolution: {integrity: sha512-z3PjFjMyZNI98JFRJi/U0nGoLWMSJlDjAW4QUX2WNZLas5C0CmVV6LJ01JI0k90l7FvpmixjWxPFmENSClQ7ug==}
    engines: {node: '>=14.0.0'}
    dependencies:
      tslib: 2.6.0
    dev: false

  /@smithy/md5-js@2.0.2:
    resolution: {integrity: sha512-qm9845tzkYOm3HM/nFiZVMsA9nE7klO69T1qrrbrQKpUJpEFV87XDInbnRpYzBAFUH4DRodbZ9spEnjF7ffoww==}
    dependencies:
      '@smithy/types': 2.1.0
      '@smithy/util-utf8': 2.0.0
      tslib: 2.6.0
    dev: false

  /@smithy/middleware-content-length@2.0.2:
    resolution: {integrity: sha512-FmHlNfuvYgDZE3fIx0G3rD/wLXfAmBYE4mVc/w6d7RllA7TygPzq2pfHL1iCMzWkWTdoAVnt3h4aavAZnhaxEQ==}
    engines: {node: '>=14.0.0'}
    dependencies:
      '@smithy/protocol-http': 2.0.2
      '@smithy/types': 2.1.0
      tslib: 2.6.0
    dev: false

  /@smithy/middleware-endpoint@2.0.1:
    resolution: {integrity: sha512-uz/KI1MBd9WHrrkVFZO4L4Wyv24raf0oR4EsOYEeG5jPJO5U+C7MZGLcMxX8gWERDn1sycBDqmGv8fjUMLxT6w==}
    engines: {node: '>=14.0.0'}
    dependencies:
      '@smithy/middleware-serde': 2.0.1
      '@smithy/types': 2.0.2
      '@smithy/url-parser': 2.0.1
      '@smithy/util-middleware': 2.0.0
      tslib: 2.6.0
    dev: false

  /@smithy/middleware-endpoint@2.0.2:
    resolution: {integrity: sha512-ropE7/c+g22QeluZ+By/B/WvVep0UFreX+IeRMGIO7EbOUPgqtJRXpbJFdG6JKB1uC+CdaJLn4MnZnVBpcyjuA==}
    engines: {node: '>=14.0.0'}
    dependencies:
      '@smithy/middleware-serde': 2.0.2
      '@smithy/types': 2.1.0
      '@smithy/url-parser': 2.0.2
      '@smithy/util-middleware': 2.0.0
      tslib: 2.6.0
    dev: false

  /@smithy/middleware-retry@2.0.2:
    resolution: {integrity: sha512-wtBUXqtZVriiXppYaFkUrybAPhFVX7vebnW/yVPliLMWMcguOMS58qhOYPZe3t9Wki2+mASfyu+kO3An8lAg2A==}
    engines: {node: '>=14.0.0'}
    dependencies:
      '@smithy/protocol-http': 2.0.2
      '@smithy/service-error-classification': 2.0.0
      '@smithy/types': 2.1.0
      '@smithy/util-middleware': 2.0.0
      '@smithy/util-retry': 2.0.0
      tslib: 2.6.0
      uuid: 8.3.2
    dev: false

  /@smithy/middleware-serde@2.0.1:
    resolution: {integrity: sha512-uKxPaC6ItH9ZXdpdqNtf8sda7GcU4SPMp0tomq/5lUg9oiMa/Q7+kD35MUrpKaX3IVXVrwEtkjCU9dogZ/RAUA==}
    engines: {node: '>=14.0.0'}
    dependencies:
      '@smithy/types': 2.0.2
      tslib: 2.6.0
    dev: false

  /@smithy/middleware-serde@2.0.2:
    resolution: {integrity: sha512-Kw9xLdlueIaivUWslKB67WZ/cCUg3QnzYVIA3t5KfgsseEEuU4UxXw8NSTvIt71gqQloY+Um8ugS+idgxrWWnw==}
    engines: {node: '>=14.0.0'}
    dependencies:
      '@smithy/types': 2.1.0
      tslib: 2.6.0
    dev: false

  /@smithy/middleware-stack@2.0.0:
    resolution: {integrity: sha512-31XC1xNF65nlbc16yuh3wwTudmqs6qy4EseQUGF8A/p2m/5wdd/cnXJqpniy/XvXVwkHPz/GwV36HqzHtIKATQ==}
    engines: {node: '>=14.0.0'}
    dependencies:
      tslib: 2.6.0
    dev: false

  /@smithy/node-config-provider@2.0.2:
    resolution: {integrity: sha512-9wVJccASfuCctNWrzR0zrDkf0ox3HCHGEhFlWL2LBoghUYuK28pVRBbG69wvnkhlHnB8dDZHagxH+Nq9dm7eWw==}
    engines: {node: '>=14.0.0'}
    dependencies:
      '@smithy/property-provider': 2.0.2
      '@smithy/shared-ini-file-loader': 2.0.2
      '@smithy/types': 2.1.0
      tslib: 2.6.0
    dev: false

  /@smithy/node-http-handler@2.0.1:
    resolution: {integrity: sha512-Zv3fxk3p9tsmPT2CKMsbuwbbxnq2gzLDIulxv+yI6aE+02WPYorObbbe9gh7SW3weadMODL1vTfOoJ9yFypDzg==}
    engines: {node: '>=14.0.0'}
    dependencies:
      '@smithy/abort-controller': 2.0.1
      '@smithy/protocol-http': 2.0.1
      '@smithy/querystring-builder': 2.0.1
      '@smithy/types': 2.0.2
      tslib: 2.6.0
    dev: false

  /@smithy/node-http-handler@2.0.2:
    resolution: {integrity: sha512-lpZjmtmyZqSAtMPsbrLhb7XoAQ2kAHeuLY/csW6I2k+QyFvOk7cZeQsqEngWmZ9SJaeYiDCBINxAIM61i5WGLw==}
    engines: {node: '>=14.0.0'}
    dependencies:
      '@smithy/abort-controller': 2.0.2
      '@smithy/protocol-http': 2.0.2
      '@smithy/querystring-builder': 2.0.2
      '@smithy/types': 2.1.0
      tslib: 2.6.0
    dev: false

  /@smithy/property-provider@2.0.1:
    resolution: {integrity: sha512-pmJRyY9SF6sutWIktIhe+bUdSQDxv/qZ4mYr3/u+u45riTPN7nmRxPo+e4sjWVoM0caKFjRSlj3tf5teRFy0Vg==}
    engines: {node: '>=14.0.0'}
    dependencies:
      '@smithy/types': 2.1.0
      tslib: 2.6.0
    dev: false

  /@smithy/property-provider@2.0.2:
    resolution: {integrity: sha512-DfaZ8cO+d/mgnMzIllcXcU4OYP+omiOl2LYdn/fTGpw/EAQSVzscYV2muV3sDDnuPYQ/r014hUqIxnF+pzh+SQ==}
    engines: {node: '>=14.0.0'}
    dependencies:
      '@smithy/types': 2.1.0
      tslib: 2.6.0
    dev: false

  /@smithy/protocol-http@2.0.1:
    resolution: {integrity: sha512-mrkMAp0wtaDEIkgRObWYxI1Kun1tm6Iu6rK+X4utb6Ah7Uc3Kk4VIWwK/rBHdYGReiLIrxFCB1rq4a2gyZnSgg==}
    engines: {node: '>=14.0.0'}
    dependencies:
      '@smithy/types': 2.0.2
      tslib: 2.6.0
    dev: false

  /@smithy/protocol-http@2.0.2:
    resolution: {integrity: sha512-qWu8g1FUy+m36KpO1sREJSF7BaLmjw9AqOuwxLVVSdYz+nUQjc9tFAZ9LB6jJXKdsZFSjfkjHJBbhD78QdE7Rw==}
    engines: {node: '>=14.0.0'}
    dependencies:
      '@smithy/types': 2.1.0
      tslib: 2.6.0
    dev: false

  /@smithy/querystring-builder@2.0.1:
    resolution: {integrity: sha512-bp+93WFzx1FojVEIeFPtG0A1pKsFdCUcZvVdZdRlmNooOUrz9Mm9bneRd8hDwAQ37pxiZkCOxopSXXRQN10mYw==}
    engines: {node: '>=14.0.0'}
    dependencies:
      '@smithy/types': 2.0.2
      '@smithy/util-uri-escape': 2.0.0
      tslib: 2.6.0
    dev: false

  /@smithy/querystring-builder@2.0.2:
    resolution: {integrity: sha512-H99LOMWEssfwqkOoTs4Y12UiZ7CTGQSX5Nrx5UkYgRbUEpC1GnnaprHiYrqclC58/xr4K76aNchdPyioxewMzA==}
    engines: {node: '>=14.0.0'}
    dependencies:
      '@smithy/types': 2.1.0
      '@smithy/util-uri-escape': 2.0.0
      tslib: 2.6.0
    dev: false

  /@smithy/querystring-parser@2.0.1:
    resolution: {integrity: sha512-h+e7k1z+IvI2sSbUBG9Aq46JsgLl4UqIUl6aigAlRBj+P6ocNXpM6Yn1vMBw5ijtXeZbYpd1YvCxwDgdw3jhmg==}
    engines: {node: '>=14.0.0'}
    dependencies:
      '@smithy/types': 2.0.2
      tslib: 2.6.0
    dev: false

  /@smithy/querystring-parser@2.0.2:
    resolution: {integrity: sha512-L4VtKQ8O4/aWPQJbiFymbhAmxdfLnEaROh/Vs0OstJ7jtOZeBl2QJmuWY2V7hjt64W7V+tEn2sv6vVvnxkm/xQ==}
    engines: {node: '>=14.0.0'}
    dependencies:
      '@smithy/types': 2.1.0
      tslib: 2.6.0
    dev: false

  /@smithy/service-error-classification@2.0.0:
    resolution: {integrity: sha512-2z5Nafy1O0cTf69wKyNjGW/sNVMiqDnb4jgwfMG8ye8KnFJ5qmJpDccwIbJNhXIfbsxTg9SEec2oe1cexhMJvw==}
    engines: {node: '>=14.0.0'}
    dev: false

  /@smithy/shared-ini-file-loader@2.0.1:
    resolution: {integrity: sha512-a463YiZrPGvM+F336rIF8pLfQsHAdCRAn/BiI/EWzg5xLoxbC7GSxIgliDDXrOu0z8gT3nhVsif85eU6jyct3A==}
    engines: {node: '>=14.0.0'}
    dependencies:
      '@smithy/types': 2.1.0
      tslib: 2.6.0
    dev: false

  /@smithy/shared-ini-file-loader@2.0.2:
    resolution: {integrity: sha512-2VkNOM/82u4vatVdK5nfusgGIlvR48Fkq6me17Oc+V1iyxfR/1x0pG6LzW0br1qlGtzBYFZKmDyviBRcPVFTVw==}
    engines: {node: '>=14.0.0'}
    dependencies:
      '@smithy/types': 2.1.0
      tslib: 2.6.0
    dev: false

  /@smithy/signature-v4@2.0.1:
    resolution: {integrity: sha512-jztv5Mirca42ilxmMDjzLdXcoAmRhZskGafGL49sRo5u7swEZcToEFrq6vtX5YMbSyTVrE9Teog5EFexY5Ff2Q==}
    engines: {node: '>=14.0.0'}
    dependencies:
      '@smithy/eventstream-codec': 2.0.1
      '@smithy/is-array-buffer': 2.0.0
      '@smithy/types': 2.1.0
      '@smithy/util-hex-encoding': 2.0.0
      '@smithy/util-middleware': 2.0.0
      '@smithy/util-uri-escape': 2.0.0
      '@smithy/util-utf8': 2.0.0
      tslib: 2.6.0
    dev: false

  /@smithy/smithy-client@2.0.1:
    resolution: {integrity: sha512-LHC5m6tYpEu1iNbONfvMbwtErboyTZJfEIPoD78Ei5MVr36vZQCaCla5mvo36+q/a2NAk2//fA5Rx3I1Kf7+lQ==}
    engines: {node: '>=14.0.0'}
    dependencies:
      '@smithy/middleware-stack': 2.0.0
      '@smithy/types': 2.0.2
      '@smithy/util-stream': 2.0.1
      tslib: 2.6.0
    dev: false

  /@smithy/smithy-client@2.0.2:
    resolution: {integrity: sha512-mDfokI8WwLU5C0gcQ4ww/zJI/WLGSh2+vdIA42JRnjfYUjJNH/rKfX9YOnn2eBOxl3loATERVUqkHmKe+P8s2Q==}
    engines: {node: '>=14.0.0'}
    dependencies:
      '@smithy/middleware-stack': 2.0.0
      '@smithy/types': 2.1.0
      '@smithy/util-stream': 2.0.2
      tslib: 2.6.0
    dev: false

  /@smithy/types@2.0.2:
    resolution: {integrity: sha512-wcymEjIXQ9+NEfE5Yt5TInAqe1o4n+Nh+rh00AwoazppmUt8tdo6URhc5gkDcOYrcvlDVAZE7uG69nDpEGUKxw==}
    engines: {node: '>=14.0.0'}
    dependencies:
      tslib: 2.6.0
    dev: false

  /@smithy/types@2.1.0:
    resolution: {integrity: sha512-KLsCsqxX0j2l99iP8s0f7LBlcsp7a7ceXGn0LPYPyVOsqmIKvSaPQajq0YevlL4T9Bm+DtcyXfBTbtBcLX1I7A==}
    engines: {node: '>=14.0.0'}
    dependencies:
      tslib: 2.6.0
    dev: false

  /@smithy/url-parser@2.0.1:
    resolution: {integrity: sha512-NpHVOAwddo+OyyIoujDL9zGL96piHWrTNXqltWmBvlUoWgt1HPyBuKs6oHjioyFnNZXUqveTOkEEq0U5w6Uv8A==}
    dependencies:
      '@smithy/querystring-parser': 2.0.1
      '@smithy/types': 2.0.2
      tslib: 2.6.0
    dev: false

  /@smithy/url-parser@2.0.2:
    resolution: {integrity: sha512-X1mHCzrSVDlhVy7d3S7Vq+dTfYzwh4n7xGHhyJumu77nJqIss0lazVug85Pwo0DKIoO314wAOvMnBxNYDa+7wA==}
    dependencies:
      '@smithy/querystring-parser': 2.0.2
      '@smithy/types': 2.1.0
      tslib: 2.6.0
    dev: false

  /@smithy/util-base64@2.0.0:
    resolution: {integrity: sha512-Zb1E4xx+m5Lud8bbeYi5FkcMJMnn+1WUnJF3qD7rAdXpaL7UjkFQLdmW5fHadoKbdHpwH9vSR8EyTJFHJs++tA==}
    engines: {node: '>=14.0.0'}
    dependencies:
      '@smithy/util-buffer-from': 2.0.0
      tslib: 2.6.0
    dev: false

  /@smithy/util-body-length-browser@2.0.0:
    resolution: {integrity: sha512-JdDuS4ircJt+FDnaQj88TzZY3+njZ6O+D3uakS32f2VNnDo3vyEuNdBOh/oFd8Df1zSZOuH1HEChk2AOYDezZg==}
    dependencies:
      tslib: 2.6.0
    dev: false

  /@smithy/util-body-length-node@2.0.0:
    resolution: {integrity: sha512-ZV7Z/WHTMxHJe/xL/56qZwSUcl63/5aaPAGjkfynJm4poILjdD4GmFI+V+YWabh2WJIjwTKZ5PNsuvPQKt93Mg==}
    engines: {node: '>=14.0.0'}
    dependencies:
      tslib: 2.6.0
    dev: false

  /@smithy/util-buffer-from@2.0.0:
    resolution: {integrity: sha512-/YNnLoHsR+4W4Vf2wL5lGv0ksg8Bmk3GEGxn2vEQt52AQaPSCuaO5PM5VM7lP1K9qHRKHwrPGktqVoAHKWHxzw==}
    engines: {node: '>=14.0.0'}
    dependencies:
      '@smithy/is-array-buffer': 2.0.0
      tslib: 2.6.0
    dev: false

  /@smithy/util-config-provider@2.0.0:
    resolution: {integrity: sha512-xCQ6UapcIWKxXHEU4Mcs2s7LcFQRiU3XEluM2WcCjjBtQkUN71Tb+ydGmJFPxMUrW/GWMgQEEGipLym4XG0jZg==}
    engines: {node: '>=14.0.0'}
    dependencies:
      tslib: 2.6.0
    dev: false

  /@smithy/util-defaults-mode-browser@2.0.2:
    resolution: {integrity: sha512-c2tMMjb624XLuzmlRoZpnFOkejVxcgw3WQKdmgdGZYZapcLzXyC0H9JhnXMjQCt30GqLTlsILRNVBYwFRbw/4Q==}
    engines: {node: '>= 10.0.0'}
    dependencies:
      '@smithy/property-provider': 2.0.2
      '@smithy/types': 2.1.0
      bowser: 2.11.0
      tslib: 2.6.0
    dev: false

  /@smithy/util-defaults-mode-node@2.0.2:
    resolution: {integrity: sha512-gt7m5LLqUtEKldJLyc14DE4kb85vxwomvt9AfEMEvWM4VwfWS1kGJqiStZFb5KNqnQPXw8vvpgLTi8NrWAOXqg==}
    engines: {node: '>= 10.0.0'}
    dependencies:
      '@smithy/config-resolver': 2.0.2
      '@smithy/credential-provider-imds': 2.0.2
      '@smithy/node-config-provider': 2.0.2
      '@smithy/property-provider': 2.0.2
      '@smithy/types': 2.1.0
      tslib: 2.6.0
    dev: false

  /@smithy/util-hex-encoding@2.0.0:
    resolution: {integrity: sha512-c5xY+NUnFqG6d7HFh1IFfrm3mGl29lC+vF+geHv4ToiuJCBmIfzx6IeHLg+OgRdPFKDXIw6pvi+p3CsscaMcMA==}
    engines: {node: '>=14.0.0'}
    dependencies:
      tslib: 2.6.0
    dev: false

  /@smithy/util-middleware@2.0.0:
    resolution: {integrity: sha512-eCWX4ECuDHn1wuyyDdGdUWnT4OGyIzV0LN1xRttBFMPI9Ff/4heSHVxneyiMtOB//zpXWCha1/SWHJOZstG7kA==}
    engines: {node: '>=14.0.0'}
    dependencies:
      tslib: 2.6.0
    dev: false

  /@smithy/util-retry@2.0.0:
    resolution: {integrity: sha512-/dvJ8afrElasuiiIttRJeoS2sy8YXpksQwiM/TcepqdRVp7u4ejd9C4IQURHNjlfPUT7Y6lCDSa2zQJbdHhVTg==}
    engines: {node: '>= 14.0.0'}
    dependencies:
      '@smithy/service-error-classification': 2.0.0
      tslib: 2.6.0
    dev: false

  /@smithy/util-stream@2.0.1:
    resolution: {integrity: sha512-2a0IOtwIKC46EEo7E7cxDN8u2jwOiYYJqcFKA6rd5rdXqKakHT2Gc+AqHWngr0IEHUfW92zX12wRQKwyoqZf2Q==}
    engines: {node: '>=14.0.0'}
    dependencies:
      '@smithy/fetch-http-handler': 2.0.1
      '@smithy/node-http-handler': 2.0.1
      '@smithy/types': 2.0.2
      '@smithy/util-base64': 2.0.0
      '@smithy/util-buffer-from': 2.0.0
      '@smithy/util-hex-encoding': 2.0.0
      '@smithy/util-utf8': 2.0.0
      tslib: 2.6.0
    dev: false

  /@smithy/util-stream@2.0.2:
    resolution: {integrity: sha512-Mg9IJcKIu4YKlbzvpp1KLvh4JZLdcPgpxk+LICuDwzZCfxe47R9enVK8dNEiuyiIGK2ExbfvzCVT8IBru62vZw==}
    engines: {node: '>=14.0.0'}
    dependencies:
      '@smithy/fetch-http-handler': 2.0.2
      '@smithy/node-http-handler': 2.0.2
      '@smithy/types': 2.1.0
      '@smithy/util-base64': 2.0.0
      '@smithy/util-buffer-from': 2.0.0
      '@smithy/util-hex-encoding': 2.0.0
      '@smithy/util-utf8': 2.0.0
      tslib: 2.6.0
    dev: false

  /@smithy/util-uri-escape@2.0.0:
    resolution: {integrity: sha512-ebkxsqinSdEooQduuk9CbKcI+wheijxEb3utGXkCoYQkJnwTnLbH1JXGimJtUkQwNQbsbuYwG2+aFVyZf5TLaw==}
    engines: {node: '>=14.0.0'}
    dependencies:
      tslib: 2.6.0
    dev: false

  /@smithy/util-utf8@2.0.0:
    resolution: {integrity: sha512-rctU1VkziY84n5OXe3bPNpKR001ZCME2JCaBBFgtiM2hfKbHFudc/BkMuPab8hRbLd0j3vbnBTTZ1igBf0wgiQ==}
    engines: {node: '>=14.0.0'}
    dependencies:
      '@smithy/util-buffer-from': 2.0.0
      tslib: 2.6.0
    dev: false

  /@smithy/util-waiter@2.0.2:
    resolution: {integrity: sha512-7XCEVXDLguf3Og0NIF/KYEAHtrzNXmCdtEwMfOXr4iBKOUWYzNj91YB9O7tLrct8VGvysGA0x2xYzbxMbvF0QQ==}
    engines: {node: '>=14.0.0'}
    dependencies:
      '@smithy/abort-controller': 2.0.2
      '@smithy/types': 2.1.0
      tslib: 2.6.0
    dev: false

  /@types/dedent@0.7.0:
    resolution: {integrity: sha512-EGlKlgMhnLt/cM4DbUSafFdrkeJoC9Mvnj0PUCU7tFmTjMjNRT957kXCx0wYm3JuEq4o4ZsS5vG+NlkM2DMd2A==}
    dev: true

  /@types/md5@2.3.2:
    resolution: {integrity: sha512-v+JFDu96+UYJ3/UWzB0mEglIS//MZXgRaJ4ubUPwOM0gvLc/kcQ3TWNYwENEK7/EcXGQVrW8h/XqednSjBd/Og==}
    dev: true

  /@types/mime@3.0.1:
    resolution: {integrity: sha512-Y4XFY5VJAuw0FgAqPNd6NNoV44jbq9Bz2L7Rh/J6jLTiHBSBJa9fxqQIvkIld4GsoDOcCbvzOUAbLPsSKKg+uA==}
    dev: true

  /@types/node@20.4.8:
    resolution: {integrity: sha512-0mHckf6D2DiIAzh8fM8f3HQCvMKDpK94YQ0DSVkfWTG9BZleYIWudw9cJxX8oCk9bM+vAkDyujDV6dmKHbvQpg==}
    dev: true

  /bowser@2.11.0:
    resolution: {integrity: sha512-AlcaJBi/pqqJBIQ8U9Mcpc9i8Aqxn88Skv5d+xBX006BY5u8N3mGLHa5Lgppa7L/HfwgwLgZ6NYs+Ag6uUmJRA==}
    dev: false

  /charenc@0.0.2:
    resolution: {integrity: sha512-yrLQ/yVUFXkzg7EDQsPieE/53+0RlaWTs+wBrvW36cyilJ2SaDWfl4Yj7MtLTXleV9uEKefbAGUPv2/iWSooRA==}
    dev: false

  /crypt@0.0.2:
    resolution: {integrity: sha512-mCxBlsHFYh9C+HVpiEacem8FEBnMXgU9gy4zmNC+SXAZNB/1idgp/aulFJ4FgCi7GPEVbfyng092GqL2k2rmow==}
    dev: false

  /fast-xml-parser@4.2.5:
    resolution: {integrity: sha512-B9/wizE4WngqQftFPmdaMYlXoJlJOYxGQOanC77fq9k8+Z0v5dDSVh+3glErdIROP//s/jgb7ZuxKfB8nVyo0g==}
    hasBin: true
    dependencies:
      strnum: 1.0.5
    dev: false

  /is-buffer@1.1.6:
    resolution: {integrity: sha512-NcdALwpXkTm5Zvvbk7owOUSvVvBKDgKP5/ewfXEznmQFfs4ZRmanOeKBTjRVjka3QFoN6XJ+9F3USqfHqTaU5w==}
    dev: false

  /md5@2.3.0:
    resolution: {integrity: sha512-T1GITYmFaKuO91vxyoQMFETst+O71VUPEU3ze5GNzDm0OWdP8v1ziTaAEPUr/3kLsY3Sftgz242A1SetQiDL7g==}
    dependencies:
      charenc: 0.0.2
      crypt: 0.0.2
      is-buffer: 1.1.6
    dev: false

  /mime@3.0.0:
    resolution: {integrity: sha512-jSCU7/VB1loIWBZe14aEYHU/+1UMEHoaO7qxCOVJOw9GgH72VAWppxNcjU+x9a2k3GSIBXNKxXQFqRvvZ7vr3A==}
    engines: {node: '>=10.0.0'}
    hasBin: true
    dev: false

  /strnum@1.0.5:
    resolution: {integrity: sha512-J8bbNyKKXl5qYcR36TIO8W3mVGVHrmmxsd5PAItGkmyzwJvybiw2IVq5nqd0i4LSNSkB/sx9VHllbfFdr9k1JA==}
    dev: false

  /tslib@1.14.1:
    resolution: {integrity: sha512-Xni35NKzjgMrwevysHTCArtLDpPvye8zV/0E4EyYn43P7/7qvQwPh9BGkHewbMulVntbigmcT7rdX3BNo9wRJg==}
    dev: false

  /tslib@2.6.0:
    resolution: {integrity: sha512-7At1WUettjcSRHXCyYtTselblcHl9PJFFVKiCAy/bY97+BPZXSQ2wbq0P9s8tK2G7dFQfNnlJnPAiArVBVBsfA==}
    dev: false

  /tunnel@0.0.6:
    resolution: {integrity: sha512-1h/Lnq9yajKY2PEbBadPXj3VxsDDu844OnaAo52UVmIzIvwwtBPIuNvkjuzBlTWpfJyUbG3ez0KSBibQkj4ojg==}
    engines: {node: '>=0.6.11 <=0.7.0 || >=0.7.3'}
    dev: false

  /typescript@5.0.4:
    resolution: {integrity: sha512-cW9T5W9xY37cc+jfEnaUvX91foxtHkza3Nw3wkoF4sSlKn0MONdkdEndig/qPBWXNkmplh3NzayQzCiHM4/hqw==}
    engines: {node: '>=12.20'}
    hasBin: true
    dev: true

  /uuid@8.3.2:
    resolution: {integrity: sha512-+NYs2QeMWy+GWFOEm9xnn6HCDp0l7QBD7ml8zLUmJ+93Q5NF0NocErnwkTkXVFNiX3/fpC6afS8Dhb/gz7R7eg==}
    hasBin: true
    dev: false
